// !$*UTF8*$!
{
	archiveVersion = 1;
	classes = {
	};
	objectVersion = 46;
	objects = {

/* Begin PBXBuildFile section */
		77E37A1E1BF35A04003E2F44 /* Main.storyboard in Resources */ = {isa = PBXBuildFile; fileRef = 77E37A1C1BF35A04003E2F44 /* Main.storyboard */; };
		77E37A201BF35A04003E2F44 /* Assets.xcassets in Resources */ = {isa = PBXBuildFile; fileRef = 77E37A1F1BF35A04003E2F44 /* Assets.xcassets */; };
		77E37A231BF35A04003E2F44 /* LaunchScreen.storyboard in Resources */ = {isa = PBXBuildFile; fileRef = 77E37A211BF35A04003E2F44 /* LaunchScreen.storyboard */; };
		77E37A2E1BF35A04003E2F44 /* ____Tests.swift in Sources */ = {isa = PBXBuildFile; fileRef = 77E37A2D1BF35A04003E2F44 /* ____Tests.swift */; };
		77E37A391BF35A04003E2F44 /* ____UITests.swift in Sources */ = {isa = PBXBuildFile; fileRef = 77E37A381BF35A04003E2F44 /* ____UITests.swift */; };
		77E37A4B1BF35CC4003E2F44 /* News.storyboard in Resources */ = {isa = PBXBuildFile; fileRef = 77E37A491BF35CC4003E2F44 /* News.storyboard */; settings = {ASSET_TAGS = (); }; };
		77E37A4E1BF35D50003E2F44 /* Read.storyboard in Resources */ = {isa = PBXBuildFile; fileRef = 77E37A4C1BF35D50003E2F44 /* Read.storyboard */; settings = {ASSET_TAGS = (); }; };
		77E37A511BF35DC5003E2F44 /* Media.storyboard in Resources */ = {isa = PBXBuildFile; fileRef = 77E37A4F1BF35DC5003E2F44 /* Media.storyboard */; settings = {ASSET_TAGS = (); }; };
		77E37A541BF35DFC003E2F44 /* Discover.storyboard in Resources */ = {isa = PBXBuildFile; fileRef = 77E37A521BF35DFC003E2F44 /* Discover.storyboard */; settings = {ASSET_TAGS = (); }; };
		77E37A571BF35E2C003E2F44 /* Me.storyboard in Resources */ = {isa = PBXBuildFile; fileRef = 77E37A551BF35E2C003E2F44 /* Me.storyboard */; settings = {ASSET_TAGS = (); }; };
		77E37A671BF361DB003E2F44 /* AppDelegate.swift in Sources */ = {isa = PBXBuildFile; fileRef = 77E37A5C1BF361DB003E2F44 /* AppDelegate.swift */; settings = {ASSET_TAGS = (); }; };
		77E37A691BF3650C003E2F44 /* TabBarExtension.swift in Sources */ = {isa = PBXBuildFile; fileRef = 77E37A681BF3650C003E2F44 /* TabBarExtension.swift */; settings = {ASSET_TAGS = (); }; };
		77E37A6B1BF36B38003E2F44 /* NavgationBarExtension.swift in Sources */ = {isa = PBXBuildFile; fileRef = 77E37A6A1BF36B38003E2F44 /* NavgationBarExtension.swift */; settings = {ASSET_TAGS = (); }; };
/* End PBXBuildFile section */

/* Begin PBXContainerItemProxy section */
		77E37A2A1BF35A04003E2F44 /* PBXContainerItemProxy */ = {
			isa = PBXContainerItemProxy;
			containerPortal = 77E37A0D1BF35A04003E2F44 /* Project object */;
			proxyType = 1;
			remoteGlobalIDString = 77E37A141BF35A04003E2F44;
			remoteInfo = "网易新闻";
		};
		77E37A351BF35A04003E2F44 /* PBXContainerItemProxy */ = {
			isa = PBXContainerItemProxy;
			containerPortal = 77E37A0D1BF35A04003E2F44 /* Project object */;
			proxyType = 1;
			remoteGlobalIDString = 77E37A141BF35A04003E2F44;
			remoteInfo = "网易新闻";
		};
/* End PBXContainerItemProxy section */

/* Begin PBXFileReference section */
		77E37A151BF35A04003E2F44 /* 网易新闻.app */ = {isa = PBXFileReference; explicitFileType = wrapper.application; includeInIndex = 0; path = "网易新闻.app"; sourceTree = BUILT_PRODUCTS_DIR; };
		77E37A1D1BF35A04003E2F44 /* Base */ = {isa = PBXFileReference; lastKnownFileType = file.storyboard; name = Base; path = Base.lproj/Main.storyboard; sourceTree = "<group>"; };
		77E37A1F1BF35A04003E2F44 /* Assets.xcassets */ = {isa = PBXFileReference; lastKnownFileType = folder.assetcatalog; path = Assets.xcassets; sourceTree = "<group>"; };
		77E37A221BF35A04003E2F44 /* Base */ = {isa = PBXFileReference; lastKnownFileType = file.storyboard; name = Base; path = Base.lproj/LaunchScreen.storyboard; sourceTree = "<group>"; };
		77E37A241BF35A04003E2F44 /* Info.plist */ = {isa = PBXFileReference; lastKnownFileType = text.plist.xml; path = Info.plist; sourceTree = "<group>"; };
		77E37A291BF35A04003E2F44 /* 网易新闻Tests.xctest */ = {isa = PBXFileReference; explicitFileType = wrapper.cfbundle; includeInIndex = 0; path = "网易新闻Tests.xctest"; sourceTree = BUILT_PRODUCTS_DIR; };
		77E37A2D1BF35A04003E2F44 /* ____Tests.swift */ = {isa = PBXFileReference; lastKnownFileType = sourcecode.swift; path = "____Tests.swift"; sourceTree = "<group>"; };
		77E37A2F1BF35A04003E2F44 /* Info.plist */ = {isa = PBXFileReference; lastKnownFileType = text.plist.xml; path = Info.plist; sourceTree = "<group>"; };
		77E37A341BF35A04003E2F44 /* 网易新闻UITests.xctest */ = {isa = PBXFileReference; explicitFileType = wrapper.cfbundle; includeInIndex = 0; path = "网易新闻UITests.xctest"; sourceTree = BUILT_PRODUCTS_DIR; };
		77E37A381BF35A04003E2F44 /* ____UITests.swift */ = {isa = PBXFileReference; lastKnownFileType = sourcecode.swift; path = "____UITests.swift"; sourceTree = "<group>"; };
		77E37A3A1BF35A04003E2F44 /* Info.plist */ = {isa = PBXFileReference; lastKnownFileType = text.plist.xml; path = Info.plist; sourceTree = "<group>"; };
		77E37A4A1BF35CC4003E2F44 /* Base */ = {isa = PBXFileReference; lastKnownFileType = file.storyboard; name = Base; path = Base.lproj/News.storyboard; sourceTree = "<group>"; };
		77E37A4D1BF35D50003E2F44 /* Base */ = {isa = PBXFileReference; lastKnownFileType = file.storyboard; name = Base; path = Base.lproj/Read.storyboard; sourceTree = "<group>"; };
		77E37A501BF35DC5003E2F44 /* Base */ = {isa = PBXFileReference; lastKnownFileType = file.storyboard; name = Base; path = Base.lproj/Media.storyboard; sourceTree = "<group>"; };
		77E37A531BF35DFC003E2F44 /* Base */ = {isa = PBXFileReference; lastKnownFileType = file.storyboard; name = Base; path = Base.lproj/Discover.storyboard; sourceTree = "<group>"; };
		77E37A561BF35E2C003E2F44 /* Base */ = {isa = PBXFileReference; lastKnownFileType = file.storyboard; name = Base; path = Base.lproj/Me.storyboard; sourceTree = "<group>"; };
		77E37A5C1BF361DB003E2F44 /* AppDelegate.swift */ = {isa = PBXFileReference; fileEncoding = 4; lastKnownFileType = sourcecode.swift; path = AppDelegate.swift; sourceTree = "<group>"; };
		77E37A681BF3650C003E2F44 /* TabBarExtension.swift */ = {isa = PBXFileReference; fileEncoding = 4; lastKnownFileType = sourcecode.swift; path = TabBarExtension.swift; sourceTree = "<group>"; };
		77E37A6A1BF36B38003E2F44 /* NavgationBarExtension.swift */ = {isa = PBXFileReference; fileEncoding = 4; lastKnownFileType = sourcecode.swift; path = NavgationBarExtension.swift; sourceTree = "<group>"; };
/* End PBXFileReference section */

/* Begin PBXFrameworksBuildPhase section */
		77E37A121BF35A04003E2F44 /* Frameworks */ = {
			isa = PBXFrameworksBuildPhase;
			buildActionMask = 2147483647;
			files = (
			);
			runOnlyForDeploymentPostprocessing = 0;
		};
		77E37A261BF35A04003E2F44 /* Frameworks */ = {
			isa = PBXFrameworksBuildPhase;
			buildActionMask = 2147483647;
			files = (
			);
			runOnlyForDeploymentPostprocessing = 0;
		};
		77E37A311BF35A04003E2F44 /* Frameworks */ = {
			isa = PBXFrameworksBuildPhase;
			buildActionMask = 2147483647;
			files = (
			);
			runOnlyForDeploymentPostprocessing = 0;
		};
/* End PBXFrameworksBuildPhase section */

/* Begin PBXGroup section */
		77E37A0C1BF35A04003E2F44 = {
			isa = PBXGroup;
			children = (
				77E37A171BF35A04003E2F44 /* 网易新闻 */,
				77E37A2C1BF35A04003E2F44 /* 网易新闻Tests */,
				77E37A371BF35A04003E2F44 /* 网易新闻UITests */,
				77E37A161BF35A04003E2F44 /* Products */,
			);
			sourceTree = "<group>";
		};
		77E37A161BF35A04003E2F44 /* Products */ = {
			isa = PBXGroup;
			children = (
				77E37A151BF35A04003E2F44 /* 网易新闻.app */,
				77E37A291BF35A04003E2F44 /* 网易新闻Tests.xctest */,
				77E37A341BF35A04003E2F44 /* 网易新闻UITests.xctest */,
			);
			name = Products;
			sourceTree = "<group>";
		};
		77E37A171BF35A04003E2F44 /* 网易新闻 */ = {
			isa = PBXGroup;
			children = (
				77E37A581BF361DB003E2F44 /* Classes */,
				77E37A1F1BF35A04003E2F44 /* Assets.xcassets */,
				77E37A211BF35A04003E2F44 /* LaunchScreen.storyboard */,
				77E37A241BF35A04003E2F44 /* Info.plist */,
			);
			path = "网易新闻";
			sourceTree = "<group>";
		};
		77E37A2C1BF35A04003E2F44 /* 网易新闻Tests */ = {
			isa = PBXGroup;
			children = (
				77E37A2D1BF35A04003E2F44 /* ____Tests.swift */,
				77E37A2F1BF35A04003E2F44 /* Info.plist */,
			);
			path = "网易新闻Tests";
			sourceTree = "<group>";
		};
		77E37A371BF35A04003E2F44 /* 网易新闻UITests */ = {
			isa = PBXGroup;
			children = (
				77E37A381BF35A04003E2F44 /* ____UITests.swift */,
				77E37A3A1BF35A04003E2F44 /* Info.plist */,
			);
			path = "网易新闻UITests";
			sourceTree = "<group>";
		};
		77E37A581BF361DB003E2F44 /* Classes */ = {
			isa = PBXGroup;
			children = (
				77E37A591BF361DB003E2F44 /* Common */,
				77E37A5D1BF361DB003E2F44 /* Discover */,
				77E37A5F1BF361DB003E2F44 /* Me */,
				77E37A611BF361DB003E2F44 /* Media */,
				77E37A631BF361DB003E2F44 /* News */,
				77E37A651BF361DB003E2F44 /* Read */,
			);
			path = Classes;
			sourceTree = "<group>";
		};
		77E37A591BF361DB003E2F44 /* Common */ = {
			isa = PBXGroup;
			children = (
				77E37A1C1BF35A04003E2F44 /* Main.storyboard */,
				77E37A5A1BF361DB003E2F44 /* Controller */,
				77E37A5B1BF361DB003E2F44 /* Other */,
			);
			path = Common;
			sourceTree = "<group>";
		};
		77E37A5A1BF361DB003E2F44 /* Controller */ = {
			isa = PBXGroup;
			children = (
				77E37A681BF3650C003E2F44 /* TabBarExtension.swift */,
				77E37A6A1BF36B38003E2F44 /* NavgationBarExtension.swift */,
			);
			path = Controller;
			sourceTree = "<group>";
		};
		77E37A5B1BF361DB003E2F44 /* Other */ = {
			isa = PBXGroup;
			children = (
				77E37A5C1BF361DB003E2F44 /* AppDelegate.swift */,
			);
			path = Other;
			sourceTree = "<group>";
		};
		77E37A5D1BF361DB003E2F44 /* Discover */ = {
			isa = PBXGroup;
			children = (
				77E37A521BF35DFC003E2F44 /* Discover.storyboard */,
				77E37A5E1BF361DB003E2F44 /* Controller */,
			);
			path = Discover;
			sourceTree = "<group>";
		};
		77E37A5E1BF361DB003E2F44 /* Controller */ = {
			isa = PBXGroup;
			children = (
			);
			path = Controller;
			sourceTree = "<group>";
		};
		77E37A5F1BF361DB003E2F44 /* Me */ = {
			isa = PBXGroup;
			children = (
				77E37A551BF35E2C003E2F44 /* Me.storyboard */,
				77E37A601BF361DB003E2F44 /* Controller */,
			);
			path = Me;
			sourceTree = "<group>";
		};
		77E37A601BF361DB003E2F44 /* Controller */ = {
			isa = PBXGroup;
			children = (
			);
			path = Controller;
			sourceTree = "<group>";
		};
		77E37A611BF361DB003E2F44 /* Media */ = {
			isa = PBXGroup;
			children = (
				77E37A4F1BF35DC5003E2F44 /* Media.storyboard */,
				77E37A621BF361DB003E2F44 /* Controller */,
			);
			path = Media;
			sourceTree = "<group>";
		};
		77E37A621BF361DB003E2F44 /* Controller */ = {
			isa = PBXGroup;
			children = (
			);
			path = Controller;
			sourceTree = "<group>";
		};
		77E37A631BF361DB003E2F44 /* News */ = {
			isa = PBXGroup;
			children = (
				77E37A491BF35CC4003E2F44 /* News.storyboard */,
				77E37A641BF361DB003E2F44 /* Controller */,
			);
			path = News;
			sourceTree = "<group>";
		};
		77E37A641BF361DB003E2F44 /* Controller */ = {
			isa = PBXGroup;
			children = (
			);
			path = Controller;
			sourceTree = "<group>";
		};
		77E37A651BF361DB003E2F44 /* Read */ = {
			isa = PBXGroup;
			children = (
				77E37A4C1BF35D50003E2F44 /* Read.storyboard */,
				77E37A661BF361DB003E2F44 /* Controller */,
			);
			path = Read;
			sourceTree = "<group>";
		};
		77E37A661BF361DB003E2F44 /* Controller */ = {
			isa = PBXGroup;
			children = (
			);
			path = Controller;
			sourceTree = "<group>";
		};
/* End PBXGroup section */

/* Begin PBXNativeTarget section */
		77E37A141BF35A04003E2F44 /* 网易新闻 */ = {
			isa = PBXNativeTarget;
			buildConfigurationList = 77E37A3D1BF35A04003E2F44 /* Build configuration list for PBXNativeTarget "网易新闻" */;
			buildPhases = (
				77E37A111BF35A04003E2F44 /* Sources */,
				77E37A121BF35A04003E2F44 /* Frameworks */,
				77E37A131BF35A04003E2F44 /* Resources */,
			);
			buildRules = (
			);
			dependencies = (
			);
			name = "网易新闻";
			productName = "网易新闻";
			productReference = 77E37A151BF35A04003E2F44 /* 网易新闻.app */;
			productType = "com.apple.product-type.application";
		};
		77E37A281BF35A04003E2F44 /* 网易新闻Tests */ = {
			isa = PBXNativeTarget;
			buildConfigurationList = 77E37A401BF35A04003E2F44 /* Build configuration list for PBXNativeTarget "网易新闻Tests" */;
			buildPhases = (
				77E37A251BF35A04003E2F44 /* Sources */,
				77E37A261BF35A04003E2F44 /* Frameworks */,
				77E37A271BF35A04003E2F44 /* Resources */,
			);
			buildRules = (
			);
			dependencies = (
				77E37A2B1BF35A04003E2F44 /* PBXTargetDependency */,
			);
			name = "网易新闻Tests";
			productName = "网易新闻Tests";
			productReference = 77E37A291BF35A04003E2F44 /* 网易新闻Tests.xctest */;
			productType = "com.apple.product-type.bundle.unit-test";
		};
		77E37A331BF35A04003E2F44 /* 网易新闻UITests */ = {
			isa = PBXNativeTarget;
			buildConfigurationList = 77E37A431BF35A04003E2F44 /* Build configuration list for PBXNativeTarget "网易新闻UITests" */;
			buildPhases = (
				77E37A301BF35A04003E2F44 /* Sources */,
				77E37A311BF35A04003E2F44 /* Frameworks */,
				77E37A321BF35A04003E2F44 /* Resources */,
			);
			buildRules = (
			);
			dependencies = (
				77E37A361BF35A04003E2F44 /* PBXTargetDependency */,
			);
			name = "网易新闻UITests";
			productName = "网易新闻UITests";
			productReference = 77E37A341BF35A04003E2F44 /* 网易新闻UITests.xctest */;
			productType = "com.apple.product-type.bundle.ui-testing";
		};
/* End PBXNativeTarget section */

/* Begin PBXProject section */
		77E37A0D1BF35A04003E2F44 /* Project object */ = {
			isa = PBXProject;
			attributes = {
				LastUpgradeCheck = 0700;
				ORGANIZATIONNAME = wl;
				TargetAttributes = {
					77E37A141BF35A04003E2F44 = {
						CreatedOnToolsVersion = 7.0.1;
						DevelopmentTeam = NLUGDBP35M;
					};
					77E37A281BF35A04003E2F44 = {
						CreatedOnToolsVersion = 7.0.1;
						DevelopmentTeam = NLUGDBP35M;
						TestTargetID = 77E37A141BF35A04003E2F44;
					};
					77E37A331BF35A04003E2F44 = {
						CreatedOnToolsVersion = 7.0.1;
						DevelopmentTeam = NLUGDBP35M;
						TestTargetID = 77E37A141BF35A04003E2F44;
					};
				};
			};
			buildConfigurationList = 77E37A101BF35A04003E2F44 /* Build configuration list for PBXProject "网易新闻" */;
			compatibilityVersion = "Xcode 3.2";
			developmentRegion = English;
			hasScannedForEncodings = 0;
			knownRegions = (
				en,
				Base,
			);
			mainGroup = 77E37A0C1BF35A04003E2F44;
			productRefGroup = 77E37A161BF35A04003E2F44 /* Products */;
			projectDirPath = "";
			projectRoot = "";
			targets = (
				77E37A141BF35A04003E2F44 /* 网易新闻 */,
				77E37A281BF35A04003E2F44 /* 网易新闻Tests */,
				77E37A331BF35A04003E2F44 /* 网易新闻UITests */,
			);
		};
/* End PBXProject section */

/* Begin PBXResourcesBuildPhase section */
		77E37A131BF35A04003E2F44 /* Resources */ = {
			isa = PBXResourcesBuildPhase;
			buildActionMask = 2147483647;
			files = (
				77E37A231BF35A04003E2F44 /* LaunchScreen.storyboard in Resources */,
				77E37A201BF35A04003E2F44 /* Assets.xcassets in Resources */,
				77E37A511BF35DC5003E2F44 /* Media.storyboard in Resources */,
				77E37A1E1BF35A04003E2F44 /* Main.storyboard in Resources */,
				77E37A4E1BF35D50003E2F44 /* Read.storyboard in Resources */,
				77E37A541BF35DFC003E2F44 /* Discover.storyboard in Resources */,
				77E37A571BF35E2C003E2F44 /* Me.storyboard in Resources */,
				77E37A4B1BF35CC4003E2F44 /* News.storyboard in Resources */,
			);
			runOnlyForDeploymentPostprocessing = 0;
		};
		77E37A271BF35A04003E2F44 /* Resources */ = {
			isa = PBXResourcesBuildPhase;
			buildActionMask = 2147483647;
			files = (
			);
			runOnlyForDeploymentPostprocessing = 0;
		};
		77E37A321BF35A04003E2F44 /* Resources */ = {
			isa = PBXResourcesBuildPhase;
			buildActionMask = 2147483647;
			files = (
			);
			runOnlyForDeploymentPostprocessing = 0;
		};
/* End PBXResourcesBuildPhase section */

/* Begin PBXSourcesBuildPhase section */
		77E37A111BF35A04003E2F44 /* Sources */ = {
			isa = PBXSourcesBuildPhase;
			buildActionMask = 2147483647;
			files = (
				77E37A671BF361DB003E2F44 /* AppDelegate.swift in Sources */,
				77E37A691BF3650C003E2F44 /* TabBarExtension.swift in Sources */,
				77E37A6B1BF36B38003E2F44 /* NavgationBarExtension.swift in Sources */,
			);
			runOnlyForDeploymentPostprocessing = 0;
		};
		77E37A251BF35A04003E2F44 /* Sources */ = {
			isa = PBXSourcesBuildPhase;
			buildActionMask = 2147483647;
			files = (
				77E37A2E1BF35A04003E2F44 /* ____Tests.swift in Sources */,
			);
			runOnlyForDeploymentPostprocessing = 0;
		};
		77E37A301BF35A04003E2F44 /* Sources */ = {
			isa = PBXSourcesBuildPhase;
			buildActionMask = 2147483647;
			files = (
				77E37A391BF35A04003E2F44 /* ____UITests.swift in Sources */,
			);
			runOnlyForDeploymentPostprocessing = 0;
		};
/* End PBXSourcesBuildPhase section */

/* Begin PBXTargetDependency section */
		77E37A2B1BF35A04003E2F44 /* PBXTargetDependency */ = {
			isa = PBXTargetDependency;
			target = 77E37A141BF35A04003E2F44 /* 网易新闻 */;
			targetProxy = 77E37A2A1BF35A04003E2F44 /* PBXContainerItemProxy */;
		};
		77E37A361BF35A04003E2F44 /* PBXTargetDependency */ = {
			isa = PBXTargetDependency;
			target = 77E37A141BF35A04003E2F44 /* 网易新闻 */;
			targetProxy = 77E37A351BF35A04003E2F44 /* PBXContainerItemProxy */;
		};
/* End PBXTargetDependency section */

/* Begin PBXVariantGroup section */
		77E37A1C1BF35A04003E2F44 /* Main.storyboard */ = {
			isa = PBXVariantGroup;
			children = (
				77E37A1D1BF35A04003E2F44 /* Base */,
			);
			name = Main.storyboard;
			path = ../..;
			sourceTree = "<group>";
		};
		77E37A211BF35A04003E2F44 /* LaunchScreen.storyboard */ = {
			isa = PBXVariantGroup;
			children = (
				77E37A221BF35A04003E2F44 /* Base */,
			);
			name = LaunchScreen.storyboard;
			sourceTree = "<group>";
		};
		77E37A491BF35CC4003E2F44 /* News.storyboard */ = {
			isa = PBXVariantGroup;
			children = (
				77E37A4A1BF35CC4003E2F44 /* Base */,
			);
			name = News.storyboard;
			path = ../..;
			sourceTree = "<group>";
		};
		77E37A4C1BF35D50003E2F44 /* Read.storyboard */ = {
			isa = PBXVariantGroup;
			children = (
				77E37A4D1BF35D50003E2F44 /* Base */,
			);
			name = Read.storyboard;
			path = ../..;
			sourceTree = "<group>";
		};
		77E37A4F1BF35DC5003E2F44 /* Media.storyboard */ = {
			isa = PBXVariantGroup;
			children = (
				77E37A501BF35DC5003E2F44 /* Base */,
			);
			name = Media.storyboard;
			path = ../..;
			sourceTree = "<group>";
		};
		77E37A521BF35DFC003E2F44 /* Discover.storyboard */ = {
			isa = PBXVariantGroup;
			children = (
				77E37A531BF35DFC003E2F44 /* Base */,
			);
			name = Discover.storyboard;
			path = ../..;
			sourceTree = "<group>";
		};
		77E37A551BF35E2C003E2F44 /* Me.storyboard */ = {
			isa = PBXVariantGroup;
			children = (
				77E37A561BF35E2C003E2F44 /* Base */,
			);
			name = Me.storyboard;
			path = ../..;
			sourceTree = "<group>";
		};
/* End PBXVariantGroup section */

/* Begin XCBuildConfiguration section */
		77E37A3B1BF35A04003E2F44 /* Debug */ = {
			isa = XCBuildConfiguration;
			buildSettings = {
				ALWAYS_SEARCH_USER_PATHS = NO;
				CLANG_CXX_LANGUAGE_STANDARD = "gnu++0x";
				CLANG_CXX_LIBRARY = "libc++";
				CLANG_ENABLE_MODULES = YES;
				CLANG_ENABLE_OBJC_ARC = YES;
				CLANG_WARN_BOOL_CONVERSION = YES;
				CLANG_WARN_CONSTANT_CONVERSION = YES;
				CLANG_WARN_DIRECT_OBJC_ISA_USAGE = YES_ERROR;
				CLANG_WARN_EMPTY_BODY = YES;
				CLANG_WARN_ENUM_CONVERSION = YES;
				CLANG_WARN_INT_CONVERSION = YES;
				CLANG_WARN_OBJC_ROOT_CLASS = YES_ERROR;
				CLANG_WARN_UNREACHABLE_CODE = YES;
				CLANG_WARN__DUPLICATE_METHOD_MATCH = YES;
				"CODE_SIGN_IDENTITY[sdk=iphoneos*]" = "iPhone Developer";
				COPY_PHASE_STRIP = NO;
				DEBUG_INFORMATION_FORMAT = dwarf;
				ENABLE_STRICT_OBJC_MSGSEND = YES;
				ENABLE_TESTABILITY = YES;
				GCC_C_LANGUAGE_STANDARD = gnu99;
				GCC_DYNAMIC_NO_PIC = NO;
				GCC_NO_COMMON_BLOCKS = YES;
				GCC_OPTIMIZATION_LEVEL = 0;
				GCC_PREPROCESSOR_DEFINITIONS = (
					"DEBUG=1",
					"$(inherited)",
				);
				GCC_WARN_64_TO_32_BIT_CONVERSION = YES;
				GCC_WARN_ABOUT_RETURN_TYPE = YES_ERROR;
				GCC_WARN_UNDECLARED_SELECTOR = YES;
				GCC_WARN_UNINITIALIZED_AUTOS = YES_AGGRESSIVE;
				GCC_WARN_UNUSED_FUNCTION = YES;
				GCC_WARN_UNUSED_VARIABLE = YES;
				IPHONEOS_DEPLOYMENT_TARGET = 9.0;
				MTL_ENABLE_DEBUG_INFO = YES;
				ONLY_ACTIVE_ARCH = YES;
				SDKROOT = iphoneos;
				SWIFT_OPTIMIZATION_LEVEL = "-Onone";
			};
			name = Debug;
		};
		77E37A3C1BF35A04003E2F44 /* Release */ = {
			isa = XCBuildConfiguration;
			buildSettings = {
				ALWAYS_SEARCH_USER_PATHS = NO;
				CLANG_CXX_LANGUAGE_STANDARD = "gnu++0x";
				CLANG_CXX_LIBRARY = "libc++";
				CLANG_ENABLE_MODULES = YES;
				CLANG_ENABLE_OBJC_ARC = YES;
				CLANG_WARN_BOOL_CONVERSION = YES;
				CLANG_WARN_CONSTANT_CONVERSION = YES;
				CLANG_WARN_DIRECT_OBJC_ISA_USAGE = YES_ERROR;
				CLANG_WARN_EMPTY_BODY = YES;
				CLANG_WARN_ENUM_CONVERSION = YES;
				CLANG_WARN_INT_CONVERSION = YES;
				CLANG_WARN_OBJC_ROOT_CLASS = YES_ERROR;
				CLANG_WARN_UNREACHABLE_CODE = YES;
				CLANG_WARN__DUPLICATE_METHOD_MATCH = YES;
				"CODE_SIGN_IDENTITY[sdk=iphoneos*]" = "iPhone Developer";
				COPY_PHASE_STRIP = NO;
				DEBUG_INFORMATION_FORMAT = "dwarf-with-dsym";
				ENABLE_NS_ASSERTIONS = NO;
				ENABLE_STRICT_OBJC_MSGSEND = YES;
				GCC_C_LANGUAGE_STANDARD = gnu99;
				GCC_NO_COMMON_BLOCKS = YES;
				GCC_WARN_64_TO_32_BIT_CONVERSION = YES;
				GCC_WARN_ABOUT_RETURN_TYPE = YES_ERROR;
				GCC_WARN_UNDECLARED_SELECTOR = YES;
				GCC_WARN_UNINITIALIZED_AUTOS = YES_AGGRESSIVE;
				GCC_WARN_UNUSED_FUNCTION = YES;
				GCC_WARN_UNUSED_VARIABLE = YES;
				IPHONEOS_DEPLOYMENT_TARGET = 9.0;
				MTL_ENABLE_DEBUG_INFO = NO;
				SDKROOT = iphoneos;
				VALIDATE_PRODUCT = YES;
			};
			name = Release;
		};
		77E37A3E1BF35A04003E2F44 /* Debug */ = {
			isa = XCBuildConfiguration;
			buildSettings = {
				ASSETCATALOG_COMPILER_APPICON_NAME = AppIcon;
				INFOPLIST_FILE = "网易新闻/Info.plist";
				LD_RUNPATH_SEARCH_PATHS = "$(inherited) @executable_path/Frameworks";
				PRODUCT_BUNDLE_IDENTIFIER = "lyedu.cn.----";
				PRODUCT_NAME = "$(TARGET_NAME)";
			};
			name = Debug;
		};
		77E37A3F1BF35A04003E2F44 /* Release */ = {
			isa = XCBuildConfiguration;
			buildSettings = {
				ASSETCATALOG_COMPILER_APPICON_NAME = AppIcon;
				INFOPLIST_FILE = "网易新闻/Info.plist";
				LD_RUNPATH_SEARCH_PATHS = "$(inherited) @executable_path/Frameworks";
				PRODUCT_BUNDLE_IDENTIFIER = "lyedu.cn.----";
				PRODUCT_NAME = "$(TARGET_NAME)";
			};
			name = Release;
		};
		77E37A411BF35A04003E2F44 /* Debug */ = {
			isa = XCBuildConfiguration;
			buildSettings = {
				BUNDLE_LOADER = "$(TEST_HOST)";
				INFOPLIST_FILE = "网易新闻Tests/Info.plist";
				LD_RUNPATH_SEARCH_PATHS = "$(inherited) @executable_path/Frameworks @loader_path/Frameworks";
				PRODUCT_BUNDLE_IDENTIFIER = "lyedu.cn.----Tests";
				PRODUCT_NAME = "$(TARGET_NAME)";
				TEST_HOST = "$(BUILT_PRODUCTS_DIR)/网易新闻.app/网易新闻";
			};
			name = Debug;
		};
		77E37A421BF35A04003E2F44 /* Release */ = {
			isa = XCBuildConfiguration;
			buildSettings = {
				BUNDLE_LOADER = "$(TEST_HOST)";
				INFOPLIST_FILE = "网易新闻Tests/Info.plist";
				LD_RUNPATH_SEARCH_PATHS = "$(inherited) @executable_path/Frameworks @loader_path/Frameworks";
				PRODUCT_BUNDLE_IDENTIFIER = "lyedu.cn.----Tests";
				PRODUCT_NAME = "$(TARGET_NAME)";
				TEST_HOST = "$(BUILT_PRODUCTS_DIR)/网易新闻.app/网易新闻";
			};
			name = Release;
		};
		77E37A441BF35A04003E2F44 /* Debug */ = {
			isa = XCBuildConfiguration;
			buildSettings = {
				INFOPLIST_FILE = "网易新闻UITests/Info.plist";
				LD_RUNPATH_SEARCH_PATHS = "$(inherited) @executable_path/Frameworks @loader_path/Frameworks";
				PRODUCT_BUNDLE_IDENTIFIER = "lyedu.cn.----UITests";
				PRODUCT_NAME = "$(TARGET_NAME)";
				TEST_TARGET_NAME = "网易新闻";
				USES_XCTRUNNER = YES;
			};
			name = Debug;
		};
		77E37A451BF35A04003E2F44 /* Release */ = {
			isa = XCBuildConfiguration;
			buildSettings = {
				INFOPLIST_FILE = "网易新闻UITests/Info.plist";
				LD_RUNPATH_SEARCH_PATHS = "$(inherited) @executable_path/Frameworks @loader_path/Frameworks";
				PRODUCT_BUNDLE_IDENTIFIER = "lyedu.cn.----UITests";
				PRODUCT_NAME = "$(TARGET_NAME)";
				TEST_TARGET_NAME = "网易新闻";
				USES_XCTRUNNER = YES;
			};
			name = Release;
		};
/* End XCBuildConfiguration section */

/* Begin XCConfigurationList section */
		77E37A101BF35A04003E2F44 /* Build configuration list for PBXProject "网易新闻" */ = {
			isa = XCConfigurationList;
			buildConfigurations = (
				77E37A3B1BF35A04003E2F44 /* Debug */,
				77E37A3C1BF35A04003E2F44 /* Release */,
			);
			defaultConfigurationIsVisible = 0;
			defaultConfigurationName = Release;
		};
		77E37A3D1BF35A04003E2F44 /* Build configuration list for PBXNativeTarget "网易新闻" */ = {
			isa = XCConfigurationList;
			buildConfigurations = (
				77E37A3E1BF35A04003E2F44 /* Debug */,
				77E37A3F1BF35A04003E2F44 /* Release */,
			);
			defaultConfigurationIsVisible = 0;
		};
		77E37A401BF35A04003E2F44 /* Build configuration list for PBXNativeTarget "网易新闻Tests" */ = {
			isa = XCConfigurationList;
			buildConfigurations = (
				77E37A411BF35A04003E2F44 /* Debug */,
				77E37A421BF35A04003E2F44 /* Release */,
			);
			defaultConfigurationIsVisible = 0;
		};
		77E37A431BF35A04003E2F44 /* Build configuration list for PBXNativeTarget "网易新闻UITests" */ = {
			isa = XCConfigurationList;
			buildConfigurations = (
				77E37A441BF35A04003E2F44 /* Debug */,
				77E37A451BF35A04003E2F44 /* Release */,
			);
			defaultConfigurationIsVisible = 0;
		};
/* End XCConfigurationList section */
	};
	rootObject = 77E37A0D1BF35A04003E2F44 /* Project object */;
}
