// !$*UTF8*$!
{
	archiveVersion = 1;
	classes = {
	};
	objectVersion = 46;
	objects = {

/* Begin PBXBuildFile section */
		771BDE2B1BF4CF2B00B38CE8 /* NewsListContorller.swift in Sources */ = {isa = PBXBuildFile; fileRef = 771BDE2A1BF4CF2B00B38CE8 /* NewsListContorller.swift */; settings = {ASSET_TAGS = (); }; };
		771DAF0E1BFDAC6600A65A22 /* SpecialNewsHeardView.swift in Sources */ = {isa = PBXBuildFile; fileRef = 771DAF0D1BFDAC6600A65A22 /* SpecialNewsHeardView.swift */; settings = {ASSET_TAGS = (); }; };
		771DAF111BFE01F500A65A22 /* CellProvider.swift in Sources */ = {isa = PBXBuildFile; fileRef = 771DAF101BFE01F500A65A22 /* CellProvider.swift */; settings = {ASSET_TAGS = (); }; };
		77501B3A1BF9EFEC001B8F28 /* DetaillNewsController.swift in Sources */ = {isa = PBXBuildFile; fileRef = 77501B391BF9EFEC001B8F28 /* DetaillNewsController.swift */; settings = {ASSET_TAGS = (); }; };
		77501B3C1BFA1968001B8F28 /* Details.css in Resources */ = {isa = PBXBuildFile; fileRef = 77501B3B1BFA1968001B8F28 /* Details.css */; settings = {ASSET_TAGS = (); }; };
		775CA4171BF7414900106851 /* ScrollPictureCell.swift in Sources */ = {isa = PBXBuildFile; fileRef = 775CA4161BF7414900106851 /* ScrollPictureCell.swift */; settings = {ASSET_TAGS = (); }; };
		775CA4201BF75D6500106851 /* NormalNewsCell.swift in Sources */ = {isa = PBXBuildFile; fileRef = 775CA41F1BF75D6500106851 /* NormalNewsCell.swift */; settings = {ASSET_TAGS = (); }; };
		775CA4221BF76DAA00106851 /* NewsCell.swift in Sources */ = {isa = PBXBuildFile; fileRef = 775CA4211BF76DAA00106851 /* NewsCell.swift */; settings = {ASSET_TAGS = (); }; };
		777C96361BF828B600519375 /* ThreePictureCell.swift in Sources */ = {isa = PBXBuildFile; fileRef = 777C96351BF828B600519375 /* ThreePictureCell.swift */; settings = {ASSET_TAGS = (); }; };
		777C96381BF85BC300519375 /* BigPictureCell.swift in Sources */ = {isa = PBXBuildFile; fileRef = 777C96371BF85BC300519375 /* BigPictureCell.swift */; settings = {ASSET_TAGS = (); }; };
		777C963A1BF8652000519375 /* TopBigPicture.swift in Sources */ = {isa = PBXBuildFile; fileRef = 777C96391BF8652000519375 /* TopBigPicture.swift */; settings = {ASSET_TAGS = (); }; };
		777C969C1BF89DCF00519375 /* MJRefreshAutoFooter.m in Sources */ = {isa = PBXBuildFile; fileRef = 777C96721BF89DCF00519375 /* MJRefreshAutoFooter.m */; settings = {ASSET_TAGS = (); }; };
		777C969D1BF89DCF00519375 /* MJRefreshBackFooter.m in Sources */ = {isa = PBXBuildFile; fileRef = 777C96741BF89DCF00519375 /* MJRefreshBackFooter.m */; settings = {ASSET_TAGS = (); }; };
		777C969E1BF89DCF00519375 /* MJRefreshComponent.m in Sources */ = {isa = PBXBuildFile; fileRef = 777C96761BF89DCF00519375 /* MJRefreshComponent.m */; settings = {ASSET_TAGS = (); }; };
		777C969F1BF89DCF00519375 /* MJRefreshFooter.m in Sources */ = {isa = PBXBuildFile; fileRef = 777C96781BF89DCF00519375 /* MJRefreshFooter.m */; settings = {ASSET_TAGS = (); }; };
		777C96A01BF89DCF00519375 /* MJRefreshHeader.m in Sources */ = {isa = PBXBuildFile; fileRef = 777C967A1BF89DCF00519375 /* MJRefreshHeader.m */; settings = {ASSET_TAGS = (); }; };
		777C96A11BF89DCF00519375 /* MJRefreshAutoGifFooter.m in Sources */ = {isa = PBXBuildFile; fileRef = 777C967F1BF89DCF00519375 /* MJRefreshAutoGifFooter.m */; settings = {ASSET_TAGS = (); }; };
		777C96A21BF89DCF00519375 /* MJRefreshAutoNormalFooter.m in Sources */ = {isa = PBXBuildFile; fileRef = 777C96811BF89DCF00519375 /* MJRefreshAutoNormalFooter.m */; settings = {ASSET_TAGS = (); }; };
		777C96A31BF89DCF00519375 /* MJRefreshAutoStateFooter.m in Sources */ = {isa = PBXBuildFile; fileRef = 777C96831BF89DCF00519375 /* MJRefreshAutoStateFooter.m */; settings = {ASSET_TAGS = (); }; };
		777C96A41BF89DCF00519375 /* MJRefreshBackGifFooter.m in Sources */ = {isa = PBXBuildFile; fileRef = 777C96861BF89DCF00519375 /* MJRefreshBackGifFooter.m */; settings = {ASSET_TAGS = (); }; };
		777C96A51BF89DCF00519375 /* MJRefreshBackNormalFooter.m in Sources */ = {isa = PBXBuildFile; fileRef = 777C96881BF89DCF00519375 /* MJRefreshBackNormalFooter.m */; settings = {ASSET_TAGS = (); }; };
		777C96A61BF89DCF00519375 /* MJRefreshBackStateFooter.m in Sources */ = {isa = PBXBuildFile; fileRef = 777C968A1BF89DCF00519375 /* MJRefreshBackStateFooter.m */; settings = {ASSET_TAGS = (); }; };
		777C96A71BF89DCF00519375 /* MJRefreshGifHeader.m in Sources */ = {isa = PBXBuildFile; fileRef = 777C968D1BF89DCF00519375 /* MJRefreshGifHeader.m */; settings = {ASSET_TAGS = (); }; };
		777C96A81BF89DCF00519375 /* MJRefreshNormalHeader.m in Sources */ = {isa = PBXBuildFile; fileRef = 777C968F1BF89DCF00519375 /* MJRefreshNormalHeader.m */; settings = {ASSET_TAGS = (); }; };
		777C96A91BF89DCF00519375 /* MJRefreshStateHeader.m in Sources */ = {isa = PBXBuildFile; fileRef = 777C96911BF89DCF00519375 /* MJRefreshStateHeader.m */; settings = {ASSET_TAGS = (); }; };
		777C96AA1BF89DCF00519375 /* MJRefresh.bundle in Resources */ = {isa = PBXBuildFile; fileRef = 777C96921BF89DCF00519375 /* MJRefresh.bundle */; settings = {ASSET_TAGS = (); }; };
		777C96AB1BF89DCF00519375 /* MJRefreshConst.m in Sources */ = {isa = PBXBuildFile; fileRef = 777C96951BF89DCF00519375 /* MJRefreshConst.m */; settings = {ASSET_TAGS = (); }; };
		777C96AC1BF89DCF00519375 /* UIScrollView+MJExtension.m in Sources */ = {isa = PBXBuildFile; fileRef = 777C96971BF89DCF00519375 /* UIScrollView+MJExtension.m */; settings = {ASSET_TAGS = (); }; };
		777C96AD1BF89DCF00519375 /* UIScrollView+MJRefresh.m in Sources */ = {isa = PBXBuildFile; fileRef = 777C96991BF89DCF00519375 /* UIScrollView+MJRefresh.m */; settings = {ASSET_TAGS = (); }; };
		777C96AE1BF89DCF00519375 /* UIView+MJExtension.m in Sources */ = {isa = PBXBuildFile; fileRef = 777C969B1BF89DCF00519375 /* UIView+MJExtension.m */; settings = {ASSET_TAGS = (); }; };
		778564E91BFB377C000E2495 /* DetailPictureView.swift in Sources */ = {isa = PBXBuildFile; fileRef = 778564E71BFB377C000E2495 /* DetailPictureView.swift */; settings = {ASSET_TAGS = (); }; };
		778564EA1BFB377C000E2495 /* DetailPictureView.xib in Resources */ = {isa = PBXBuildFile; fileRef = 778564E81BFB377C000E2495 /* DetailPictureView.xib */; settings = {ASSET_TAGS = (); }; };
		7785652D1BFB6F77000E2495 /* CyclePictureCell.swift in Sources */ = {isa = PBXBuildFile; fileRef = 7785652A1BFB6F77000E2495 /* CyclePictureCell.swift */; settings = {ASSET_TAGS = (); }; };
		7785652E1BFB6F77000E2495 /* CyclePictureView.swift in Sources */ = {isa = PBXBuildFile; fileRef = 7785652B1BFB6F77000E2495 /* CyclePictureView.swift */; settings = {ASSET_TAGS = (); }; };
		778565311BFB7325000E2495 /* AuxiliaryModels.swift in Sources */ = {isa = PBXBuildFile; fileRef = 778565301BFB7325000E2495 /* AuxiliaryModels.swift */; settings = {ASSET_TAGS = (); }; };
		77B78C251BFC230300FA7F69 /* NewsList.storyboard in Resources */ = {isa = PBXBuildFile; fileRef = 77B78C231BFC230300FA7F69 /* NewsList.storyboard */; settings = {ASSET_TAGS = (); }; };
		77B78C271BFC973000FA7F69 /* SpecialNewsCell.swift in Sources */ = {isa = PBXBuildFile; fileRef = 77B78C261BFC973000FA7F69 /* SpecialNewsCell.swift */; settings = {ASSET_TAGS = (); }; };
		77B78C291BFC992F00FA7F69 /* SpecialNewsController.swift in Sources */ = {isa = PBXBuildFile; fileRef = 77B78C281BFC992F00FA7F69 /* SpecialNewsController.swift */; settings = {ASSET_TAGS = (); }; };
		77C9E7421BFEC37900D62326 /* PictureNewsController.swift in Sources */ = {isa = PBXBuildFile; fileRef = 77C9E7411BFEC37900D62326 /* PictureNewsController.swift */; settings = {ASSET_TAGS = (); }; };
		77E37A1E1BF35A04003E2F44 /* Main.storyboard in Resources */ = {isa = PBXBuildFile; fileRef = 77E37A1C1BF35A04003E2F44 /* Main.storyboard */; };
		77E37A201BF35A04003E2F44 /* Assets.xcassets in Resources */ = {isa = PBXBuildFile; fileRef = 77E37A1F1BF35A04003E2F44 /* Assets.xcassets */; };
		77E37A231BF35A04003E2F44 /* LaunchScreen.storyboard in Resources */ = {isa = PBXBuildFile; fileRef = 77E37A211BF35A04003E2F44 /* LaunchScreen.storyboard */; };
		77E37A2E1BF35A04003E2F44 /* ____Tests.swift in Sources */ = {isa = PBXBuildFile; fileRef = 77E37A2D1BF35A04003E2F44 /* ____Tests.swift */; };
		77E37A391BF35A04003E2F44 /* ____UITests.swift in Sources */ = {isa = PBXBuildFile; fileRef = 77E37A381BF35A04003E2F44 /* ____UITests.swift */; };
		77E37A4B1BF35CC4003E2F44 /* News.storyboard in Resources */ = {isa = PBXBuildFile; fileRef = 77E37A491BF35CC4003E2F44 /* News.storyboard */; settings = {ASSET_TAGS = (); }; };
		77E37A4E1BF35D50003E2F44 /* Read.storyboard in Resources */ = {isa = PBXBuildFile; fileRef = 77E37A4C1BF35D50003E2F44 /* Read.storyboard */; settings = {ASSET_TAGS = (); }; };
		77E37A511BF35DC5003E2F44 /* Media.storyboard in Resources */ = {isa = PBXBuildFile; fileRef = 77E37A4F1BF35DC5003E2F44 /* Media.storyboard */; settings = {ASSET_TAGS = (); }; };
		77E37A541BF35DFC003E2F44 /* Discover.storyboard in Resources */ = {isa = PBXBuildFile; fileRef = 77E37A521BF35DFC003E2F44 /* Discover.storyboard */; settings = {ASSET_TAGS = (); }; };
		77E37A571BF35E2C003E2F44 /* Me.storyboard in Resources */ = {isa = PBXBuildFile; fileRef = 77E37A551BF35E2C003E2F44 /* Me.storyboard */; settings = {ASSET_TAGS = (); }; };
		77E37A671BF361DB003E2F44 /* AppDelegate.swift in Sources */ = {isa = PBXBuildFile; fileRef = 77E37A5C1BF361DB003E2F44 /* AppDelegate.swift */; settings = {ASSET_TAGS = (); }; };
		77E37A691BF3650C003E2F44 /* TabBarExtension.swift in Sources */ = {isa = PBXBuildFile; fileRef = 77E37A681BF3650C003E2F44 /* TabBarExtension.swift */; settings = {ASSET_TAGS = (); }; };
		77E37A6B1BF36B38003E2F44 /* NavgationBarExtension.swift in Sources */ = {isa = PBXBuildFile; fileRef = 77E37A6A1BF36B38003E2F44 /* NavgationBarExtension.swift */; settings = {ASSET_TAGS = (); }; };
		77E37A6F1BF3752E003E2F44 /* NewsController.swift in Sources */ = {isa = PBXBuildFile; fileRef = 77E37A6E1BF3752E003E2F44 /* NewsController.swift */; settings = {ASSET_TAGS = (); }; };
		77E37A7D1BF37DBA003E2F44 /* SecondLaunchView.xib in Resources */ = {isa = PBXBuildFile; fileRef = 77E37A7B1BF37DBA003E2F44 /* SecondLaunchView.xib */; settings = {ASSET_TAGS = (); }; };
		77E37A7E1BF37DBA003E2F44 /* SecondLaunchView.swift in Sources */ = {isa = PBXBuildFile; fileRef = 77E37A7C1BF37DBA003E2F44 /* SecondLaunchView.swift */; settings = {ASSET_TAGS = (); }; };
		77E37A861BF3835F003E2F44 /* DataTool.swift in Sources */ = {isa = PBXBuildFile; fileRef = 77E37A851BF3835F003E2F44 /* DataTool.swift */; settings = {ASSET_TAGS = (); }; };
		77F2C3E51BF482FA000BB753 /* channels.plist in Resources */ = {isa = PBXBuildFile; fileRef = 77F2C3E41BF482FA000BB753 /* channels.plist */; settings = {ASSET_TAGS = (); }; };
		77F2C3E81BF49141000BB753 /* NewsModels.swift in Sources */ = {isa = PBXBuildFile; fileRef = 77F2C3E71BF49141000BB753 /* NewsModels.swift */; settings = {ASSET_TAGS = (); }; };
		77F7E7A31BF57B7200DAA2F5 /* ChannelLabel.swift in Sources */ = {isa = PBXBuildFile; fileRef = 77F7E7A21BF57B7200DAA2F5 /* ChannelLabel.swift */; settings = {ASSET_TAGS = (); }; };
		77F7E7A51BF604BB00DAA2F5 /* NewsContainerView.swift in Sources */ = {isa = PBXBuildFile; fileRef = 77F7E7A41BF604BB00DAA2F5 /* NewsContainerView.swift */; settings = {ASSET_TAGS = (); }; };
		AB5C5665446058479C2675F9 /* Pods.framework in Frameworks */ = {isa = PBXBuildFile; fileRef = 46874A2F9A228B6B0ECF1983 /* Pods.framework */; };
/* End PBXBuildFile section */

/* Begin PBXContainerItemProxy section */
		77E37A2A1BF35A04003E2F44 /* PBXContainerItemProxy */ = {
			isa = PBXContainerItemProxy;
			containerPortal = 77E37A0D1BF35A04003E2F44 /* Project object */;
			proxyType = 1;
			remoteGlobalIDString = 77E37A141BF35A04003E2F44;
			remoteInfo = "网易新闻";
		};
		77E37A351BF35A04003E2F44 /* PBXContainerItemProxy */ = {
			isa = PBXContainerItemProxy;
			containerPortal = 77E37A0D1BF35A04003E2F44 /* Project object */;
			proxyType = 1;
			remoteGlobalIDString = 77E37A141BF35A04003E2F44;
			remoteInfo = "网易新闻";
		};
/* End PBXContainerItemProxy section */

/* Begin PBXFileReference section */
		46874A2F9A228B6B0ECF1983 /* Pods.framework */ = {isa = PBXFileReference; explicitFileType = wrapper.framework; includeInIndex = 0; path = Pods.framework; sourceTree = BUILT_PRODUCTS_DIR; };
		771BDE2A1BF4CF2B00B38CE8 /* NewsListContorller.swift */ = {isa = PBXFileReference; fileEncoding = 4; lastKnownFileType = sourcecode.swift; path = NewsListContorller.swift; sourceTree = "<group>"; };
		771DAF0D1BFDAC6600A65A22 /* SpecialNewsHeardView.swift */ = {isa = PBXFileReference; fileEncoding = 4; lastKnownFileType = sourcecode.swift; path = SpecialNewsHeardView.swift; sourceTree = "<group>"; };
		771DAF101BFE01F500A65A22 /* CellProvider.swift */ = {isa = PBXFileReference; fileEncoding = 4; lastKnownFileType = sourcecode.swift; path = CellProvider.swift; sourceTree = "<group>"; };
		77501B391BF9EFEC001B8F28 /* DetaillNewsController.swift */ = {isa = PBXFileReference; fileEncoding = 4; lastKnownFileType = sourcecode.swift; path = DetaillNewsController.swift; sourceTree = "<group>"; };
		77501B3B1BFA1968001B8F28 /* Details.css */ = {isa = PBXFileReference; fileEncoding = 4; lastKnownFileType = text.css; path = Details.css; sourceTree = "<group>"; };
		775C216BA8EC4AA967E13C66 /* Pods.debug.xcconfig */ = {isa = PBXFileReference; includeInIndex = 1; lastKnownFileType = text.xcconfig; name = Pods.debug.xcconfig; path = "Pods/Target Support Files/Pods/Pods.debug.xcconfig"; sourceTree = "<group>"; };
		775CA4161BF7414900106851 /* ScrollPictureCell.swift */ = {isa = PBXFileReference; fileEncoding = 4; lastKnownFileType = sourcecode.swift; path = ScrollPictureCell.swift; sourceTree = "<group>"; };
		775CA41F1BF75D6500106851 /* NormalNewsCell.swift */ = {isa = PBXFileReference; fileEncoding = 4; lastKnownFileType = sourcecode.swift; name = NormalNewsCell.swift; path = "网易新闻/Classes/News/View/NormalNewsCell.swift"; sourceTree = SOURCE_ROOT; };
		775CA4211BF76DAA00106851 /* NewsCell.swift */ = {isa = PBXFileReference; fileEncoding = 4; lastKnownFileType = sourcecode.swift; path = NewsCell.swift; sourceTree = "<group>"; };
		777C96351BF828B600519375 /* ThreePictureCell.swift */ = {isa = PBXFileReference; fileEncoding = 4; lastKnownFileType = sourcecode.swift; path = ThreePictureCell.swift; sourceTree = "<group>"; };
		777C96371BF85BC300519375 /* BigPictureCell.swift */ = {isa = PBXFileReference; fileEncoding = 4; lastKnownFileType = sourcecode.swift; path = BigPictureCell.swift; sourceTree = "<group>"; };
		777C96391BF8652000519375 /* TopBigPicture.swift */ = {isa = PBXFileReference; fileEncoding = 4; lastKnownFileType = sourcecode.swift; path = TopBigPicture.swift; sourceTree = "<group>"; };
		777C963C1BF86EFF00519375 /* 网易新闻-Bridging-Header.h */ = {isa = PBXFileReference; lastKnownFileType = sourcecode.c.h; path = "网易新闻-Bridging-Header.h"; sourceTree = "<group>"; };
		777C96711BF89DCF00519375 /* MJRefreshAutoFooter.h */ = {isa = PBXFileReference; fileEncoding = 4; lastKnownFileType = sourcecode.c.h; path = MJRefreshAutoFooter.h; sourceTree = "<group>"; };
		777C96721BF89DCF00519375 /* MJRefreshAutoFooter.m */ = {isa = PBXFileReference; fileEncoding = 4; lastKnownFileType = sourcecode.c.objc; path = MJRefreshAutoFooter.m; sourceTree = "<group>"; };
		777C96731BF89DCF00519375 /* MJRefreshBackFooter.h */ = {isa = PBXFileReference; fileEncoding = 4; lastKnownFileType = sourcecode.c.h; path = MJRefreshBackFooter.h; sourceTree = "<group>"; };
		777C96741BF89DCF00519375 /* MJRefreshBackFooter.m */ = {isa = PBXFileReference; fileEncoding = 4; lastKnownFileType = sourcecode.c.objc; path = MJRefreshBackFooter.m; sourceTree = "<group>"; };
		777C96751BF89DCF00519375 /* MJRefreshComponent.h */ = {isa = PBXFileReference; fileEncoding = 4; lastKnownFileType = sourcecode.c.h; path = MJRefreshComponent.h; sourceTree = "<group>"; };
		777C96761BF89DCF00519375 /* MJRefreshComponent.m */ = {isa = PBXFileReference; fileEncoding = 4; lastKnownFileType = sourcecode.c.objc; path = MJRefreshComponent.m; sourceTree = "<group>"; };
		777C96771BF89DCF00519375 /* MJRefreshFooter.h */ = {isa = PBXFileReference; fileEncoding = 4; lastKnownFileType = sourcecode.c.h; path = MJRefreshFooter.h; sourceTree = "<group>"; };
		777C96781BF89DCF00519375 /* MJRefreshFooter.m */ = {isa = PBXFileReference; fileEncoding = 4; lastKnownFileType = sourcecode.c.objc; path = MJRefreshFooter.m; sourceTree = "<group>"; };
		777C96791BF89DCF00519375 /* MJRefreshHeader.h */ = {isa = PBXFileReference; fileEncoding = 4; lastKnownFileType = sourcecode.c.h; path = MJRefreshHeader.h; sourceTree = "<group>"; };
		777C967A1BF89DCF00519375 /* MJRefreshHeader.m */ = {isa = PBXFileReference; fileEncoding = 4; lastKnownFileType = sourcecode.c.objc; path = MJRefreshHeader.m; sourceTree = "<group>"; };
		777C967E1BF89DCF00519375 /* MJRefreshAutoGifFooter.h */ = {isa = PBXFileReference; fileEncoding = 4; lastKnownFileType = sourcecode.c.h; path = MJRefreshAutoGifFooter.h; sourceTree = "<group>"; };
		777C967F1BF89DCF00519375 /* MJRefreshAutoGifFooter.m */ = {isa = PBXFileReference; fileEncoding = 4; lastKnownFileType = sourcecode.c.objc; path = MJRefreshAutoGifFooter.m; sourceTree = "<group>"; };
		777C96801BF89DCF00519375 /* MJRefreshAutoNormalFooter.h */ = {isa = PBXFileReference; fileEncoding = 4; lastKnownFileType = sourcecode.c.h; path = MJRefreshAutoNormalFooter.h; sourceTree = "<group>"; };
		777C96811BF89DCF00519375 /* MJRefreshAutoNormalFooter.m */ = {isa = PBXFileReference; fileEncoding = 4; lastKnownFileType = sourcecode.c.objc; path = MJRefreshAutoNormalFooter.m; sourceTree = "<group>"; };
		777C96821BF89DCF00519375 /* MJRefreshAutoStateFooter.h */ = {isa = PBXFileReference; fileEncoding = 4; lastKnownFileType = sourcecode.c.h; path = MJRefreshAutoStateFooter.h; sourceTree = "<group>"; };
		777C96831BF89DCF00519375 /* MJRefreshAutoStateFooter.m */ = {isa = PBXFileReference; fileEncoding = 4; lastKnownFileType = sourcecode.c.objc; path = MJRefreshAutoStateFooter.m; sourceTree = "<group>"; };
		777C96851BF89DCF00519375 /* MJRefreshBackGifFooter.h */ = {isa = PBXFileReference; fileEncoding = 4; lastKnownFileType = sourcecode.c.h; path = MJRefreshBackGifFooter.h; sourceTree = "<group>"; };
		777C96861BF89DCF00519375 /* MJRefreshBackGifFooter.m */ = {isa = PBXFileReference; fileEncoding = 4; lastKnownFileType = sourcecode.c.objc; path = MJRefreshBackGifFooter.m; sourceTree = "<group>"; };
		777C96871BF89DCF00519375 /* MJRefreshBackNormalFooter.h */ = {isa = PBXFileReference; fileEncoding = 4; lastKnownFileType = sourcecode.c.h; path = MJRefreshBackNormalFooter.h; sourceTree = "<group>"; };
		777C96881BF89DCF00519375 /* MJRefreshBackNormalFooter.m */ = {isa = PBXFileReference; fileEncoding = 4; lastKnownFileType = sourcecode.c.objc; path = MJRefreshBackNormalFooter.m; sourceTree = "<group>"; };
		777C96891BF89DCF00519375 /* MJRefreshBackStateFooter.h */ = {isa = PBXFileReference; fileEncoding = 4; lastKnownFileType = sourcecode.c.h; path = MJRefreshBackStateFooter.h; sourceTree = "<group>"; };
		777C968A1BF89DCF00519375 /* MJRefreshBackStateFooter.m */ = {isa = PBXFileReference; fileEncoding = 4; lastKnownFileType = sourcecode.c.objc; path = MJRefreshBackStateFooter.m; sourceTree = "<group>"; };
		777C968C1BF89DCF00519375 /* MJRefreshGifHeader.h */ = {isa = PBXFileReference; fileEncoding = 4; lastKnownFileType = sourcecode.c.h; path = MJRefreshGifHeader.h; sourceTree = "<group>"; };
		777C968D1BF89DCF00519375 /* MJRefreshGifHeader.m */ = {isa = PBXFileReference; fileEncoding = 4; lastKnownFileType = sourcecode.c.objc; path = MJRefreshGifHeader.m; sourceTree = "<group>"; };
		777C968E1BF89DCF00519375 /* MJRefreshNormalHeader.h */ = {isa = PBXFileReference; fileEncoding = 4; lastKnownFileType = sourcecode.c.h; path = MJRefreshNormalHeader.h; sourceTree = "<group>"; };
		777C968F1BF89DCF00519375 /* MJRefreshNormalHeader.m */ = {isa = PBXFileReference; fileEncoding = 4; lastKnownFileType = sourcecode.c.objc; path = MJRefreshNormalHeader.m; sourceTree = "<group>"; };
		777C96901BF89DCF00519375 /* MJRefreshStateHeader.h */ = {isa = PBXFileReference; fileEncoding = 4; lastKnownFileType = sourcecode.c.h; path = MJRefreshStateHeader.h; sourceTree = "<group>"; };
		777C96911BF89DCF00519375 /* MJRefreshStateHeader.m */ = {isa = PBXFileReference; fileEncoding = 4; lastKnownFileType = sourcecode.c.objc; path = MJRefreshStateHeader.m; sourceTree = "<group>"; };
		777C96921BF89DCF00519375 /* MJRefresh.bundle */ = {isa = PBXFileReference; lastKnownFileType = "wrapper.plug-in"; path = MJRefresh.bundle; sourceTree = "<group>"; };
		777C96931BF89DCF00519375 /* MJRefresh.h */ = {isa = PBXFileReference; fileEncoding = 4; lastKnownFileType = sourcecode.c.h; path = MJRefresh.h; sourceTree = "<group>"; };
		777C96941BF89DCF00519375 /* MJRefreshConst.h */ = {isa = PBXFileReference; fileEncoding = 4; lastKnownFileType = sourcecode.c.h; path = MJRefreshConst.h; sourceTree = "<group>"; };
		777C96951BF89DCF00519375 /* MJRefreshConst.m */ = {isa = PBXFileReference; fileEncoding = 4; lastKnownFileType = sourcecode.c.objc; path = MJRefreshConst.m; sourceTree = "<group>"; };
		777C96961BF89DCF00519375 /* UIScrollView+MJExtension.h */ = {isa = PBXFileReference; fileEncoding = 4; lastKnownFileType = sourcecode.c.h; path = "UIScrollView+MJExtension.h"; sourceTree = "<group>"; };
		777C96971BF89DCF00519375 /* UIScrollView+MJExtension.m */ = {isa = PBXFileReference; fileEncoding = 4; lastKnownFileType = sourcecode.c.objc; path = "UIScrollView+MJExtension.m"; sourceTree = "<group>"; };
		777C96981BF89DCF00519375 /* UIScrollView+MJRefresh.h */ = {isa = PBXFileReference; fileEncoding = 4; lastKnownFileType = sourcecode.c.h; path = "UIScrollView+MJRefresh.h"; sourceTree = "<group>"; };
		777C96991BF89DCF00519375 /* UIScrollView+MJRefresh.m */ = {isa = PBXFileReference; fileEncoding = 4; lastKnownFileType = sourcecode.c.objc; path = "UIScrollView+MJRefresh.m"; sourceTree = "<group>"; };
		777C969A1BF89DCF00519375 /* UIView+MJExtension.h */ = {isa = PBXFileReference; fileEncoding = 4; lastKnownFileType = sourcecode.c.h; path = "UIView+MJExtension.h"; sourceTree = "<group>"; };
		777C969B1BF89DCF00519375 /* UIView+MJExtension.m */ = {isa = PBXFileReference; fileEncoding = 4; lastKnownFileType = sourcecode.c.objc; path = "UIView+MJExtension.m"; sourceTree = "<group>"; };
		778564E71BFB377C000E2495 /* DetailPictureView.swift */ = {isa = PBXFileReference; fileEncoding = 4; lastKnownFileType = sourcecode.swift; path = DetailPictureView.swift; sourceTree = "<group>"; };
		778564E81BFB377C000E2495 /* DetailPictureView.xib */ = {isa = PBXFileReference; fileEncoding = 4; lastKnownFileType = file.xib; path = DetailPictureView.xib; sourceTree = "<group>"; };
		7785652A1BFB6F77000E2495 /* CyclePictureCell.swift */ = {isa = PBXFileReference; fileEncoding = 4; lastKnownFileType = sourcecode.swift; path = CyclePictureCell.swift; sourceTree = "<group>"; };
		7785652B1BFB6F77000E2495 /* CyclePictureView.swift */ = {isa = PBXFileReference; fileEncoding = 4; lastKnownFileType = sourcecode.swift; path = CyclePictureView.swift; sourceTree = "<group>"; };
		778565301BFB7325000E2495 /* AuxiliaryModels.swift */ = {isa = PBXFileReference; fileEncoding = 4; lastKnownFileType = sourcecode.swift; path = AuxiliaryModels.swift; sourceTree = "<group>"; };
		77B78C241BFC230300FA7F69 /* Base */ = {isa = PBXFileReference; lastKnownFileType = file.storyboard; name = Base; path = "网易新闻/Base.lproj/NewsList.storyboard"; sourceTree = SOURCE_ROOT; };
		77B78C261BFC973000FA7F69 /* SpecialNewsCell.swift */ = {isa = PBXFileReference; fileEncoding = 4; lastKnownFileType = sourcecode.swift; path = SpecialNewsCell.swift; sourceTree = "<group>"; };
		77B78C281BFC992F00FA7F69 /* SpecialNewsController.swift */ = {isa = PBXFileReference; fileEncoding = 4; lastKnownFileType = sourcecode.swift; path = SpecialNewsController.swift; sourceTree = "<group>"; };
		77C9E7411BFEC37900D62326 /* PictureNewsController.swift */ = {isa = PBXFileReference; fileEncoding = 4; lastKnownFileType = sourcecode.swift; path = PictureNewsController.swift; sourceTree = "<group>"; };
		77E37A151BF35A04003E2F44 /* 网易新闻.app */ = {isa = PBXFileReference; explicitFileType = wrapper.application; includeInIndex = 0; path = "网易新闻.app"; sourceTree = BUILT_PRODUCTS_DIR; };
		77E37A1D1BF35A04003E2F44 /* Base */ = {isa = PBXFileReference; lastKnownFileType = file.storyboard; name = Base; path = Base.lproj/Main.storyboard; sourceTree = "<group>"; };
		77E37A1F1BF35A04003E2F44 /* Assets.xcassets */ = {isa = PBXFileReference; lastKnownFileType = folder.assetcatalog; path = Assets.xcassets; sourceTree = "<group>"; };
		77E37A221BF35A04003E2F44 /* Base */ = {isa = PBXFileReference; lastKnownFileType = file.storyboard; name = Base; path = Base.lproj/LaunchScreen.storyboard; sourceTree = "<group>"; };
		77E37A241BF35A04003E2F44 /* Info.plist */ = {isa = PBXFileReference; lastKnownFileType = text.plist.xml; path = Info.plist; sourceTree = "<group>"; };
		77E37A291BF35A04003E2F44 /* 网易新闻Tests.xctest */ = {isa = PBXFileReference; explicitFileType = wrapper.cfbundle; includeInIndex = 0; path = "网易新闻Tests.xctest"; sourceTree = BUILT_PRODUCTS_DIR; };
		77E37A2D1BF35A04003E2F44 /* ____Tests.swift */ = {isa = PBXFileReference; lastKnownFileType = sourcecode.swift; path = "____Tests.swift"; sourceTree = "<group>"; };
		77E37A2F1BF35A04003E2F44 /* Info.plist */ = {isa = PBXFileReference; lastKnownFileType = text.plist.xml; path = Info.plist; sourceTree = "<group>"; };
		77E37A341BF35A04003E2F44 /* 网易新闻UITests.xctest */ = {isa = PBXFileReference; explicitFileType = wrapper.cfbundle; includeInIndex = 0; path = "网易新闻UITests.xctest"; sourceTree = BUILT_PRODUCTS_DIR; };
		77E37A381BF35A04003E2F44 /* ____UITests.swift */ = {isa = PBXFileReference; lastKnownFileType = sourcecode.swift; path = "____UITests.swift"; sourceTree = "<group>"; };
		77E37A3A1BF35A04003E2F44 /* Info.plist */ = {isa = PBXFileReference; lastKnownFileType = text.plist.xml; path = Info.plist; sourceTree = "<group>"; };
		77E37A4A1BF35CC4003E2F44 /* Base */ = {isa = PBXFileReference; lastKnownFileType = file.storyboard; name = Base; path = Base.lproj/News.storyboard; sourceTree = "<group>"; };
		77E37A4D1BF35D50003E2F44 /* Base */ = {isa = PBXFileReference; lastKnownFileType = file.storyboard; name = Base; path = Base.lproj/Read.storyboard; sourceTree = "<group>"; };
		77E37A501BF35DC5003E2F44 /* Base */ = {isa = PBXFileReference; lastKnownFileType = file.storyboard; name = Base; path = Base.lproj/Media.storyboard; sourceTree = "<group>"; };
		77E37A531BF35DFC003E2F44 /* Base */ = {isa = PBXFileReference; lastKnownFileType = file.storyboard; name = Base; path = Base.lproj/Discover.storyboard; sourceTree = "<group>"; };
		77E37A561BF35E2C003E2F44 /* Base */ = {isa = PBXFileReference; lastKnownFileType = file.storyboard; name = Base; path = Base.lproj/Me.storyboard; sourceTree = "<group>"; };
		77E37A5C1BF361DB003E2F44 /* AppDelegate.swift */ = {isa = PBXFileReference; fileEncoding = 4; lastKnownFileType = sourcecode.swift; path = AppDelegate.swift; sourceTree = "<group>"; };
		77E37A681BF3650C003E2F44 /* TabBarExtension.swift */ = {isa = PBXFileReference; fileEncoding = 4; lastKnownFileType = sourcecode.swift; path = TabBarExtension.swift; sourceTree = "<group>"; };
		77E37A6A1BF36B38003E2F44 /* NavgationBarExtension.swift */ = {isa = PBXFileReference; fileEncoding = 4; lastKnownFileType = sourcecode.swift; path = NavgationBarExtension.swift; sourceTree = "<group>"; };
		77E37A6E1BF3752E003E2F44 /* NewsController.swift */ = {isa = PBXFileReference; fileEncoding = 4; lastKnownFileType = sourcecode.swift; path = NewsController.swift; sourceTree = "<group>"; };
		77E37A7B1BF37DBA003E2F44 /* SecondLaunchView.xib */ = {isa = PBXFileReference; fileEncoding = 4; lastKnownFileType = file.xib; path = SecondLaunchView.xib; sourceTree = "<group>"; };
		77E37A7C1BF37DBA003E2F44 /* SecondLaunchView.swift */ = {isa = PBXFileReference; fileEncoding = 4; lastKnownFileType = sourcecode.swift; path = SecondLaunchView.swift; sourceTree = "<group>"; };
		77E37A851BF3835F003E2F44 /* DataTool.swift */ = {isa = PBXFileReference; fileEncoding = 4; lastKnownFileType = sourcecode.swift; path = DataTool.swift; sourceTree = "<group>"; };
		77F2C3E41BF482FA000BB753 /* channels.plist */ = {isa = PBXFileReference; fileEncoding = 4; lastKnownFileType = text.plist.xml; path = channels.plist; sourceTree = "<group>"; };
		77F2C3E71BF49141000BB753 /* NewsModels.swift */ = {isa = PBXFileReference; fileEncoding = 4; lastKnownFileType = sourcecode.swift; path = NewsModels.swift; sourceTree = "<group>"; };
		77F7E7A21BF57B7200DAA2F5 /* ChannelLabel.swift */ = {isa = PBXFileReference; fileEncoding = 4; lastKnownFileType = sourcecode.swift; path = ChannelLabel.swift; sourceTree = "<group>"; };
		77F7E7A41BF604BB00DAA2F5 /* NewsContainerView.swift */ = {isa = PBXFileReference; fileEncoding = 4; lastKnownFileType = sourcecode.swift; path = NewsContainerView.swift; sourceTree = "<group>"; };
		9CE2551E5C85473B88B38E76 /* Pods.release.xcconfig */ = {isa = PBXFileReference; includeInIndex = 1; lastKnownFileType = text.xcconfig; name = Pods.release.xcconfig; path = "Pods/Target Support Files/Pods/Pods.release.xcconfig"; sourceTree = "<group>"; };
/* End PBXFileReference section */

/* Begin PBXFrameworksBuildPhase section */
		77E37A121BF35A04003E2F44 /* Frameworks */ = {
			isa = PBXFrameworksBuildPhase;
			buildActionMask = 2147483647;
			files = (
				AB5C5665446058479C2675F9 /* Pods.framework in Frameworks */,
			);
			runOnlyForDeploymentPostprocessing = 0;
		};
		77E37A261BF35A04003E2F44 /* Frameworks */ = {
			isa = PBXFrameworksBuildPhase;
			buildActionMask = 2147483647;
			files = (
			);
			runOnlyForDeploymentPostprocessing = 0;
		};
		77E37A311BF35A04003E2F44 /* Frameworks */ = {
			isa = PBXFrameworksBuildPhase;
			buildActionMask = 2147483647;
			files = (
			);
			runOnlyForDeploymentPostprocessing = 0;
		};
/* End PBXFrameworksBuildPhase section */

/* Begin PBXGroup section */
		47756820B2776B99B38719CC /* Pods */ = {
			isa = PBXGroup;
			children = (
				775C216BA8EC4AA967E13C66 /* Pods.debug.xcconfig */,
				9CE2551E5C85473B88B38E76 /* Pods.release.xcconfig */,
			);
			name = Pods;
			sourceTree = "<group>";
		};
		771DAF0F1BFE019100A65A22 /* Other */ = {
			isa = PBXGroup;
			children = (
				771DAF101BFE01F500A65A22 /* CellProvider.swift */,
			);
			path = Other;
			sourceTree = "<group>";
		};
		777C963B1BF8670700519375 /* NewsCell */ = {
			isa = PBXGroup;
			children = (
				775CA4161BF7414900106851 /* ScrollPictureCell.swift */,
				775CA41F1BF75D6500106851 /* NormalNewsCell.swift */,
				775CA4211BF76DAA00106851 /* NewsCell.swift */,
				777C96351BF828B600519375 /* ThreePictureCell.swift */,
				777C96371BF85BC300519375 /* BigPictureCell.swift */,
				777C96391BF8652000519375 /* TopBigPicture.swift */,
				77B78C261BFC973000FA7F69 /* SpecialNewsCell.swift */,
			);
			name = NewsCell;
			sourceTree = "<group>";
		};
		777C966F1BF89DCF00519375 /* MJRefresh */ = {
			isa = PBXGroup;
			children = (
				777C96701BF89DCF00519375 /* Base */,
				777C967B1BF89DCF00519375 /* Custom */,
				777C96921BF89DCF00519375 /* MJRefresh.bundle */,
				777C96931BF89DCF00519375 /* MJRefresh.h */,
				777C96941BF89DCF00519375 /* MJRefreshConst.h */,
				777C96951BF89DCF00519375 /* MJRefreshConst.m */,
				777C96961BF89DCF00519375 /* UIScrollView+MJExtension.h */,
				777C96971BF89DCF00519375 /* UIScrollView+MJExtension.m */,
				777C96981BF89DCF00519375 /* UIScrollView+MJRefresh.h */,
				777C96991BF89DCF00519375 /* UIScrollView+MJRefresh.m */,
				777C969A1BF89DCF00519375 /* UIView+MJExtension.h */,
				777C969B1BF89DCF00519375 /* UIView+MJExtension.m */,
			);
			path = MJRefresh;
			sourceTree = "<group>";
		};
		777C96701BF89DCF00519375 /* Base */ = {
			isa = PBXGroup;
			children = (
				777C96711BF89DCF00519375 /* MJRefreshAutoFooter.h */,
				777C96721BF89DCF00519375 /* MJRefreshAutoFooter.m */,
				777C96731BF89DCF00519375 /* MJRefreshBackFooter.h */,
				777C96741BF89DCF00519375 /* MJRefreshBackFooter.m */,
				777C96751BF89DCF00519375 /* MJRefreshComponent.h */,
				777C96761BF89DCF00519375 /* MJRefreshComponent.m */,
				777C96771BF89DCF00519375 /* MJRefreshFooter.h */,
				777C96781BF89DCF00519375 /* MJRefreshFooter.m */,
				777C96791BF89DCF00519375 /* MJRefreshHeader.h */,
				777C967A1BF89DCF00519375 /* MJRefreshHeader.m */,
			);
			path = Base;
			sourceTree = "<group>";
		};
		777C967B1BF89DCF00519375 /* Custom */ = {
			isa = PBXGroup;
			children = (
				777C967C1BF89DCF00519375 /* Footer */,
				777C968B1BF89DCF00519375 /* Header */,
			);
			path = Custom;
			sourceTree = "<group>";
		};
		777C967C1BF89DCF00519375 /* Footer */ = {
			isa = PBXGroup;
			children = (
				777C967D1BF89DCF00519375 /* Auto */,
				777C96841BF89DCF00519375 /* Back */,
			);
			path = Footer;
			sourceTree = "<group>";
		};
		777C967D1BF89DCF00519375 /* Auto */ = {
			isa = PBXGroup;
			children = (
				777C967E1BF89DCF00519375 /* MJRefreshAutoGifFooter.h */,
				777C967F1BF89DCF00519375 /* MJRefreshAutoGifFooter.m */,
				777C96801BF89DCF00519375 /* MJRefreshAutoNormalFooter.h */,
				777C96811BF89DCF00519375 /* MJRefreshAutoNormalFooter.m */,
				777C96821BF89DCF00519375 /* MJRefreshAutoStateFooter.h */,
				777C96831BF89DCF00519375 /* MJRefreshAutoStateFooter.m */,
			);
			path = Auto;
			sourceTree = "<group>";
		};
		777C96841BF89DCF00519375 /* Back */ = {
			isa = PBXGroup;
			children = (
				777C96851BF89DCF00519375 /* MJRefreshBackGifFooter.h */,
				777C96861BF89DCF00519375 /* MJRefreshBackGifFooter.m */,
				777C96871BF89DCF00519375 /* MJRefreshBackNormalFooter.h */,
				777C96881BF89DCF00519375 /* MJRefreshBackNormalFooter.m */,
				777C96891BF89DCF00519375 /* MJRefreshBackStateFooter.h */,
				777C968A1BF89DCF00519375 /* MJRefreshBackStateFooter.m */,
			);
			path = Back;
			sourceTree = "<group>";
		};
		777C968B1BF89DCF00519375 /* Header */ = {
			isa = PBXGroup;
			children = (
				777C968C1BF89DCF00519375 /* MJRefreshGifHeader.h */,
				777C968D1BF89DCF00519375 /* MJRefreshGifHeader.m */,
				777C968E1BF89DCF00519375 /* MJRefreshNormalHeader.h */,
				777C968F1BF89DCF00519375 /* MJRefreshNormalHeader.m */,
				777C96901BF89DCF00519375 /* MJRefreshStateHeader.h */,
				777C96911BF89DCF00519375 /* MJRefreshStateHeader.m */,
			);
			path = Header;
			sourceTree = "<group>";
		};
		778565291BFB6F77000E2495 /* CyclePictureView */ = {
			isa = PBXGroup;
			children = (
				778565301BFB7325000E2495 /* AuxiliaryModels.swift */,
				7785652A1BFB6F77000E2495 /* CyclePictureCell.swift */,
				7785652B1BFB6F77000E2495 /* CyclePictureView.swift */,
			);
			path = CyclePictureView;
			sourceTree = "<group>";
		};
		77E37A0C1BF35A04003E2F44 = {
			isa = PBXGroup;
			children = (
				77E37A171BF35A04003E2F44 /* 网易新闻 */,
				77E37A2C1BF35A04003E2F44 /* 网易新闻Tests */,
				77E37A371BF35A04003E2F44 /* 网易新闻UITests */,
				77E37A161BF35A04003E2F44 /* Products */,
				47756820B2776B99B38719CC /* Pods */,
				FB9253A4C570FF3F73B37B20 /* Frameworks */,
			);
			sourceTree = "<group>";
		};
		77E37A161BF35A04003E2F44 /* Products */ = {
			isa = PBXGroup;
			children = (
				77E37A151BF35A04003E2F44 /* 网易新闻.app */,
				77E37A291BF35A04003E2F44 /* 网易新闻Tests.xctest */,
				77E37A341BF35A04003E2F44 /* 网易新闻UITests.xctest */,
			);
			name = Products;
			sourceTree = "<group>";
		};
		77E37A171BF35A04003E2F44 /* 网易新闻 */ = {
			isa = PBXGroup;
			children = (
				77E37A581BF361DB003E2F44 /* Classes */,
				77E37A1F1BF35A04003E2F44 /* Assets.xcassets */,
				77E37A211BF35A04003E2F44 /* LaunchScreen.storyboard */,
				77E37A241BF35A04003E2F44 /* Info.plist */,
				77F2C3E41BF482FA000BB753 /* channels.plist */,
				77501B3B1BFA1968001B8F28 /* Details.css */,
			);
			path = "网易新闻";
			sourceTree = "<group>";
		};
		77E37A2C1BF35A04003E2F44 /* 网易新闻Tests */ = {
			isa = PBXGroup;
			children = (
				77E37A2D1BF35A04003E2F44 /* ____Tests.swift */,
				77E37A2F1BF35A04003E2F44 /* Info.plist */,
			);
			path = "网易新闻Tests";
			sourceTree = "<group>";
		};
		77E37A371BF35A04003E2F44 /* 网易新闻UITests */ = {
			isa = PBXGroup;
			children = (
				77E37A381BF35A04003E2F44 /* ____UITests.swift */,
				77E37A3A1BF35A04003E2F44 /* Info.plist */,
			);
			path = "网易新闻UITests";
			sourceTree = "<group>";
		};
		77E37A581BF361DB003E2F44 /* Classes */ = {
			isa = PBXGroup;
			children = (
				77E37A591BF361DB003E2F44 /* Common */,
				77E37A5D1BF361DB003E2F44 /* Discover */,
				77E37A5F1BF361DB003E2F44 /* Me */,
				77E37A611BF361DB003E2F44 /* Media */,
				77E37A631BF361DB003E2F44 /* News */,
				77E37A651BF361DB003E2F44 /* Read */,
			);
			path = Classes;
			sourceTree = "<group>";
		};
		77E37A591BF361DB003E2F44 /* Common */ = {
			isa = PBXGroup;
			children = (
				77E37A1C1BF35A04003E2F44 /* Main.storyboard */,
				77E37A841BF38329003E2F44 /* Tool */,
				77E37A5A1BF361DB003E2F44 /* Controller */,
				77E37A5B1BF361DB003E2F44 /* Other */,
			);
			path = Common;
			sourceTree = "<group>";
		};
		77E37A5A1BF361DB003E2F44 /* Controller */ = {
			isa = PBXGroup;
			children = (
				77E37A681BF3650C003E2F44 /* TabBarExtension.swift */,
				77E37A6A1BF36B38003E2F44 /* NavgationBarExtension.swift */,
			);
			path = Controller;
			sourceTree = "<group>";
		};
		77E37A5B1BF361DB003E2F44 /* Other */ = {
			isa = PBXGroup;
			children = (
				777C966F1BF89DCF00519375 /* MJRefresh */,
				77E37A5C1BF361DB003E2F44 /* AppDelegate.swift */,
				777C963C1BF86EFF00519375 /* 网易新闻-Bridging-Header.h */,
			);
			path = Other;
			sourceTree = "<group>";
		};
		77E37A5D1BF361DB003E2F44 /* Discover */ = {
			isa = PBXGroup;
			children = (
				77E37A521BF35DFC003E2F44 /* Discover.storyboard */,
				77E37A5E1BF361DB003E2F44 /* Controller */,
			);
			path = Discover;
			sourceTree = "<group>";
		};
		77E37A5E1BF361DB003E2F44 /* Controller */ = {
			isa = PBXGroup;
			children = (
			);
			path = Controller;
			sourceTree = "<group>";
		};
		77E37A5F1BF361DB003E2F44 /* Me */ = {
			isa = PBXGroup;
			children = (
				77E37A551BF35E2C003E2F44 /* Me.storyboard */,
				77E37A601BF361DB003E2F44 /* Controller */,
			);
			path = Me;
			sourceTree = "<group>";
		};
		77E37A601BF361DB003E2F44 /* Controller */ = {
			isa = PBXGroup;
			children = (
			);
			path = Controller;
			sourceTree = "<group>";
		};
		77E37A611BF361DB003E2F44 /* Media */ = {
			isa = PBXGroup;
			children = (
				77E37A4F1BF35DC5003E2F44 /* Media.storyboard */,
				77E37A621BF361DB003E2F44 /* Controller */,
			);
			path = Media;
			sourceTree = "<group>";
		};
		77E37A621BF361DB003E2F44 /* Controller */ = {
			isa = PBXGroup;
			children = (
			);
			path = Controller;
			sourceTree = "<group>";
		};
		77E37A631BF361DB003E2F44 /* News */ = {
			isa = PBXGroup;
			children = (
				77E37A491BF35CC4003E2F44 /* News.storyboard */,
				77B78C231BFC230300FA7F69 /* NewsList.storyboard */,
				771DAF0F1BFE019100A65A22 /* Other */,
				77F2C3E61BF49113000BB753 /* Model */,
				77E37A701BF37629003E2F44 /* View */,
				77E37A641BF361DB003E2F44 /* Controller */,
			);
			path = News;
			sourceTree = "<group>";
		};
		77E37A641BF361DB003E2F44 /* Controller */ = {
			isa = PBXGroup;
			children = (
				77E37A6E1BF3752E003E2F44 /* NewsController.swift */,
				771BDE2A1BF4CF2B00B38CE8 /* NewsListContorller.swift */,
				77501B391BF9EFEC001B8F28 /* DetaillNewsController.swift */,
				77B78C281BFC992F00FA7F69 /* SpecialNewsController.swift */,
				77C9E7411BFEC37900D62326 /* PictureNewsController.swift */,
			);
			path = Controller;
			sourceTree = "<group>";
		};
		77E37A651BF361DB003E2F44 /* Read */ = {
			isa = PBXGroup;
			children = (
				77E37A4C1BF35D50003E2F44 /* Read.storyboard */,
				77E37A661BF361DB003E2F44 /* Controller */,
			);
			path = Read;
			sourceTree = "<group>";
		};
		77E37A661BF361DB003E2F44 /* Controller */ = {
			isa = PBXGroup;
			children = (
			);
			path = Controller;
			sourceTree = "<group>";
		};
		77E37A701BF37629003E2F44 /* View */ = {
			isa = PBXGroup;
			children = (
				778565291BFB6F77000E2495 /* CyclePictureView */,
				777C963B1BF8670700519375 /* NewsCell */,
				77E37A7B1BF37DBA003E2F44 /* SecondLaunchView.xib */,
				77E37A7C1BF37DBA003E2F44 /* SecondLaunchView.swift */,
				77F7E7A21BF57B7200DAA2F5 /* ChannelLabel.swift */,
				77F7E7A41BF604BB00DAA2F5 /* NewsContainerView.swift */,
				778564E71BFB377C000E2495 /* DetailPictureView.swift */,
				778564E81BFB377C000E2495 /* DetailPictureView.xib */,
				771DAF0D1BFDAC6600A65A22 /* SpecialNewsHeardView.swift */,
			);
			path = View;
			sourceTree = "<group>";
		};
		77E37A841BF38329003E2F44 /* Tool */ = {
			isa = PBXGroup;
			children = (
				77E37A851BF3835F003E2F44 /* DataTool.swift */,
			);
			path = Tool;
			sourceTree = "<group>";
		};
		77F2C3E61BF49113000BB753 /* Model */ = {
			isa = PBXGroup;
			children = (
				77F2C3E71BF49141000BB753 /* NewsModels.swift */,
			);
			path = Model;
			sourceTree = "<group>";
		};
		FB9253A4C570FF3F73B37B20 /* Frameworks */ = {
			isa = PBXGroup;
			children = (
				46874A2F9A228B6B0ECF1983 /* Pods.framework */,
			);
			name = Frameworks;
			sourceTree = "<group>";
		};
/* End PBXGroup section */

/* Begin PBXNativeTarget section */
		77E37A141BF35A04003E2F44 /* 网易新闻 */ = {
			isa = PBXNativeTarget;
			buildConfigurationList = 77E37A3D1BF35A04003E2F44 /* Build configuration list for PBXNativeTarget "网易新闻" */;
			buildPhases = (
				A188EE20785D2B82F2AC9960 /* Check Pods Manifest.lock */,
				77E37A111BF35A04003E2F44 /* Sources */,
				77E37A121BF35A04003E2F44 /* Frameworks */,
				77E37A131BF35A04003E2F44 /* Resources */,
				35D4C576FC2832EBE0A259E4 /* Embed Pods Frameworks */,
				756BF005D7C13A85E525C6C0 /* Copy Pods Resources */,
			);
			buildRules = (
			);
			dependencies = (
			);
			name = "网易新闻";
			productName = "网易新闻";
			productReference = 77E37A151BF35A04003E2F44 /* 网易新闻.app */;
			productType = "com.apple.product-type.application";
		};
		77E37A281BF35A04003E2F44 /* 网易新闻Tests */ = {
			isa = PBXNativeTarget;
			buildConfigurationList = 77E37A401BF35A04003E2F44 /* Build configuration list for PBXNativeTarget "网易新闻Tests" */;
			buildPhases = (
				77E37A251BF35A04003E2F44 /* Sources */,
				77E37A261BF35A04003E2F44 /* Frameworks */,
				77E37A271BF35A04003E2F44 /* Resources */,
			);
			buildRules = (
			);
			dependencies = (
				77E37A2B1BF35A04003E2F44 /* PBXTargetDependency */,
			);
			name = "网易新闻Tests";
			productName = "网易新闻Tests";
			productReference = 77E37A291BF35A04003E2F44 /* 网易新闻Tests.xctest */;
			productType = "com.apple.product-type.bundle.unit-test";
		};
		77E37A331BF35A04003E2F44 /* 网易新闻UITests */ = {
			isa = PBXNativeTarget;
			buildConfigurationList = 77E37A431BF35A04003E2F44 /* Build configuration list for PBXNativeTarget "网易新闻UITests" */;
			buildPhases = (
				77E37A301BF35A04003E2F44 /* Sources */,
				77E37A311BF35A04003E2F44 /* Frameworks */,
				77E37A321BF35A04003E2F44 /* Resources */,
			);
			buildRules = (
			);
			dependencies = (
				77E37A361BF35A04003E2F44 /* PBXTargetDependency */,
			);
			name = "网易新闻UITests";
			productName = "网易新闻UITests";
			productReference = 77E37A341BF35A04003E2F44 /* 网易新闻UITests.xctest */;
			productType = "com.apple.product-type.bundle.ui-testing";
		};
/* End PBXNativeTarget section */

/* Begin PBXProject section */
		77E37A0D1BF35A04003E2F44 /* Project object */ = {
			isa = PBXProject;
			attributes = {
				LastSwiftUpdateCheck = 0700;
				LastUpgradeCheck = 0700;
				ORGANIZATIONNAME = wl;
				TargetAttributes = {
					77E37A141BF35A04003E2F44 = {
						CreatedOnToolsVersion = 7.0.1;
						DevelopmentTeam = NLUGDBP35M;
					};
					77E37A281BF35A04003E2F44 = {
						CreatedOnToolsVersion = 7.0.1;
						DevelopmentTeam = NLUGDBP35M;
						TestTargetID = 77E37A141BF35A04003E2F44;
					};
					77E37A331BF35A04003E2F44 = {
						CreatedOnToolsVersion = 7.0.1;
						DevelopmentTeam = NLUGDBP35M;
						TestTargetID = 77E37A141BF35A04003E2F44;
					};
				};
			};
			buildConfigurationList = 77E37A101BF35A04003E2F44 /* Build configuration list for PBXProject "网易新闻" */;
			compatibilityVersion = "Xcode 3.2";
			developmentRegion = English;
			hasScannedForEncodings = 0;
			knownRegions = (
				en,
				Base,
			);
			mainGroup = 77E37A0C1BF35A04003E2F44;
			productRefGroup = 77E37A161BF35A04003E2F44 /* Products */;
			projectDirPath = "";
			projectRoot = "";
			targets = (
				77E37A141BF35A04003E2F44 /* 网易新闻 */,
				77E37A281BF35A04003E2F44 /* 网易新闻Tests */,
				77E37A331BF35A04003E2F44 /* 网易新闻UITests */,
			);
		};
/* End PBXProject section */

/* Begin PBXResourcesBuildPhase section */
		77E37A131BF35A04003E2F44 /* Resources */ = {
			isa = PBXResourcesBuildPhase;
			buildActionMask = 2147483647;
			files = (
				77E37A231BF35A04003E2F44 /* LaunchScreen.storyboard in Resources */,
				77E37A201BF35A04003E2F44 /* Assets.xcassets in Resources */,
				77E37A7D1BF37DBA003E2F44 /* SecondLaunchView.xib in Resources */,
				77B78C251BFC230300FA7F69 /* NewsList.storyboard in Resources */,
				77E37A511BF35DC5003E2F44 /* Media.storyboard in Resources */,
				77F2C3E51BF482FA000BB753 /* channels.plist in Resources */,
				77E37A1E1BF35A04003E2F44 /* Main.storyboard in Resources */,
				778564EA1BFB377C000E2495 /* DetailPictureView.xib in Resources */,
				77E37A4E1BF35D50003E2F44 /* Read.storyboard in Resources */,
				777C96AA1BF89DCF00519375 /* MJRefresh.bundle in Resources */,
				77E37A541BF35DFC003E2F44 /* Discover.storyboard in Resources */,
				77501B3C1BFA1968001B8F28 /* Details.css in Resources */,
				77E37A571BF35E2C003E2F44 /* Me.storyboard in Resources */,
				77E37A4B1BF35CC4003E2F44 /* News.storyboard in Resources */,
			);
			runOnlyForDeploymentPostprocessing = 0;
		};
		77E37A271BF35A04003E2F44 /* Resources */ = {
			isa = PBXResourcesBuildPhase;
			buildActionMask = 2147483647;
			files = (
			);
			runOnlyForDeploymentPostprocessing = 0;
		};
		77E37A321BF35A04003E2F44 /* Resources */ = {
			isa = PBXResourcesBuildPhase;
			buildActionMask = 2147483647;
			files = (
			);
			runOnlyForDeploymentPostprocessing = 0;
		};
/* End PBXResourcesBuildPhase section */

/* Begin PBXShellScriptBuildPhase section */
		35D4C576FC2832EBE0A259E4 /* Embed Pods Frameworks */ = {
			isa = PBXShellScriptBuildPhase;
			buildActionMask = 2147483647;
			files = (
			);
			inputPaths = (
			);
			name = "Embed Pods Frameworks";
			outputPaths = (
			);
			runOnlyForDeploymentPostprocessing = 0;
			shellPath = /bin/sh;
			shellScript = "\"${SRCROOT}/Pods/Target Support Files/Pods/Pods-frameworks.sh\"\n";
			showEnvVarsInLog = 0;
		};
		756BF005D7C13A85E525C6C0 /* Copy Pods Resources */ = {
			isa = PBXShellScriptBuildPhase;
			buildActionMask = 2147483647;
			files = (
			);
			inputPaths = (
			);
			name = "Copy Pods Resources";
			outputPaths = (
			);
			runOnlyForDeploymentPostprocessing = 0;
			shellPath = /bin/sh;
			shellScript = "\"${SRCROOT}/Pods/Target Support Files/Pods/Pods-resources.sh\"\n";
			showEnvVarsInLog = 0;
		};
		A188EE20785D2B82F2AC9960 /* Check Pods Manifest.lock */ = {
			isa = PBXShellScriptBuildPhase;
			buildActionMask = 2147483647;
			files = (
			);
			inputPaths = (
			);
			name = "Check Pods Manifest.lock";
			outputPaths = (
			);
			runOnlyForDeploymentPostprocessing = 0;
			shellPath = /bin/sh;
			shellScript = "diff \"${PODS_ROOT}/../Podfile.lock\" \"${PODS_ROOT}/Manifest.lock\" > /dev/null\nif [[ $? != 0 ]] ; then\n    cat << EOM\nerror: The sandbox is not in sync with the Podfile.lock. Run 'pod install' or update your CocoaPods installation.\nEOM\n    exit 1\nfi\n";
			showEnvVarsInLog = 0;
		};
/* End PBXShellScriptBuildPhase section */

/* Begin PBXSourcesBuildPhase section */
		77E37A111BF35A04003E2F44 /* Sources */ = {
			isa = PBXSourcesBuildPhase;
			buildActionMask = 2147483647;
			files = (
				777C969D1BF89DCF00519375 /* MJRefreshBackFooter.m in Sources */,
				777C969F1BF89DCF00519375 /* MJRefreshFooter.m in Sources */,
				775CA4201BF75D6500106851 /* NormalNewsCell.swift in Sources */,
				77E37A671BF361DB003E2F44 /* AppDelegate.swift in Sources */,
				777C96AB1BF89DCF00519375 /* MJRefreshConst.m in Sources */,
				775CA4171BF7414900106851 /* ScrollPictureCell.swift in Sources */,
				777C96A71BF89DCF00519375 /* MJRefreshGifHeader.m in Sources */,
				7785652D1BFB6F77000E2495 /* CyclePictureCell.swift in Sources */,
				771DAF0E1BFDAC6600A65A22 /* SpecialNewsHeardView.swift in Sources */,
				778564E91BFB377C000E2495 /* DetailPictureView.swift in Sources */,
				771BDE2B1BF4CF2B00B38CE8 /* NewsListContorller.swift in Sources */,
				778565311BFB7325000E2495 /* AuxiliaryModels.swift in Sources */,
				777C96AC1BF89DCF00519375 /* UIScrollView+MJExtension.m in Sources */,
				777C96A41BF89DCF00519375 /* MJRefreshBackGifFooter.m in Sources */,
				777C96A11BF89DCF00519375 /* MJRefreshAutoGifFooter.m in Sources */,
				777C96A81BF89DCF00519375 /* MJRefreshNormalHeader.m in Sources */,
				777C969E1BF89DCF00519375 /* MJRefreshComponent.m in Sources */,
				775CA4221BF76DAA00106851 /* NewsCell.swift in Sources */,
				777C96AE1BF89DCF00519375 /* UIView+MJExtension.m in Sources */,
				77C9E7421BFEC37900D62326 /* PictureNewsController.swift in Sources */,
				77E37A691BF3650C003E2F44 /* TabBarExtension.swift in Sources */,
				777C96381BF85BC300519375 /* BigPictureCell.swift in Sources */,
				777C969C1BF89DCF00519375 /* MJRefreshAutoFooter.m in Sources */,
				77E37A7E1BF37DBA003E2F44 /* SecondLaunchView.swift in Sources */,
				777C96A51BF89DCF00519375 /* MJRefreshBackNormalFooter.m in Sources */,
				77501B3A1BF9EFEC001B8F28 /* DetaillNewsController.swift in Sources */,
				77F7E7A31BF57B7200DAA2F5 /* ChannelLabel.swift in Sources */,
				777C96A31BF89DCF00519375 /* MJRefreshAutoStateFooter.m in Sources */,
				777C96A91BF89DCF00519375 /* MJRefreshStateHeader.m in Sources */,
				77E37A6F1BF3752E003E2F44 /* NewsController.swift in Sources */,
				777C96361BF828B600519375 /* ThreePictureCell.swift in Sources */,
				777C96A21BF89DCF00519375 /* MJRefreshAutoNormalFooter.m in Sources */,
				77F2C3E81BF49141000BB753 /* NewsModels.swift in Sources */,
				77B78C291BFC992F00FA7F69 /* SpecialNewsController.swift in Sources */,
				777C96A01BF89DCF00519375 /* MJRefreshHeader.m in Sources */,
				77E37A861BF3835F003E2F44 /* DataTool.swift in Sources */,
				771DAF111BFE01F500A65A22 /* CellProvider.swift in Sources */,
				777C96A61BF89DCF00519375 /* MJRefreshBackStateFooter.m in Sources */,
				777C96AD1BF89DCF00519375 /* UIScrollView+MJRefresh.m in Sources */,
				77E37A6B1BF36B38003E2F44 /* NavgationBarExtension.swift in Sources */,
				777C963A1BF8652000519375 /* TopBigPicture.swift in Sources */,
				7785652E1BFB6F77000E2495 /* CyclePictureView.swift in Sources */,
				77B78C271BFC973000FA7F69 /* SpecialNewsCell.swift in Sources */,
				77F7E7A51BF604BB00DAA2F5 /* NewsContainerView.swift in Sources */,
			);
			runOnlyForDeploymentPostprocessing = 0;
		};
		77E37A251BF35A04003E2F44 /* Sources */ = {
			isa = PBXSourcesBuildPhase;
			buildActionMask = 2147483647;
			files = (
				77E37A2E1BF35A04003E2F44 /* ____Tests.swift in Sources */,
			);
			runOnlyForDeploymentPostprocessing = 0;
		};
		77E37A301BF35A04003E2F44 /* Sources */ = {
			isa = PBXSourcesBuildPhase;
			buildActionMask = 2147483647;
			files = (
				77E37A391BF35A04003E2F44 /* ____UITests.swift in Sources */,
			);
			runOnlyForDeploymentPostprocessing = 0;
		};
/* End PBXSourcesBuildPhase section */

/* Begin PBXTargetDependency section */
		77E37A2B1BF35A04003E2F44 /* PBXTargetDependency */ = {
			isa = PBXTargetDependency;
			target = 77E37A141BF35A04003E2F44 /* 网易新闻 */;
			targetProxy = 77E37A2A1BF35A04003E2F44 /* PBXContainerItemProxy */;
		};
		77E37A361BF35A04003E2F44 /* PBXTargetDependency */ = {
			isa = PBXTargetDependency;
			target = 77E37A141BF35A04003E2F44 /* 网易新闻 */;
			targetProxy = 77E37A351BF35A04003E2F44 /* PBXContainerItemProxy */;
		};
/* End PBXTargetDependency section */

/* Begin PBXVariantGroup section */
		77B78C231BFC230300FA7F69 /* NewsList.storyboard */ = {
			isa = PBXVariantGroup;
			children = (
				77B78C241BFC230300FA7F69 /* Base */,
			);
			name = NewsList.storyboard;
			sourceTree = "<group>";
		};
		77E37A1C1BF35A04003E2F44 /* Main.storyboard */ = {
			isa = PBXVariantGroup;
			children = (
				77E37A1D1BF35A04003E2F44 /* Base */,
			);
			name = Main.storyboard;
			path = ../..;
			sourceTree = "<group>";
		};
		77E37A211BF35A04003E2F44 /* LaunchScreen.storyboard */ = {
			isa = PBXVariantGroup;
			children = (
				77E37A221BF35A04003E2F44 /* Base */,
			);
			name = LaunchScreen.storyboard;
			sourceTree = "<group>";
		};
		77E37A491BF35CC4003E2F44 /* News.storyboard */ = {
			isa = PBXVariantGroup;
			children = (
				77E37A4A1BF35CC4003E2F44 /* Base */,
			);
			name = News.storyboard;
			path = ../..;
			sourceTree = "<group>";
		};
		77E37A4C1BF35D50003E2F44 /* Read.storyboard */ = {
			isa = PBXVariantGroup;
			children = (
				77E37A4D1BF35D50003E2F44 /* Base */,
			);
			name = Read.storyboard;
			path = ../..;
			sourceTree = "<group>";
		};
		77E37A4F1BF35DC5003E2F44 /* Media.storyboard */ = {
			isa = PBXVariantGroup;
			children = (
				77E37A501BF35DC5003E2F44 /* Base */,
			);
			name = Media.storyboard;
			path = ../..;
			sourceTree = "<group>";
		};
		77E37A521BF35DFC003E2F44 /* Discover.storyboard */ = {
			isa = PBXVariantGroup;
			children = (
				77E37A531BF35DFC003E2F44 /* Base */,
			);
			name = Discover.storyboard;
			path = ../..;
			sourceTree = "<group>";
		};
		77E37A551BF35E2C003E2F44 /* Me.storyboard */ = {
			isa = PBXVariantGroup;
			children = (
				77E37A561BF35E2C003E2F44 /* Base */,
			);
			name = Me.storyboard;
			path = ../..;
			sourceTree = "<group>";
		};
/* End PBXVariantGroup section */

/* Begin XCBuildConfiguration section */
		77E37A3B1BF35A04003E2F44 /* Debug */ = {
			isa = XCBuildConfiguration;
			buildSettings = {
				ALWAYS_SEARCH_USER_PATHS = NO;
				CLANG_CXX_LANGUAGE_STANDARD = "gnu++0x";
				CLANG_CXX_LIBRARY = "libc++";
				CLANG_ENABLE_MODULES = YES;
				CLANG_ENABLE_OBJC_ARC = YES;
				CLANG_WARN_BOOL_CONVERSION = YES;
				CLANG_WARN_CONSTANT_CONVERSION = YES;
				CLANG_WARN_DIRECT_OBJC_ISA_USAGE = YES_ERROR;
				CLANG_WARN_EMPTY_BODY = YES;
				CLANG_WARN_ENUM_CONVERSION = YES;
				CLANG_WARN_INT_CONVERSION = YES;
				CLANG_WARN_OBJC_ROOT_CLASS = YES_ERROR;
				CLANG_WARN_UNREACHABLE_CODE = YES;
				CLANG_WARN__DUPLICATE_METHOD_MATCH = YES;
				"CODE_SIGN_IDENTITY[sdk=iphoneos*]" = "iPhone Developer";
				COPY_PHASE_STRIP = NO;
				DEBUG_INFORMATION_FORMAT = dwarf;
				ENABLE_STRICT_OBJC_MSGSEND = YES;
				ENABLE_TESTABILITY = YES;
				GCC_C_LANGUAGE_STANDARD = gnu99;
				GCC_DYNAMIC_NO_PIC = NO;
				GCC_NO_COMMON_BLOCKS = YES;
				GCC_OPTIMIZATION_LEVEL = 0;
				GCC_PREPROCESSOR_DEFINITIONS = (
					"DEBUG=1",
					"$(inherited)",
				);
				GCC_WARN_64_TO_32_BIT_CONVERSION = YES;
				GCC_WARN_ABOUT_RETURN_TYPE = YES_ERROR;
				GCC_WARN_UNDECLARED_SELECTOR = YES;
				GCC_WARN_UNINITIALIZED_AUTOS = YES_AGGRESSIVE;
				GCC_WARN_UNUSED_FUNCTION = YES;
				GCC_WARN_UNUSED_VARIABLE = YES;
				IPHONEOS_DEPLOYMENT_TARGET = 9.0;
				MTL_ENABLE_DEBUG_INFO = YES;
				ONLY_ACTIVE_ARCH = YES;
				SDKROOT = iphoneos;
				SWIFT_OPTIMIZATION_LEVEL = "-Onone";
			};
			name = Debug;
		};
		77E37A3C1BF35A04003E2F44 /* Release */ = {
			isa = XCBuildConfiguration;
			buildSettings = {
				ALWAYS_SEARCH_USER_PATHS = NO;
				CLANG_CXX_LANGUAGE_STANDARD = "gnu++0x";
				CLANG_CXX_LIBRARY = "libc++";
				CLANG_ENABLE_MODULES = YES;
				CLANG_ENABLE_OBJC_ARC = YES;
				CLANG_WARN_BOOL_CONVERSION = YES;
				CLANG_WARN_CONSTANT_CONVERSION = YES;
				CLANG_WARN_DIRECT_OBJC_ISA_USAGE = YES_ERROR;
				CLANG_WARN_EMPTY_BODY = YES;
				CLANG_WARN_ENUM_CONVERSION = YES;
				CLANG_WARN_INT_CONVERSION = YES;
				CLANG_WARN_OBJC_ROOT_CLASS = YES_ERROR;
				CLANG_WARN_UNREACHABLE_CODE = YES;
				CLANG_WARN__DUPLICATE_METHOD_MATCH = YES;
				"CODE_SIGN_IDENTITY[sdk=iphoneos*]" = "iPhone Developer";
				COPY_PHASE_STRIP = NO;
				DEBUG_INFORMATION_FORMAT = "dwarf-with-dsym";
				ENABLE_NS_ASSERTIONS = NO;
				ENABLE_STRICT_OBJC_MSGSEND = YES;
				GCC_C_LANGUAGE_STANDARD = gnu99;
				GCC_NO_COMMON_BLOCKS = YES;
				GCC_WARN_64_TO_32_BIT_CONVERSION = YES;
				GCC_WARN_ABOUT_RETURN_TYPE = YES_ERROR;
				GCC_WARN_UNDECLARED_SELECTOR = YES;
				GCC_WARN_UNINITIALIZED_AUTOS = YES_AGGRESSIVE;
				GCC_WARN_UNUSED_FUNCTION = YES;
				GCC_WARN_UNUSED_VARIABLE = YES;
				IPHONEOS_DEPLOYMENT_TARGET = 9.0;
				MTL_ENABLE_DEBUG_INFO = NO;
				SDKROOT = iphoneos;
				VALIDATE_PRODUCT = YES;
			};
			name = Release;
		};
		77E37A3E1BF35A04003E2F44 /* Debug */ = {
			isa = XCBuildConfiguration;
			baseConfigurationReference = 775C216BA8EC4AA967E13C66 /* Pods.debug.xcconfig */;
			buildSettings = {
				ASSETCATALOG_COMPILER_APPICON_NAME = AppIcon;
				CLANG_ENABLE_MODULES = YES;
				INFOPLIST_FILE = "网易新闻/Info.plist";
				LD_RUNPATH_SEARCH_PATHS = "$(inherited) @executable_path/Frameworks";
				PRODUCT_BUNDLE_IDENTIFIER = "lyedu.cn.----";
				PRODUCT_NAME = "$(TARGET_NAME)";
				SWIFT_OBJC_BRIDGING_HEADER = "网易新闻/Classes/Common/Other/网易新闻-Bridging-Header.h";
				SWIFT_OPTIMIZATION_LEVEL = "-Onone";
			};
			name = Debug;
		};
		77E37A3F1BF35A04003E2F44 /* Release */ = {
			isa = XCBuildConfiguration;
			baseConfigurationReference = 9CE2551E5C85473B88B38E76 /* Pods.release.xcconfig */;
			buildSettings = {
				ASSETCATALOG_COMPILER_APPICON_NAME = AppIcon;
				CLANG_ENABLE_MODULES = YES;
				INFOPLIST_FILE = "网易新闻/Info.plist";
				LD_RUNPATH_SEARCH_PATHS = "$(inherited) @executable_path/Frameworks";
				PRODUCT_BUNDLE_IDENTIFIER = "lyedu.cn.----";
				PRODUCT_NAME = "$(TARGET_NAME)";
				SWIFT_OBJC_BRIDGING_HEADER = "网易新闻/Classes/Common/Other/网易新闻-Bridging-Header.h";
			};
			name = Release;
		};
		77E37A411BF35A04003E2F44 /* Debug */ = {
			isa = XCBuildConfiguration;
			buildSettings = {
				BUNDLE_LOADER = "$(TEST_HOST)";
				INFOPLIST_FILE = "网易新闻Tests/Info.plist";
				LD_RUNPATH_SEARCH_PATHS = "$(inherited) @executable_path/Frameworks @loader_path/Frameworks";
				PRODUCT_BUNDLE_IDENTIFIER = "lyedu.cn.----Tests";
				PRODUCT_NAME = "$(TARGET_NAME)";
				TEST_HOST = "$(BUILT_PRODUCTS_DIR)/网易新闻.app/网易新闻";
			};
			name = Debug;
		};
		77E37A421BF35A04003E2F44 /* Release */ = {
			isa = XCBuildConfiguration;
			buildSettings = {
				BUNDLE_LOADER = "$(TEST_HOST)";
				INFOPLIST_FILE = "网易新闻Tests/Info.plist";
				LD_RUNPATH_SEARCH_PATHS = "$(inherited) @executable_path/Frameworks @loader_path/Frameworks";
				PRODUCT_BUNDLE_IDENTIFIER = "lyedu.cn.----Tests";
				PRODUCT_NAME = "$(TARGET_NAME)";
				TEST_HOST = "$(BUILT_PRODUCTS_DIR)/网易新闻.app/网易新闻";
			};
			name = Release;
		};
		77E37A441BF35A04003E2F44 /* Debug */ = {
			isa = XCBuildConfiguration;
			buildSettings = {
				INFOPLIST_FILE = "网易新闻UITests/Info.plist";
				LD_RUNPATH_SEARCH_PATHS = "$(inherited) @executable_path/Frameworks @loader_path/Frameworks";
				PRODUCT_BUNDLE_IDENTIFIER = "lyedu.cn.----UITests";
				PRODUCT_NAME = "$(TARGET_NAME)";
				TEST_TARGET_NAME = "网易新闻";
				USES_XCTRUNNER = YES;
			};
			name = Debug;
		};
		77E37A451BF35A04003E2F44 /* Release */ = {
			isa = XCBuildConfiguration;
			buildSettings = {
				INFOPLIST_FILE = "网易新闻UITests/Info.plist";
				LD_RUNPATH_SEARCH_PATHS = "$(inherited) @executable_path/Frameworks @loader_path/Frameworks";
				PRODUCT_BUNDLE_IDENTIFIER = "lyedu.cn.----UITests";
				PRODUCT_NAME = "$(TARGET_NAME)";
				TEST_TARGET_NAME = "网易新闻";
				USES_XCTRUNNER = YES;
			};
			name = Release;
		};
/* End XCBuildConfiguration section */

/* Begin XCConfigurationList section */
		77E37A101BF35A04003E2F44 /* Build configuration list for PBXProject "网易新闻" */ = {
			isa = XCConfigurationList;
			buildConfigurations = (
				77E37A3B1BF35A04003E2F44 /* Debug */,
				77E37A3C1BF35A04003E2F44 /* Release */,
			);
			defaultConfigurationIsVisible = 0;
			defaultConfigurationName = Release;
		};
		77E37A3D1BF35A04003E2F44 /* Build configuration list for PBXNativeTarget "网易新闻" */ = {
			isa = XCConfigurationList;
			buildConfigurations = (
				77E37A3E1BF35A04003E2F44 /* Debug */,
				77E37A3F1BF35A04003E2F44 /* Release */,
			);
			defaultConfigurationIsVisible = 0;
			defaultConfigurationName = Release;
		};
		77E37A401BF35A04003E2F44 /* Build configuration list for PBXNativeTarget "网易新闻Tests" */ = {
			isa = XCConfigurationList;
			buildConfigurations = (
				77E37A411BF35A04003E2F44 /* Debug */,
				77E37A421BF35A04003E2F44 /* Release */,
			);
			defaultConfigurationIsVisible = 0;
			defaultConfigurationName = Release;
		};
		77E37A431BF35A04003E2F44 /* Build configuration list for PBXNativeTarget "网易新闻UITests" */ = {
			isa = XCConfigurationList;
			buildConfigurations = (
				77E37A441BF35A04003E2F44 /* Debug */,
				77E37A451BF35A04003E2F44 /* Release */,
			);
			defaultConfigurationIsVisible = 0;
			defaultConfigurationName = Release;
		};
/* End XCConfigurationList section */
	};
	rootObject = 77E37A0D1BF35A04003E2F44 /* Project object */;
}
