// !$*UTF8*$!
{
	archiveVersion = 1;
	classes = {
	};
	objectVersion = 46;
	objects = {

/* Begin PBXBuildFile section */
		770ECE6D1C19271900771232 /* UITableView+FDIndexPathHeightCache.m in Sources */ = {isa = PBXBuildFile; fileRef = 770ECE661C19271900771232 /* UITableView+FDIndexPathHeightCache.m */; };
		770ECE6E1C19271900771232 /* UITableView+FDKeyedHeightCache.m in Sources */ = {isa = PBXBuildFile; fileRef = 770ECE681C19271900771232 /* UITableView+FDKeyedHeightCache.m */; };
		770ECE6F1C19271900771232 /* UITableView+FDTemplateLayoutCell.m in Sources */ = {isa = PBXBuildFile; fileRef = 770ECE6A1C19271900771232 /* UITableView+FDTemplateLayoutCell.m */; };
		770ECE701C19271900771232 /* UITableView+FDTemplateLayoutCellDebug.m in Sources */ = {isa = PBXBuildFile; fileRef = 770ECE6C1C19271900771232 /* UITableView+FDTemplateLayoutCellDebug.m */; };
		7717E3301C186573002FE7CE /* ReplyCell.swift in Sources */ = {isa = PBXBuildFile; fileRef = 7717E32F1C186573002FE7CE /* ReplyCell.swift */; };
		77256FF31C30D0B70052AD7F /* ReadNormalNewsCell.swift in Sources */ = {isa = PBXBuildFile; fileRef = 77256FF21C30D0B70052AD7F /* ReadNormalNewsCell.swift */; };
		77256FF51C30D0C90052AD7F /* ReadThreePictureCell.swift in Sources */ = {isa = PBXBuildFile; fileRef = 77256FF41C30D0C90052AD7F /* ReadThreePictureCell.swift */; };
		77256FF71C30D0D60052AD7F /* ReadBigPictureCell.swift in Sources */ = {isa = PBXBuildFile; fileRef = 77256FF61C30D0D60052AD7F /* ReadBigPictureCell.swift */; };
		7729B0881C8C205A00F86544 /* SubReplyCell.xib in Resources */ = {isa = PBXBuildFile; fileRef = 7729B0871C8C205A00F86544 /* SubReplyCell.xib */; };
		7729B08A1C8C221E00F86544 /* ReplyCell.xib in Resources */ = {isa = PBXBuildFile; fileRef = 7729B0891C8C221E00F86544 /* ReplyCell.xib */; };
		7729B08C1C8C4FD100F86544 /* MediaDetailController.swift in Sources */ = {isa = PBXBuildFile; fileRef = 7729B08B1C8C4FD100F86544 /* MediaDetailController.swift */; };
		7729B08F1C8C58F900F86544 /* ReplyCellProvider.swift in Sources */ = {isa = PBXBuildFile; fileRef = 7729B08E1C8C58F900F86544 /* ReplyCellProvider.swift */; };
		7729B0911C8C5E5B00F86544 /* RecommendCell.xib in Resources */ = {isa = PBXBuildFile; fileRef = 7729B0901C8C5E5B00F86544 /* RecommendCell.xib */; };
		7729B0931C8C5E7400F86544 /* RecommendCell.swift in Sources */ = {isa = PBXBuildFile; fileRef = 7729B0921C8C5E7400F86544 /* RecommendCell.swift */; };
		772A3CBE1C12CED80048E4C6 /* ReplyController.swift in Sources */ = {isa = PBXBuildFile; fileRef = 772A3CBD1C12CED80048E4C6 /* ReplyController.swift */; };
		774ADCAD1C4B7D5C002AF79B /* MediaController.swift in Sources */ = {isa = PBXBuildFile; fileRef = 774ADCAC1C4B7D5C002AF79B /* MediaController.swift */; };
		774ADCB01C4B7EBF002AF79B /* MediaModel.swift in Sources */ = {isa = PBXBuildFile; fileRef = 774ADCAF1C4B7EBF002AF79B /* MediaModel.swift */; };
		774ADCB31C4B8B1D002AF79B /* VideoCell.swift in Sources */ = {isa = PBXBuildFile; fileRef = 774ADCB21C4B8B1D002AF79B /* VideoCell.swift */; };
		774ADCB51C4B8C1C002AF79B /* VideoListHeardView.swift in Sources */ = {isa = PBXBuildFile; fileRef = 774ADCB41C4B8C1C002AF79B /* VideoListHeardView.swift */; };
		774ADCB71C4B8C26002AF79B /* VideoListHeardView.xib in Resources */ = {isa = PBXBuildFile; fileRef = 774ADCB61C4B8C26002AF79B /* VideoListHeardView.xib */; };
		774BFEB31C897BA900EC59F1 /* PlayerControlView.swift in Sources */ = {isa = PBXBuildFile; fileRef = 774BFE9B1C897BA900EC59F1 /* PlayerControlView.swift */; };
		774BFEB41C897BA900EC59F1 /* PlayerControlView.xib in Resources */ = {isa = PBXBuildFile; fileRef = 774BFE9C1C897BA900EC59F1 /* PlayerControlView.xib */; };
		774BFEB51C897BA900EC59F1 /* PlayerControlViewAuxiliary.swift in Sources */ = {isa = PBXBuildFile; fileRef = 774BFE9D1C897BA900EC59F1 /* PlayerControlViewAuxiliary.swift */; };
		774BFEB71C897BA900EC59F1 /* WLBasePlayerControlView.swift in Sources */ = {isa = PBXBuildFile; fileRef = 774BFE9F1C897BA900EC59F1 /* WLBasePlayerControlView.swift */; };
		774BFEB81C897BA900EC59F1 /* WLPlayerHandler.swift in Sources */ = {isa = PBXBuildFile; fileRef = 774BFEA01C897BA900EC59F1 /* WLPlayerHandler.swift */; };
		774BFEB91C897BA900EC59F1 /* WLVideoPlayerView.swift in Sources */ = {isa = PBXBuildFile; fileRef = 774BFEA11C897BA900EC59F1 /* WLVideoPlayerView.swift */; };
		77501B3C1BFA1968001B8F28 /* Details.css in Resources */ = {isa = PBXBuildFile; fileRef = 77501B3B1BFA1968001B8F28 /* Details.css */; };
		775DAE121C0558B60082BDB8 /* city.plist in Resources */ = {isa = PBXBuildFile; fileRef = 775DAE111C0558B60082BDB8 /* city.plist */; };
		777C969C1BF89DCF00519375 /* MJRefreshAutoFooter.m in Sources */ = {isa = PBXBuildFile; fileRef = 777C96721BF89DCF00519375 /* MJRefreshAutoFooter.m */; };
		777C969D1BF89DCF00519375 /* MJRefreshBackFooter.m in Sources */ = {isa = PBXBuildFile; fileRef = 777C96741BF89DCF00519375 /* MJRefreshBackFooter.m */; };
		777C969E1BF89DCF00519375 /* MJRefreshComponent.m in Sources */ = {isa = PBXBuildFile; fileRef = 777C96761BF89DCF00519375 /* MJRefreshComponent.m */; };
		777C969F1BF89DCF00519375 /* MJRefreshFooter.m in Sources */ = {isa = PBXBuildFile; fileRef = 777C96781BF89DCF00519375 /* MJRefreshFooter.m */; };
		777C96A01BF89DCF00519375 /* MJRefreshHeader.m in Sources */ = {isa = PBXBuildFile; fileRef = 777C967A1BF89DCF00519375 /* MJRefreshHeader.m */; };
		777C96A11BF89DCF00519375 /* MJRefreshAutoGifFooter.m in Sources */ = {isa = PBXBuildFile; fileRef = 777C967F1BF89DCF00519375 /* MJRefreshAutoGifFooter.m */; };
		777C96A21BF89DCF00519375 /* MJRefreshAutoNormalFooter.m in Sources */ = {isa = PBXBuildFile; fileRef = 777C96811BF89DCF00519375 /* MJRefreshAutoNormalFooter.m */; };
		777C96A31BF89DCF00519375 /* MJRefreshAutoStateFooter.m in Sources */ = {isa = PBXBuildFile; fileRef = 777C96831BF89DCF00519375 /* MJRefreshAutoStateFooter.m */; };
		777C96A41BF89DCF00519375 /* MJRefreshBackGifFooter.m in Sources */ = {isa = PBXBuildFile; fileRef = 777C96861BF89DCF00519375 /* MJRefreshBackGifFooter.m */; };
		777C96A51BF89DCF00519375 /* MJRefreshBackNormalFooter.m in Sources */ = {isa = PBXBuildFile; fileRef = 777C96881BF89DCF00519375 /* MJRefreshBackNormalFooter.m */; };
		777C96A61BF89DCF00519375 /* MJRefreshBackStateFooter.m in Sources */ = {isa = PBXBuildFile; fileRef = 777C968A1BF89DCF00519375 /* MJRefreshBackStateFooter.m */; };
		777C96A71BF89DCF00519375 /* MJRefreshGifHeader.m in Sources */ = {isa = PBXBuildFile; fileRef = 777C968D1BF89DCF00519375 /* MJRefreshGifHeader.m */; };
		777C96A81BF89DCF00519375 /* MJRefreshNormalHeader.m in Sources */ = {isa = PBXBuildFile; fileRef = 777C968F1BF89DCF00519375 /* MJRefreshNormalHeader.m */; };
		777C96A91BF89DCF00519375 /* MJRefreshStateHeader.m in Sources */ = {isa = PBXBuildFile; fileRef = 777C96911BF89DCF00519375 /* MJRefreshStateHeader.m */; };
		777C96AA1BF89DCF00519375 /* MJRefresh.bundle in Resources */ = {isa = PBXBuildFile; fileRef = 777C96921BF89DCF00519375 /* MJRefresh.bundle */; };
		777C96AB1BF89DCF00519375 /* MJRefreshConst.m in Sources */ = {isa = PBXBuildFile; fileRef = 777C96951BF89DCF00519375 /* MJRefreshConst.m */; };
		777C96AC1BF89DCF00519375 /* UIScrollView+MJExtension.m in Sources */ = {isa = PBXBuildFile; fileRef = 777C96971BF89DCF00519375 /* UIScrollView+MJExtension.m */; };
		777C96AD1BF89DCF00519375 /* UIScrollView+MJRefresh.m in Sources */ = {isa = PBXBuildFile; fileRef = 777C96991BF89DCF00519375 /* UIScrollView+MJRefresh.m */; };
		777C96AE1BF89DCF00519375 /* UIView+MJExtension.m in Sources */ = {isa = PBXBuildFile; fileRef = 777C969B1BF89DCF00519375 /* UIView+MJExtension.m */; };
		77B02BCB1C2F847900E31517 /* ReadController.swift in Sources */ = {isa = PBXBuildFile; fileRef = 77B02BCA1C2F847900E31517 /* ReadController.swift */; };
		77B02BCE1C2F90C300E31517 /* ReadHeadView.swift in Sources */ = {isa = PBXBuildFile; fileRef = 77B02BCD1C2F90C300E31517 /* ReadHeadView.swift */; };
		77B02BD01C2F90F700E31517 /* ReadHeadView.xib in Resources */ = {isa = PBXBuildFile; fileRef = 77B02BCF1C2F90F700E31517 /* ReadHeadView.xib */; };
		77B78C251BFC230300FA7F69 /* NewsList.storyboard in Resources */ = {isa = PBXBuildFile; fileRef = 77B78C231BFC230300FA7F69 /* NewsList.storyboard */; };
		77CAD3D01C30059A0089DAB5 /* ReadModel.swift in Sources */ = {isa = PBXBuildFile; fileRef = 77CAD3CF1C30059A0089DAB5 /* ReadModel.swift */; };
		77DA00391C06DC2100741E6A /* NewsController.swift in Sources */ = {isa = PBXBuildFile; fileRef = 77DA000D1C06DC2100741E6A /* NewsController.swift */; };
		77DA003A1C06DC2100741E6A /* NewsListContorller.swift in Sources */ = {isa = PBXBuildFile; fileRef = 77DA000E1C06DC2100741E6A /* NewsListContorller.swift */; };
		77DA003B1C06DC2100741E6A /* NewsModels.swift in Sources */ = {isa = PBXBuildFile; fileRef = 77DA00101C06DC2100741E6A /* NewsModels.swift */; };
		77DA003C1C06DC2100741E6A /* CellProvider.swift in Sources */ = {isa = PBXBuildFile; fileRef = 77DA00121C06DC2100741E6A /* CellProvider.swift */; };
		77DA003D1C06DC2100741E6A /* BigPictureCell.swift in Sources */ = {isa = PBXBuildFile; fileRef = 77DA00151C06DC2100741E6A /* BigPictureCell.swift */; };
		77DA003E1C06DC2100741E6A /* NewsCell.swift in Sources */ = {isa = PBXBuildFile; fileRef = 77DA00161C06DC2100741E6A /* NewsCell.swift */; };
		77DA003F1C06DC2100741E6A /* NormalNewsCell.swift in Sources */ = {isa = PBXBuildFile; fileRef = 77DA00171C06DC2100741E6A /* NormalNewsCell.swift */; };
		77DA00401C06DC2100741E6A /* ScrollPictureCell.swift in Sources */ = {isa = PBXBuildFile; fileRef = 77DA00181C06DC2100741E6A /* ScrollPictureCell.swift */; };
		77DA00411C06DC2100741E6A /* ThreePictureCell.swift in Sources */ = {isa = PBXBuildFile; fileRef = 77DA00191C06DC2100741E6A /* ThreePictureCell.swift */; };
		77DA00421C06DC2100741E6A /* TopBigPictureCell.swift in Sources */ = {isa = PBXBuildFile; fileRef = 77DA001A1C06DC2100741E6A /* TopBigPictureCell.swift */; };
		77DA00431C06DC2100741E6A /* ChannelLabel.swift in Sources */ = {isa = PBXBuildFile; fileRef = 77DA001B1C06DC2100741E6A /* ChannelLabel.swift */; };
		77DA00441C06DC2100741E6A /* AuxiliaryModels.swift in Sources */ = {isa = PBXBuildFile; fileRef = 77DA001D1C06DC2100741E6A /* AuxiliaryModels.swift */; };
		77DA00451C06DC2100741E6A /* CyclePictureCell.swift in Sources */ = {isa = PBXBuildFile; fileRef = 77DA001E1C06DC2100741E6A /* CyclePictureCell.swift */; };
		77DA00461C06DC2100741E6A /* CyclePictureView.swift in Sources */ = {isa = PBXBuildFile; fileRef = 77DA001F1C06DC2100741E6A /* CyclePictureView.swift */; };
		77DA00471C06DC2100741E6A /* NewsContainerView.swift in Sources */ = {isa = PBXBuildFile; fileRef = 77DA00201C06DC2100741E6A /* NewsContainerView.swift */; };
		77DA00481C06DC2100741E6A /* SecondLaunchView.swift in Sources */ = {isa = PBXBuildFile; fileRef = 77DA00211C06DC2100741E6A /* SecondLaunchView.swift */; };
		77DA00491C06DC2100741E6A /* SecondLaunchView.xib in Resources */ = {isa = PBXBuildFile; fileRef = 77DA00221C06DC2100741E6A /* SecondLaunchView.xib */; };
		77DA004A1C06DC2100741E6A /* DetaillNewsController.swift in Sources */ = {isa = PBXBuildFile; fileRef = 77DA00251C06DC2100741E6A /* DetaillNewsController.swift */; };
		77DA004B1C06DC2100741E6A /* ImportantNewsController.swift in Sources */ = {isa = PBXBuildFile; fileRef = 77DA00261C06DC2100741E6A /* ImportantNewsController.swift */; };
		77DA004C1C06DC2100741E6A /* PictureNewsController.swift in Sources */ = {isa = PBXBuildFile; fileRef = 77DA00271C06DC2100741E6A /* PictureNewsController.swift */; };
		77DA004D1C06DC2100741E6A /* SpecialNewsController.swift in Sources */ = {isa = PBXBuildFile; fileRef = 77DA00281C06DC2100741E6A /* SpecialNewsController.swift */; };
		77DA004E1C06DC2100741E6A /* NewsDetailModels.swift in Sources */ = {isa = PBXBuildFile; fileRef = 77DA002A1C06DC2100741E6A /* NewsDetailModels.swift */; };
		77DA004F1C06DC2100741E6A /* DetailPictureView.swift in Sources */ = {isa = PBXBuildFile; fileRef = 77DA002C1C06DC2100741E6A /* DetailPictureView.swift */; };
		77DA00501C06DC2100741E6A /* DetailPictureView.xib in Resources */ = {isa = PBXBuildFile; fileRef = 77DA002D1C06DC2100741E6A /* DetailPictureView.xib */; };
		77DA00511C06DC2100741E6A /* SpecialNewsHeardView.swift in Sources */ = {isa = PBXBuildFile; fileRef = 77DA002E1C06DC2100741E6A /* SpecialNewsHeardView.swift */; };
		77DA00521C06DC2100741E6A /* CitySelectController.swift in Sources */ = {isa = PBXBuildFile; fileRef = 77DA00311C06DC2100741E6A /* CitySelectController.swift */; };
		77DA00531C06DC2100741E6A /* WeatherDetailController.swift in Sources */ = {isa = PBXBuildFile; fileRef = 77DA00321C06DC2100741E6A /* WeatherDetailController.swift */; };
		77DA00541C06DC2100741E6A /* WeatherInfoModel.swift in Sources */ = {isa = PBXBuildFile; fileRef = 77DA00341C06DC2100741E6A /* WeatherInfoModel.swift */; };
		77DA00551C06DC2100741E6A /* WeatherView.swift in Sources */ = {isa = PBXBuildFile; fileRef = 77DA00361C06DC2100741E6A /* WeatherView.swift */; };
		77DA00561C06DC2100741E6A /* WeatherView.xib in Resources */ = {isa = PBXBuildFile; fileRef = 77DA00371C06DC2100741E6A /* WeatherView.xib */; };
		77DA00571C06DC2100741E6A /* Weather.storyboard in Resources */ = {isa = PBXBuildFile; fileRef = 77DA00381C06DC2100741E6A /* Weather.storyboard */; };
		77DA00681C072F4600741E6A /* FMDatabase.m in Sources */ = {isa = PBXBuildFile; fileRef = 77DA005E1C072F4600741E6A /* FMDatabase.m */; };
		77DA00691C072F4600741E6A /* FMDatabaseAdditions.m in Sources */ = {isa = PBXBuildFile; fileRef = 77DA00601C072F4600741E6A /* FMDatabaseAdditions.m */; };
		77DA006A1C072F4600741E6A /* FMDatabasePool.m in Sources */ = {isa = PBXBuildFile; fileRef = 77DA00621C072F4600741E6A /* FMDatabasePool.m */; };
		77DA006B1C072F4600741E6A /* FMDatabaseQueue.m in Sources */ = {isa = PBXBuildFile; fileRef = 77DA00641C072F4600741E6A /* FMDatabaseQueue.m */; };
		77DA006C1C072F4600741E6A /* FMResultSet.m in Sources */ = {isa = PBXBuildFile; fileRef = 77DA00671C072F4600741E6A /* FMResultSet.m */; };
		77DA006E1C072F7400741E6A /* libsqlite3.0.tbd in Frameworks */ = {isa = PBXBuildFile; fileRef = 77DA006D1C072F7400741E6A /* libsqlite3.0.tbd */; };
		77DA00701C072F9200741E6A /* LocalDataTool.swift in Sources */ = {isa = PBXBuildFile; fileRef = 77DA006F1C072F9200741E6A /* LocalDataTool.swift */; };
		77E186EA1C23E84E0048132E /* SubReplyCell.swift in Sources */ = {isa = PBXBuildFile; fileRef = 77E186E91C23E84E0048132E /* SubReplyCell.swift */; };
		77E37A1E1BF35A04003E2F44 /* Main.storyboard in Resources */ = {isa = PBXBuildFile; fileRef = 77E37A1C1BF35A04003E2F44 /* Main.storyboard */; };
		77E37A201BF35A04003E2F44 /* Assets.xcassets in Resources */ = {isa = PBXBuildFile; fileRef = 77E37A1F1BF35A04003E2F44 /* Assets.xcassets */; };
		77E37A231BF35A04003E2F44 /* LaunchScreen.storyboard in Resources */ = {isa = PBXBuildFile; fileRef = 77E37A211BF35A04003E2F44 /* LaunchScreen.storyboard */; };
		77E37A2E1BF35A04003E2F44 /* ____Tests.swift in Sources */ = {isa = PBXBuildFile; fileRef = 77E37A2D1BF35A04003E2F44 /* ____Tests.swift */; };
		77E37A391BF35A04003E2F44 /* ____UITests.swift in Sources */ = {isa = PBXBuildFile; fileRef = 77E37A381BF35A04003E2F44 /* ____UITests.swift */; };
		77E37A4B1BF35CC4003E2F44 /* News.storyboard in Resources */ = {isa = PBXBuildFile; fileRef = 77E37A491BF35CC4003E2F44 /* News.storyboard */; };
		77E37A4E1BF35D50003E2F44 /* Read.storyboard in Resources */ = {isa = PBXBuildFile; fileRef = 77E37A4C1BF35D50003E2F44 /* Read.storyboard */; };
		77E37A511BF35DC5003E2F44 /* Media.storyboard in Resources */ = {isa = PBXBuildFile; fileRef = 77E37A4F1BF35DC5003E2F44 /* Media.storyboard */; };
		77E37A541BF35DFC003E2F44 /* Discover.storyboard in Resources */ = {isa = PBXBuildFile; fileRef = 77E37A521BF35DFC003E2F44 /* Discover.storyboard */; };
		77E37A571BF35E2C003E2F44 /* Me.storyboard in Resources */ = {isa = PBXBuildFile; fileRef = 77E37A551BF35E2C003E2F44 /* Me.storyboard */; };
		77E37A671BF361DB003E2F44 /* AppDelegate.swift in Sources */ = {isa = PBXBuildFile; fileRef = 77E37A5C1BF361DB003E2F44 /* AppDelegate.swift */; };
		77E37A691BF3650C003E2F44 /* TabBarExtension.swift in Sources */ = {isa = PBXBuildFile; fileRef = 77E37A681BF3650C003E2F44 /* TabBarExtension.swift */; };
		77E37A6B1BF36B38003E2F44 /* NavgationBarExtension.swift in Sources */ = {isa = PBXBuildFile; fileRef = 77E37A6A1BF36B38003E2F44 /* NavgationBarExtension.swift */; };
		77E37A861BF3835F003E2F44 /* DataTool.swift in Sources */ = {isa = PBXBuildFile; fileRef = 77E37A851BF3835F003E2F44 /* DataTool.swift */; };
		77F2C3E51BF482FA000BB753 /* channels.plist in Resources */ = {isa = PBXBuildFile; fileRef = 77F2C3E41BF482FA000BB753 /* channels.plist */; };
		77FDB3151C1A58FE00EC67BE /* ReplyHeardView.swift in Sources */ = {isa = PBXBuildFile; fileRef = 77FDB3141C1A58FE00EC67BE /* ReplyHeardView.swift */; };
		77FDB3171C1A590E00EC67BE /* ReplyHeardView.xib in Resources */ = {isa = PBXBuildFile; fileRef = 77FDB3161C1A590E00EC67BE /* ReplyHeardView.xib */; };
		AB5C5665446058479C2675F9 /* Pods.framework in Frameworks */ = {isa = PBXBuildFile; fileRef = 46874A2F9A228B6B0ECF1983 /* Pods.framework */; };
/* End PBXBuildFile section */

/* Begin PBXContainerItemProxy section */
		77E37A2A1BF35A04003E2F44 /* PBXContainerItemProxy */ = {
			isa = PBXContainerItemProxy;
			containerPortal = 77E37A0D1BF35A04003E2F44 /* Project object */;
			proxyType = 1;
			remoteGlobalIDString = 77E37A141BF35A04003E2F44;
			remoteInfo = "网易新闻";
		};
		77E37A351BF35A04003E2F44 /* PBXContainerItemProxy */ = {
			isa = PBXContainerItemProxy;
			containerPortal = 77E37A0D1BF35A04003E2F44 /* Project object */;
			proxyType = 1;
			remoteGlobalIDString = 77E37A141BF35A04003E2F44;
			remoteInfo = "网易新闻";
		};
/* End PBXContainerItemProxy section */

/* Begin PBXFileReference section */
		46874A2F9A228B6B0ECF1983 /* Pods.framework */ = {isa = PBXFileReference; explicitFileType = wrapper.framework; includeInIndex = 0; path = Pods.framework; sourceTree = BUILT_PRODUCTS_DIR; };
		770ECE651C19271900771232 /* UITableView+FDIndexPathHeightCache.h */ = {isa = PBXFileReference; fileEncoding = 4; lastKnownFileType = sourcecode.c.h; path = "UITableView+FDIndexPathHeightCache.h"; sourceTree = "<group>"; };
		770ECE661C19271900771232 /* UITableView+FDIndexPathHeightCache.m */ = {isa = PBXFileReference; fileEncoding = 4; lastKnownFileType = sourcecode.c.objc; path = "UITableView+FDIndexPathHeightCache.m"; sourceTree = "<group>"; };
		770ECE671C19271900771232 /* UITableView+FDKeyedHeightCache.h */ = {isa = PBXFileReference; fileEncoding = 4; lastKnownFileType = sourcecode.c.h; path = "UITableView+FDKeyedHeightCache.h"; sourceTree = "<group>"; };
		770ECE681C19271900771232 /* UITableView+FDKeyedHeightCache.m */ = {isa = PBXFileReference; fileEncoding = 4; lastKnownFileType = sourcecode.c.objc; path = "UITableView+FDKeyedHeightCache.m"; sourceTree = "<group>"; };
		770ECE691C19271900771232 /* UITableView+FDTemplateLayoutCell.h */ = {isa = PBXFileReference; fileEncoding = 4; lastKnownFileType = sourcecode.c.h; path = "UITableView+FDTemplateLayoutCell.h"; sourceTree = "<group>"; };
		770ECE6A1C19271900771232 /* UITableView+FDTemplateLayoutCell.m */ = {isa = PBXFileReference; fileEncoding = 4; lastKnownFileType = sourcecode.c.objc; path = "UITableView+FDTemplateLayoutCell.m"; sourceTree = "<group>"; };
		770ECE6B1C19271900771232 /* UITableView+FDTemplateLayoutCellDebug.h */ = {isa = PBXFileReference; fileEncoding = 4; lastKnownFileType = sourcecode.c.h; path = "UITableView+FDTemplateLayoutCellDebug.h"; sourceTree = "<group>"; };
		770ECE6C1C19271900771232 /* UITableView+FDTemplateLayoutCellDebug.m */ = {isa = PBXFileReference; fileEncoding = 4; lastKnownFileType = sourcecode.c.objc; path = "UITableView+FDTemplateLayoutCellDebug.m"; sourceTree = "<group>"; };
		7717E32F1C186573002FE7CE /* ReplyCell.swift */ = {isa = PBXFileReference; fileEncoding = 4; lastKnownFileType = sourcecode.swift; path = ReplyCell.swift; sourceTree = "<group>"; };
		77256FF21C30D0B70052AD7F /* ReadNormalNewsCell.swift */ = {isa = PBXFileReference; fileEncoding = 4; lastKnownFileType = sourcecode.swift; path = ReadNormalNewsCell.swift; sourceTree = "<group>"; };
		77256FF41C30D0C90052AD7F /* ReadThreePictureCell.swift */ = {isa = PBXFileReference; fileEncoding = 4; lastKnownFileType = sourcecode.swift; path = ReadThreePictureCell.swift; sourceTree = "<group>"; };
		77256FF61C30D0D60052AD7F /* ReadBigPictureCell.swift */ = {isa = PBXFileReference; fileEncoding = 4; lastKnownFileType = sourcecode.swift; path = ReadBigPictureCell.swift; sourceTree = "<group>"; };
		7729B0871C8C205A00F86544 /* SubReplyCell.xib */ = {isa = PBXFileReference; fileEncoding = 4; lastKnownFileType = file.xib; path = SubReplyCell.xib; sourceTree = "<group>"; };
		7729B0891C8C221E00F86544 /* ReplyCell.xib */ = {isa = PBXFileReference; fileEncoding = 4; lastKnownFileType = file.xib; path = ReplyCell.xib; sourceTree = "<group>"; };
		7729B08B1C8C4FD100F86544 /* MediaDetailController.swift */ = {isa = PBXFileReference; fileEncoding = 4; lastKnownFileType = sourcecode.swift; path = MediaDetailController.swift; sourceTree = "<group>"; };
		7729B08E1C8C58F900F86544 /* ReplyCellProvider.swift */ = {isa = PBXFileReference; fileEncoding = 4; lastKnownFileType = sourcecode.swift; path = ReplyCellProvider.swift; sourceTree = "<group>"; };
		7729B0901C8C5E5B00F86544 /* RecommendCell.xib */ = {isa = PBXFileReference; fileEncoding = 4; lastKnownFileType = file.xib; path = RecommendCell.xib; sourceTree = "<group>"; };
		7729B0921C8C5E7400F86544 /* RecommendCell.swift */ = {isa = PBXFileReference; fileEncoding = 4; lastKnownFileType = sourcecode.swift; path = RecommendCell.swift; sourceTree = "<group>"; };
		772A3CBD1C12CED80048E4C6 /* ReplyController.swift */ = {isa = PBXFileReference; fileEncoding = 4; lastKnownFileType = sourcecode.swift; path = ReplyController.swift; sourceTree = "<group>"; };
		774ADCAC1C4B7D5C002AF79B /* MediaController.swift */ = {isa = PBXFileReference; fileEncoding = 4; lastKnownFileType = sourcecode.swift; path = MediaController.swift; sourceTree = "<group>"; };
		774ADCAF1C4B7EBF002AF79B /* MediaModel.swift */ = {isa = PBXFileReference; fileEncoding = 4; lastKnownFileType = sourcecode.swift; path = MediaModel.swift; sourceTree = "<group>"; };
		774ADCB21C4B8B1D002AF79B /* VideoCell.swift */ = {isa = PBXFileReference; fileEncoding = 4; lastKnownFileType = sourcecode.swift; path = VideoCell.swift; sourceTree = "<group>"; };
		774ADCB41C4B8C1C002AF79B /* VideoListHeardView.swift */ = {isa = PBXFileReference; fileEncoding = 4; lastKnownFileType = sourcecode.swift; path = VideoListHeardView.swift; sourceTree = "<group>"; };
		774ADCB61C4B8C26002AF79B /* VideoListHeardView.xib */ = {isa = PBXFileReference; fileEncoding = 4; lastKnownFileType = file.xib; path = VideoListHeardView.xib; sourceTree = "<group>"; };
		774BFE9B1C897BA900EC59F1 /* PlayerControlView.swift */ = {isa = PBXFileReference; fileEncoding = 4; lastKnownFileType = sourcecode.swift; path = PlayerControlView.swift; sourceTree = "<group>"; };
		774BFE9C1C897BA900EC59F1 /* PlayerControlView.xib */ = {isa = PBXFileReference; fileEncoding = 4; lastKnownFileType = file.xib; path = PlayerControlView.xib; sourceTree = "<group>"; };
		774BFE9D1C897BA900EC59F1 /* PlayerControlViewAuxiliary.swift */ = {isa = PBXFileReference; fileEncoding = 4; lastKnownFileType = sourcecode.swift; path = PlayerControlViewAuxiliary.swift; sourceTree = "<group>"; };
		774BFE9F1C897BA900EC59F1 /* WLBasePlayerControlView.swift */ = {isa = PBXFileReference; fileEncoding = 4; lastKnownFileType = sourcecode.swift; path = WLBasePlayerControlView.swift; sourceTree = "<group>"; };
		774BFEA01C897BA900EC59F1 /* WLPlayerHandler.swift */ = {isa = PBXFileReference; fileEncoding = 4; lastKnownFileType = sourcecode.swift; path = WLPlayerHandler.swift; sourceTree = "<group>"; };
		774BFEA11C897BA900EC59F1 /* WLVideoPlayerView.swift */ = {isa = PBXFileReference; fileEncoding = 4; lastKnownFileType = sourcecode.swift; path = WLVideoPlayerView.swift; sourceTree = "<group>"; };
		77501B3B1BFA1968001B8F28 /* Details.css */ = {isa = PBXFileReference; fileEncoding = 4; lastKnownFileType = text.css; path = Details.css; sourceTree = "<group>"; };
		775C216BA8EC4AA967E13C66 /* Pods.debug.xcconfig */ = {isa = PBXFileReference; includeInIndex = 1; lastKnownFileType = text.xcconfig; name = Pods.debug.xcconfig; path = "Pods/Target Support Files/Pods/Pods.debug.xcconfig"; sourceTree = "<group>"; };
		775DAE111C0558B60082BDB8 /* city.plist */ = {isa = PBXFileReference; fileEncoding = 4; lastKnownFileType = text.plist.xml; path = city.plist; sourceTree = "<group>"; };
		777C963C1BF86EFF00519375 /* 网易新闻-Bridging-Header.h */ = {isa = PBXFileReference; lastKnownFileType = sourcecode.c.h; path = "网易新闻-Bridging-Header.h"; sourceTree = "<group>"; };
		777C96711BF89DCF00519375 /* MJRefreshAutoFooter.h */ = {isa = PBXFileReference; fileEncoding = 4; lastKnownFileType = sourcecode.c.h; path = MJRefreshAutoFooter.h; sourceTree = "<group>"; };
		777C96721BF89DCF00519375 /* MJRefreshAutoFooter.m */ = {isa = PBXFileReference; fileEncoding = 4; lastKnownFileType = sourcecode.c.objc; path = MJRefreshAutoFooter.m; sourceTree = "<group>"; };
		777C96731BF89DCF00519375 /* MJRefreshBackFooter.h */ = {isa = PBXFileReference; fileEncoding = 4; lastKnownFileType = sourcecode.c.h; path = MJRefreshBackFooter.h; sourceTree = "<group>"; };
		777C96741BF89DCF00519375 /* MJRefreshBackFooter.m */ = {isa = PBXFileReference; fileEncoding = 4; lastKnownFileType = sourcecode.c.objc; path = MJRefreshBackFooter.m; sourceTree = "<group>"; };
		777C96751BF89DCF00519375 /* MJRefreshComponent.h */ = {isa = PBXFileReference; fileEncoding = 4; lastKnownFileType = sourcecode.c.h; path = MJRefreshComponent.h; sourceTree = "<group>"; };
		777C96761BF89DCF00519375 /* MJRefreshComponent.m */ = {isa = PBXFileReference; fileEncoding = 4; lastKnownFileType = sourcecode.c.objc; path = MJRefreshComponent.m; sourceTree = "<group>"; };
		777C96771BF89DCF00519375 /* MJRefreshFooter.h */ = {isa = PBXFileReference; fileEncoding = 4; lastKnownFileType = sourcecode.c.h; path = MJRefreshFooter.h; sourceTree = "<group>"; };
		777C96781BF89DCF00519375 /* MJRefreshFooter.m */ = {isa = PBXFileReference; fileEncoding = 4; lastKnownFileType = sourcecode.c.objc; path = MJRefreshFooter.m; sourceTree = "<group>"; };
		777C96791BF89DCF00519375 /* MJRefreshHeader.h */ = {isa = PBXFileReference; fileEncoding = 4; lastKnownFileType = sourcecode.c.h; path = MJRefreshHeader.h; sourceTree = "<group>"; };
		777C967A1BF89DCF00519375 /* MJRefreshHeader.m */ = {isa = PBXFileReference; fileEncoding = 4; lastKnownFileType = sourcecode.c.objc; path = MJRefreshHeader.m; sourceTree = "<group>"; };
		777C967E1BF89DCF00519375 /* MJRefreshAutoGifFooter.h */ = {isa = PBXFileReference; fileEncoding = 4; lastKnownFileType = sourcecode.c.h; path = MJRefreshAutoGifFooter.h; sourceTree = "<group>"; };
		777C967F1BF89DCF00519375 /* MJRefreshAutoGifFooter.m */ = {isa = PBXFileReference; fileEncoding = 4; lastKnownFileType = sourcecode.c.objc; path = MJRefreshAutoGifFooter.m; sourceTree = "<group>"; };
		777C96801BF89DCF00519375 /* MJRefreshAutoNormalFooter.h */ = {isa = PBXFileReference; fileEncoding = 4; lastKnownFileType = sourcecode.c.h; path = MJRefreshAutoNormalFooter.h; sourceTree = "<group>"; };
		777C96811BF89DCF00519375 /* MJRefreshAutoNormalFooter.m */ = {isa = PBXFileReference; fileEncoding = 4; lastKnownFileType = sourcecode.c.objc; path = MJRefreshAutoNormalFooter.m; sourceTree = "<group>"; };
		777C96821BF89DCF00519375 /* MJRefreshAutoStateFooter.h */ = {isa = PBXFileReference; fileEncoding = 4; lastKnownFileType = sourcecode.c.h; path = MJRefreshAutoStateFooter.h; sourceTree = "<group>"; };
		777C96831BF89DCF00519375 /* MJRefreshAutoStateFooter.m */ = {isa = PBXFileReference; fileEncoding = 4; lastKnownFileType = sourcecode.c.objc; path = MJRefreshAutoStateFooter.m; sourceTree = "<group>"; };
		777C96851BF89DCF00519375 /* MJRefreshBackGifFooter.h */ = {isa = PBXFileReference; fileEncoding = 4; lastKnownFileType = sourcecode.c.h; path = MJRefreshBackGifFooter.h; sourceTree = "<group>"; };
		777C96861BF89DCF00519375 /* MJRefreshBackGifFooter.m */ = {isa = PBXFileReference; fileEncoding = 4; lastKnownFileType = sourcecode.c.objc; path = MJRefreshBackGifFooter.m; sourceTree = "<group>"; };
		777C96871BF89DCF00519375 /* MJRefreshBackNormalFooter.h */ = {isa = PBXFileReference; fileEncoding = 4; lastKnownFileType = sourcecode.c.h; path = MJRefreshBackNormalFooter.h; sourceTree = "<group>"; };
		777C96881BF89DCF00519375 /* MJRefreshBackNormalFooter.m */ = {isa = PBXFileReference; fileEncoding = 4; lastKnownFileType = sourcecode.c.objc; path = MJRefreshBackNormalFooter.m; sourceTree = "<group>"; };
		777C96891BF89DCF00519375 /* MJRefreshBackStateFooter.h */ = {isa = PBXFileReference; fileEncoding = 4; lastKnownFileType = sourcecode.c.h; path = MJRefreshBackStateFooter.h; sourceTree = "<group>"; };
		777C968A1BF89DCF00519375 /* MJRefreshBackStateFooter.m */ = {isa = PBXFileReference; fileEncoding = 4; lastKnownFileType = sourcecode.c.objc; path = MJRefreshBackStateFooter.m; sourceTree = "<group>"; };
		777C968C1BF89DCF00519375 /* MJRefreshGifHeader.h */ = {isa = PBXFileReference; fileEncoding = 4; lastKnownFileType = sourcecode.c.h; path = MJRefreshGifHeader.h; sourceTree = "<group>"; };
		777C968D1BF89DCF00519375 /* MJRefreshGifHeader.m */ = {isa = PBXFileReference; fileEncoding = 4; lastKnownFileType = sourcecode.c.objc; path = MJRefreshGifHeader.m; sourceTree = "<group>"; };
		777C968E1BF89DCF00519375 /* MJRefreshNormalHeader.h */ = {isa = PBXFileReference; fileEncoding = 4; lastKnownFileType = sourcecode.c.h; path = MJRefreshNormalHeader.h; sourceTree = "<group>"; };
		777C968F1BF89DCF00519375 /* MJRefreshNormalHeader.m */ = {isa = PBXFileReference; fileEncoding = 4; lastKnownFileType = sourcecode.c.objc; path = MJRefreshNormalHeader.m; sourceTree = "<group>"; };
		777C96901BF89DCF00519375 /* MJRefreshStateHeader.h */ = {isa = PBXFileReference; fileEncoding = 4; lastKnownFileType = sourcecode.c.h; path = MJRefreshStateHeader.h; sourceTree = "<group>"; };
		777C96911BF89DCF00519375 /* MJRefreshStateHeader.m */ = {isa = PBXFileReference; fileEncoding = 4; lastKnownFileType = sourcecode.c.objc; path = MJRefreshStateHeader.m; sourceTree = "<group>"; };
		777C96921BF89DCF00519375 /* MJRefresh.bundle */ = {isa = PBXFileReference; lastKnownFileType = "wrapper.plug-in"; path = MJRefresh.bundle; sourceTree = "<group>"; };
		777C96931BF89DCF00519375 /* MJRefresh.h */ = {isa = PBXFileReference; fileEncoding = 4; lastKnownFileType = sourcecode.c.h; path = MJRefresh.h; sourceTree = "<group>"; };
		777C96941BF89DCF00519375 /* MJRefreshConst.h */ = {isa = PBXFileReference; fileEncoding = 4; lastKnownFileType = sourcecode.c.h; path = MJRefreshConst.h; sourceTree = "<group>"; };
		777C96951BF89DCF00519375 /* MJRefreshConst.m */ = {isa = PBXFileReference; fileEncoding = 4; lastKnownFileType = sourcecode.c.objc; path = MJRefreshConst.m; sourceTree = "<group>"; };
		777C96961BF89DCF00519375 /* UIScrollView+MJExtension.h */ = {isa = PBXFileReference; fileEncoding = 4; lastKnownFileType = sourcecode.c.h; path = "UIScrollView+MJExtension.h"; sourceTree = "<group>"; };
		777C96971BF89DCF00519375 /* UIScrollView+MJExtension.m */ = {isa = PBXFileReference; fileEncoding = 4; lastKnownFileType = sourcecode.c.objc; path = "UIScrollView+MJExtension.m"; sourceTree = "<group>"; };
		777C96981BF89DCF00519375 /* UIScrollView+MJRefresh.h */ = {isa = PBXFileReference; fileEncoding = 4; lastKnownFileType = sourcecode.c.h; path = "UIScrollView+MJRefresh.h"; sourceTree = "<group>"; };
		777C96991BF89DCF00519375 /* UIScrollView+MJRefresh.m */ = {isa = PBXFileReference; fileEncoding = 4; lastKnownFileType = sourcecode.c.objc; path = "UIScrollView+MJRefresh.m"; sourceTree = "<group>"; };
		777C969A1BF89DCF00519375 /* UIView+MJExtension.h */ = {isa = PBXFileReference; fileEncoding = 4; lastKnownFileType = sourcecode.c.h; path = "UIView+MJExtension.h"; sourceTree = "<group>"; };
		777C969B1BF89DCF00519375 /* UIView+MJExtension.m */ = {isa = PBXFileReference; fileEncoding = 4; lastKnownFileType = sourcecode.c.objc; path = "UIView+MJExtension.m"; sourceTree = "<group>"; };
		77B02BCA1C2F847900E31517 /* ReadController.swift */ = {isa = PBXFileReference; fileEncoding = 4; lastKnownFileType = sourcecode.swift; path = ReadController.swift; sourceTree = "<group>"; };
		77B02BCD1C2F90C300E31517 /* ReadHeadView.swift */ = {isa = PBXFileReference; fileEncoding = 4; lastKnownFileType = sourcecode.swift; path = ReadHeadView.swift; sourceTree = "<group>"; };
		77B02BCF1C2F90F700E31517 /* ReadHeadView.xib */ = {isa = PBXFileReference; fileEncoding = 4; lastKnownFileType = file.xib; path = ReadHeadView.xib; sourceTree = "<group>"; };
		77B78C241BFC230300FA7F69 /* Base */ = {isa = PBXFileReference; lastKnownFileType = file.storyboard; name = Base; path = "网易新闻/Base.lproj/NewsList.storyboard"; sourceTree = SOURCE_ROOT; };
		77CAD3CF1C30059A0089DAB5 /* ReadModel.swift */ = {isa = PBXFileReference; fileEncoding = 4; lastKnownFileType = sourcecode.swift; path = ReadModel.swift; sourceTree = "<group>"; };
		77DA000D1C06DC2100741E6A /* NewsController.swift */ = {isa = PBXFileReference; fileEncoding = 4; lastKnownFileType = sourcecode.swift; path = NewsController.swift; sourceTree = "<group>"; };
		77DA000E1C06DC2100741E6A /* NewsListContorller.swift */ = {isa = PBXFileReference; fileEncoding = 4; lastKnownFileType = sourcecode.swift; path = NewsListContorller.swift; sourceTree = "<group>"; };
		77DA00101C06DC2100741E6A /* NewsModels.swift */ = {isa = PBXFileReference; fileEncoding = 4; lastKnownFileType = sourcecode.swift; path = NewsModels.swift; sourceTree = "<group>"; };
		77DA00121C06DC2100741E6A /* CellProvider.swift */ = {isa = PBXFileReference; fileEncoding = 4; lastKnownFileType = sourcecode.swift; path = CellProvider.swift; sourceTree = "<group>"; };
		77DA00151C06DC2100741E6A /* BigPictureCell.swift */ = {isa = PBXFileReference; fileEncoding = 4; lastKnownFileType = sourcecode.swift; path = BigPictureCell.swift; sourceTree = "<group>"; };
		77DA00161C06DC2100741E6A /* NewsCell.swift */ = {isa = PBXFileReference; fileEncoding = 4; lastKnownFileType = sourcecode.swift; path = NewsCell.swift; sourceTree = "<group>"; };
		77DA00171C06DC2100741E6A /* NormalNewsCell.swift */ = {isa = PBXFileReference; fileEncoding = 4; lastKnownFileType = sourcecode.swift; path = NormalNewsCell.swift; sourceTree = "<group>"; };
		77DA00181C06DC2100741E6A /* ScrollPictureCell.swift */ = {isa = PBXFileReference; fileEncoding = 4; lastKnownFileType = sourcecode.swift; path = ScrollPictureCell.swift; sourceTree = "<group>"; };
		77DA00191C06DC2100741E6A /* ThreePictureCell.swift */ = {isa = PBXFileReference; fileEncoding = 4; lastKnownFileType = sourcecode.swift; path = ThreePictureCell.swift; sourceTree = "<group>"; };
		77DA001A1C06DC2100741E6A /* TopBigPictureCell.swift */ = {isa = PBXFileReference; fileEncoding = 4; lastKnownFileType = sourcecode.swift; path = TopBigPictureCell.swift; sourceTree = "<group>"; };
		77DA001B1C06DC2100741E6A /* ChannelLabel.swift */ = {isa = PBXFileReference; fileEncoding = 4; lastKnownFileType = sourcecode.swift; path = ChannelLabel.swift; sourceTree = "<group>"; };
		77DA001D1C06DC2100741E6A /* AuxiliaryModels.swift */ = {isa = PBXFileReference; fileEncoding = 4; lastKnownFileType = sourcecode.swift; path = AuxiliaryModels.swift; sourceTree = "<group>"; };
		77DA001E1C06DC2100741E6A /* CyclePictureCell.swift */ = {isa = PBXFileReference; fileEncoding = 4; lastKnownFileType = sourcecode.swift; path = CyclePictureCell.swift; sourceTree = "<group>"; };
		77DA001F1C06DC2100741E6A /* CyclePictureView.swift */ = {isa = PBXFileReference; fileEncoding = 4; lastKnownFileType = sourcecode.swift; path = CyclePictureView.swift; sourceTree = "<group>"; };
		77DA00201C06DC2100741E6A /* NewsContainerView.swift */ = {isa = PBXFileReference; fileEncoding = 4; lastKnownFileType = sourcecode.swift; path = NewsContainerView.swift; sourceTree = "<group>"; };
		77DA00211C06DC2100741E6A /* SecondLaunchView.swift */ = {isa = PBXFileReference; fileEncoding = 4; lastKnownFileType = sourcecode.swift; path = SecondLaunchView.swift; sourceTree = "<group>"; };
		77DA00221C06DC2100741E6A /* SecondLaunchView.xib */ = {isa = PBXFileReference; fileEncoding = 4; lastKnownFileType = file.xib; path = SecondLaunchView.xib; sourceTree = "<group>"; };
		77DA00251C06DC2100741E6A /* DetaillNewsController.swift */ = {isa = PBXFileReference; fileEncoding = 4; lastKnownFileType = sourcecode.swift; path = DetaillNewsController.swift; sourceTree = "<group>"; };
		77DA00261C06DC2100741E6A /* ImportantNewsController.swift */ = {isa = PBXFileReference; fileEncoding = 4; lastKnownFileType = sourcecode.swift; path = ImportantNewsController.swift; sourceTree = "<group>"; };
		77DA00271C06DC2100741E6A /* PictureNewsController.swift */ = {isa = PBXFileReference; fileEncoding = 4; lastKnownFileType = sourcecode.swift; path = PictureNewsController.swift; sourceTree = "<group>"; };
		77DA00281C06DC2100741E6A /* SpecialNewsController.swift */ = {isa = PBXFileReference; fileEncoding = 4; lastKnownFileType = sourcecode.swift; path = SpecialNewsController.swift; sourceTree = "<group>"; };
		77DA002A1C06DC2100741E6A /* NewsDetailModels.swift */ = {isa = PBXFileReference; fileEncoding = 4; lastKnownFileType = sourcecode.swift; path = NewsDetailModels.swift; sourceTree = "<group>"; };
		77DA002C1C06DC2100741E6A /* DetailPictureView.swift */ = {isa = PBXFileReference; fileEncoding = 4; lastKnownFileType = sourcecode.swift; path = DetailPictureView.swift; sourceTree = "<group>"; };
		77DA002D1C06DC2100741E6A /* DetailPictureView.xib */ = {isa = PBXFileReference; fileEncoding = 4; lastKnownFileType = file.xib; path = DetailPictureView.xib; sourceTree = "<group>"; };
		77DA002E1C06DC2100741E6A /* SpecialNewsHeardView.swift */ = {isa = PBXFileReference; fileEncoding = 4; lastKnownFileType = sourcecode.swift; path = SpecialNewsHeardView.swift; sourceTree = "<group>"; };
		77DA00311C06DC2100741E6A /* CitySelectController.swift */ = {isa = PBXFileReference; fileEncoding = 4; lastKnownFileType = sourcecode.swift; path = CitySelectController.swift; sourceTree = "<group>"; };
		77DA00321C06DC2100741E6A /* WeatherDetailController.swift */ = {isa = PBXFileReference; fileEncoding = 4; lastKnownFileType = sourcecode.swift; path = WeatherDetailController.swift; sourceTree = "<group>"; };
		77DA00341C06DC2100741E6A /* WeatherInfoModel.swift */ = {isa = PBXFileReference; fileEncoding = 4; lastKnownFileType = sourcecode.swift; path = WeatherInfoModel.swift; sourceTree = "<group>"; };
		77DA00361C06DC2100741E6A /* WeatherView.swift */ = {isa = PBXFileReference; fileEncoding = 4; lastKnownFileType = sourcecode.swift; path = WeatherView.swift; sourceTree = "<group>"; };
		77DA00371C06DC2100741E6A /* WeatherView.xib */ = {isa = PBXFileReference; fileEncoding = 4; lastKnownFileType = file.xib; path = WeatherView.xib; sourceTree = "<group>"; };
		77DA00381C06DC2100741E6A /* Weather.storyboard */ = {isa = PBXFileReference; fileEncoding = 4; lastKnownFileType = file.storyboard; path = Weather.storyboard; sourceTree = "<group>"; };
		77DA005D1C072F4600741E6A /* FMDatabase.h */ = {isa = PBXFileReference; fileEncoding = 4; lastKnownFileType = sourcecode.c.h; path = FMDatabase.h; sourceTree = "<group>"; };
		77DA005E1C072F4600741E6A /* FMDatabase.m */ = {isa = PBXFileReference; fileEncoding = 4; lastKnownFileType = sourcecode.c.objc; path = FMDatabase.m; sourceTree = "<group>"; };
		77DA005F1C072F4600741E6A /* FMDatabaseAdditions.h */ = {isa = PBXFileReference; fileEncoding = 4; lastKnownFileType = sourcecode.c.h; path = FMDatabaseAdditions.h; sourceTree = "<group>"; };
		77DA00601C072F4600741E6A /* FMDatabaseAdditions.m */ = {isa = PBXFileReference; fileEncoding = 4; lastKnownFileType = sourcecode.c.objc; path = FMDatabaseAdditions.m; sourceTree = "<group>"; };
		77DA00611C072F4600741E6A /* FMDatabasePool.h */ = {isa = PBXFileReference; fileEncoding = 4; lastKnownFileType = sourcecode.c.h; path = FMDatabasePool.h; sourceTree = "<group>"; };
		77DA00621C072F4600741E6A /* FMDatabasePool.m */ = {isa = PBXFileReference; fileEncoding = 4; lastKnownFileType = sourcecode.c.objc; path = FMDatabasePool.m; sourceTree = "<group>"; };
		77DA00631C072F4600741E6A /* FMDatabaseQueue.h */ = {isa = PBXFileReference; fileEncoding = 4; lastKnownFileType = sourcecode.c.h; path = FMDatabaseQueue.h; sourceTree = "<group>"; };
		77DA00641C072F4600741E6A /* FMDatabaseQueue.m */ = {isa = PBXFileReference; fileEncoding = 4; lastKnownFileType = sourcecode.c.objc; path = FMDatabaseQueue.m; sourceTree = "<group>"; };
		77DA00651C072F4600741E6A /* FMDB.h */ = {isa = PBXFileReference; fileEncoding = 4; lastKnownFileType = sourcecode.c.h; path = FMDB.h; sourceTree = "<group>"; };
		77DA00661C072F4600741E6A /* FMResultSet.h */ = {isa = PBXFileReference; fileEncoding = 4; lastKnownFileType = sourcecode.c.h; path = FMResultSet.h; sourceTree = "<group>"; };
		77DA00671C072F4600741E6A /* FMResultSet.m */ = {isa = PBXFileReference; fileEncoding = 4; lastKnownFileType = sourcecode.c.objc; path = FMResultSet.m; sourceTree = "<group>"; };
		77DA006D1C072F7400741E6A /* libsqlite3.0.tbd */ = {isa = PBXFileReference; lastKnownFileType = "sourcecode.text-based-dylib-definition"; name = libsqlite3.0.tbd; path = usr/lib/libsqlite3.0.tbd; sourceTree = SDKROOT; };
		77DA006F1C072F9200741E6A /* LocalDataTool.swift */ = {isa = PBXFileReference; fileEncoding = 4; lastKnownFileType = sourcecode.swift; path = LocalDataTool.swift; sourceTree = "<group>"; };
		77E186E91C23E84E0048132E /* SubReplyCell.swift */ = {isa = PBXFileReference; fileEncoding = 4; lastKnownFileType = sourcecode.swift; path = SubReplyCell.swift; sourceTree = "<group>"; };
		77E37A151BF35A04003E2F44 /* 网易新闻.app */ = {isa = PBXFileReference; explicitFileType = wrapper.application; includeInIndex = 0; path = "网易新闻.app"; sourceTree = BUILT_PRODUCTS_DIR; };
		77E37A1D1BF35A04003E2F44 /* Base */ = {isa = PBXFileReference; lastKnownFileType = file.storyboard; name = Base; path = Base.lproj/Main.storyboard; sourceTree = "<group>"; };
		77E37A1F1BF35A04003E2F44 /* Assets.xcassets */ = {isa = PBXFileReference; lastKnownFileType = folder.assetcatalog; path = Assets.xcassets; sourceTree = "<group>"; };
		77E37A221BF35A04003E2F44 /* Base */ = {isa = PBXFileReference; lastKnownFileType = file.storyboard; name = Base; path = Base.lproj/LaunchScreen.storyboard; sourceTree = "<group>"; };
		77E37A241BF35A04003E2F44 /* Info.plist */ = {isa = PBXFileReference; lastKnownFileType = text.plist.xml; path = Info.plist; sourceTree = "<group>"; };
		77E37A291BF35A04003E2F44 /* 网易新闻Tests.xctest */ = {isa = PBXFileReference; explicitFileType = wrapper.cfbundle; includeInIndex = 0; path = "网易新闻Tests.xctest"; sourceTree = BUILT_PRODUCTS_DIR; };
		77E37A2D1BF35A04003E2F44 /* ____Tests.swift */ = {isa = PBXFileReference; lastKnownFileType = sourcecode.swift; path = "____Tests.swift"; sourceTree = "<group>"; };
		77E37A2F1BF35A04003E2F44 /* Info.plist */ = {isa = PBXFileReference; lastKnownFileType = text.plist.xml; path = Info.plist; sourceTree = "<group>"; };
		77E37A341BF35A04003E2F44 /* 网易新闻UITests.xctest */ = {isa = PBXFileReference; explicitFileType = wrapper.cfbundle; includeInIndex = 0; path = "网易新闻UITests.xctest"; sourceTree = BUILT_PRODUCTS_DIR; };
		77E37A381BF35A04003E2F44 /* ____UITests.swift */ = {isa = PBXFileReference; lastKnownFileType = sourcecode.swift; path = "____UITests.swift"; sourceTree = "<group>"; };
		77E37A3A1BF35A04003E2F44 /* Info.plist */ = {isa = PBXFileReference; lastKnownFileType = text.plist.xml; path = Info.plist; sourceTree = "<group>"; };
		77E37A4A1BF35CC4003E2F44 /* Base */ = {isa = PBXFileReference; lastKnownFileType = file.storyboard; name = Base; path = Base.lproj/News.storyboard; sourceTree = "<group>"; };
		77E37A4D1BF35D50003E2F44 /* Base */ = {isa = PBXFileReference; lastKnownFileType = file.storyboard; name = Base; path = Base.lproj/Read.storyboard; sourceTree = "<group>"; };
		77E37A501BF35DC5003E2F44 /* Base */ = {isa = PBXFileReference; lastKnownFileType = file.storyboard; name = Base; path = Base.lproj/Media.storyboard; sourceTree = "<group>"; };
		77E37A531BF35DFC003E2F44 /* Base */ = {isa = PBXFileReference; lastKnownFileType = file.storyboard; name = Base; path = Base.lproj/Discover.storyboard; sourceTree = "<group>"; };
		77E37A561BF35E2C003E2F44 /* Base */ = {isa = PBXFileReference; lastKnownFileType = file.storyboard; name = Base; path = Base.lproj/Me.storyboard; sourceTree = "<group>"; };
		77E37A5C1BF361DB003E2F44 /* AppDelegate.swift */ = {isa = PBXFileReference; fileEncoding = 4; lastKnownFileType = sourcecode.swift; path = AppDelegate.swift; sourceTree = "<group>"; };
		77E37A681BF3650C003E2F44 /* TabBarExtension.swift */ = {isa = PBXFileReference; fileEncoding = 4; lastKnownFileType = sourcecode.swift; path = TabBarExtension.swift; sourceTree = "<group>"; };
		77E37A6A1BF36B38003E2F44 /* NavgationBarExtension.swift */ = {isa = PBXFileReference; fileEncoding = 4; lastKnownFileType = sourcecode.swift; path = NavgationBarExtension.swift; sourceTree = "<group>"; };
		77E37A851BF3835F003E2F44 /* DataTool.swift */ = {isa = PBXFileReference; fileEncoding = 4; lastKnownFileType = sourcecode.swift; path = DataTool.swift; sourceTree = "<group>"; };
		77F2C3E41BF482FA000BB753 /* channels.plist */ = {isa = PBXFileReference; fileEncoding = 4; lastKnownFileType = text.plist.xml; path = channels.plist; sourceTree = "<group>"; };
		77FDB3141C1A58FE00EC67BE /* ReplyHeardView.swift */ = {isa = PBXFileReference; fileEncoding = 4; lastKnownFileType = sourcecode.swift; path = ReplyHeardView.swift; sourceTree = "<group>"; };
		77FDB3161C1A590E00EC67BE /* ReplyHeardView.xib */ = {isa = PBXFileReference; fileEncoding = 4; lastKnownFileType = file.xib; path = ReplyHeardView.xib; sourceTree = "<group>"; };
		9CE2551E5C85473B88B38E76 /* Pods.release.xcconfig */ = {isa = PBXFileReference; includeInIndex = 1; lastKnownFileType = text.xcconfig; name = Pods.release.xcconfig; path = "Pods/Target Support Files/Pods/Pods.release.xcconfig"; sourceTree = "<group>"; };
/* End PBXFileReference section */

/* Begin PBXFrameworksBuildPhase section */
		77E37A121BF35A04003E2F44 /* Frameworks */ = {
			isa = PBXFrameworksBuildPhase;
			buildActionMask = 2147483647;
			files = (
				77DA006E1C072F7400741E6A /* libsqlite3.0.tbd in Frameworks */,
				AB5C5665446058479C2675F9 /* Pods.framework in Frameworks */,
			);
			runOnlyForDeploymentPostprocessing = 0;
		};
		77E37A261BF35A04003E2F44 /* Frameworks */ = {
			isa = PBXFrameworksBuildPhase;
			buildActionMask = 2147483647;
			files = (
			);
			runOnlyForDeploymentPostprocessing = 0;
		};
		77E37A311BF35A04003E2F44 /* Frameworks */ = {
			isa = PBXFrameworksBuildPhase;
			buildActionMask = 2147483647;
			files = (
			);
			runOnlyForDeploymentPostprocessing = 0;
		};
/* End PBXFrameworksBuildPhase section */

/* Begin PBXGroup section */
		47756820B2776B99B38719CC /* Pods */ = {
			isa = PBXGroup;
			children = (
				775C216BA8EC4AA967E13C66 /* Pods.debug.xcconfig */,
				9CE2551E5C85473B88B38E76 /* Pods.release.xcconfig */,
			);
			name = Pods;
			sourceTree = "<group>";
		};
		770ECE641C19271900771232 /* UITableView+FDTemplateLayoutCell */ = {
			isa = PBXGroup;
			children = (
				770ECE651C19271900771232 /* UITableView+FDIndexPathHeightCache.h */,
				770ECE661C19271900771232 /* UITableView+FDIndexPathHeightCache.m */,
				770ECE671C19271900771232 /* UITableView+FDKeyedHeightCache.h */,
				770ECE681C19271900771232 /* UITableView+FDKeyedHeightCache.m */,
				770ECE691C19271900771232 /* UITableView+FDTemplateLayoutCell.h */,
				770ECE6A1C19271900771232 /* UITableView+FDTemplateLayoutCell.m */,
				770ECE6B1C19271900771232 /* UITableView+FDTemplateLayoutCellDebug.h */,
				770ECE6C1C19271900771232 /* UITableView+FDTemplateLayoutCellDebug.m */,
			);
			name = "UITableView+FDTemplateLayoutCell";
			path = Classes;
			sourceTree = "<group>";
		};
		77256FF11C30D0580052AD7F /* Cell */ = {
			isa = PBXGroup;
			children = (
				77256FF21C30D0B70052AD7F /* ReadNormalNewsCell.swift */,
				77256FF41C30D0C90052AD7F /* ReadThreePictureCell.swift */,
				77256FF61C30D0D60052AD7F /* ReadBigPictureCell.swift */,
			);
			path = Cell;
			sourceTree = "<group>";
		};
		7729B08D1C8C587000F86544 /* Other */ = {
			isa = PBXGroup;
			children = (
				7729B08E1C8C58F900F86544 /* ReplyCellProvider.swift */,
			);
			path = Other;
			sourceTree = "<group>";
		};
		774ADCAE1C4B7E67002AF79B /* Model */ = {
			isa = PBXGroup;
			children = (
				774ADCAF1C4B7EBF002AF79B /* MediaModel.swift */,
			);
			path = Model;
			sourceTree = "<group>";
		};
		774ADCB11C4B8B09002AF79B /* View */ = {
			isa = PBXGroup;
			children = (
				774BFE881C897BA900EC59F1 /* WLVideoPlayer */,
				774ADCB21C4B8B1D002AF79B /* VideoCell.swift */,
				774ADCB41C4B8C1C002AF79B /* VideoListHeardView.swift */,
				774ADCB61C4B8C26002AF79B /* VideoListHeardView.xib */,
				7729B0901C8C5E5B00F86544 /* RecommendCell.xib */,
				7729B0921C8C5E7400F86544 /* RecommendCell.swift */,
			);
			path = View;
			sourceTree = "<group>";
		};
		774BFE881C897BA900EC59F1 /* WLVideoPlayer */ = {
			isa = PBXGroup;
			children = (
				774BFE9B1C897BA900EC59F1 /* PlayerControlView.swift */,
				774BFE9C1C897BA900EC59F1 /* PlayerControlView.xib */,
				774BFE9D1C897BA900EC59F1 /* PlayerControlViewAuxiliary.swift */,
				774BFE9F1C897BA900EC59F1 /* WLBasePlayerControlView.swift */,
				774BFEA01C897BA900EC59F1 /* WLPlayerHandler.swift */,
				774BFEA11C897BA900EC59F1 /* WLVideoPlayerView.swift */,
			);
			path = WLVideoPlayer;
			sourceTree = "<group>";
		};
		777C966F1BF89DCF00519375 /* MJRefresh */ = {
			isa = PBXGroup;
			children = (
				777C96701BF89DCF00519375 /* Base */,
				777C967B1BF89DCF00519375 /* Custom */,
				777C96921BF89DCF00519375 /* MJRefresh.bundle */,
				777C96931BF89DCF00519375 /* MJRefresh.h */,
				777C96941BF89DCF00519375 /* MJRefreshConst.h */,
				777C96951BF89DCF00519375 /* MJRefreshConst.m */,
				777C96961BF89DCF00519375 /* UIScrollView+MJExtension.h */,
				777C96971BF89DCF00519375 /* UIScrollView+MJExtension.m */,
				777C96981BF89DCF00519375 /* UIScrollView+MJRefresh.h */,
				777C96991BF89DCF00519375 /* UIScrollView+MJRefresh.m */,
				777C969A1BF89DCF00519375 /* UIView+MJExtension.h */,
				777C969B1BF89DCF00519375 /* UIView+MJExtension.m */,
			);
			name = MJRefresh;
			path = Other/MJRefresh;
			sourceTree = "<group>";
		};
		777C96701BF89DCF00519375 /* Base */ = {
			isa = PBXGroup;
			children = (
				777C96711BF89DCF00519375 /* MJRefreshAutoFooter.h */,
				777C96721BF89DCF00519375 /* MJRefreshAutoFooter.m */,
				777C96731BF89DCF00519375 /* MJRefreshBackFooter.h */,
				777C96741BF89DCF00519375 /* MJRefreshBackFooter.m */,
				777C96751BF89DCF00519375 /* MJRefreshComponent.h */,
				777C96761BF89DCF00519375 /* MJRefreshComponent.m */,
				777C96771BF89DCF00519375 /* MJRefreshFooter.h */,
				777C96781BF89DCF00519375 /* MJRefreshFooter.m */,
				777C96791BF89DCF00519375 /* MJRefreshHeader.h */,
				777C967A1BF89DCF00519375 /* MJRefreshHeader.m */,
			);
			path = Base;
			sourceTree = "<group>";
		};
		777C967B1BF89DCF00519375 /* Custom */ = {
			isa = PBXGroup;
			children = (
				777C967C1BF89DCF00519375 /* Footer */,
				777C968B1BF89DCF00519375 /* Header */,
			);
			path = Custom;
			sourceTree = "<group>";
		};
		777C967C1BF89DCF00519375 /* Footer */ = {
			isa = PBXGroup;
			children = (
				777C967D1BF89DCF00519375 /* Auto */,
				777C96841BF89DCF00519375 /* Back */,
			);
			path = Footer;
			sourceTree = "<group>";
		};
		777C967D1BF89DCF00519375 /* Auto */ = {
			isa = PBXGroup;
			children = (
				777C967E1BF89DCF00519375 /* MJRefreshAutoGifFooter.h */,
				777C967F1BF89DCF00519375 /* MJRefreshAutoGifFooter.m */,
				777C96801BF89DCF00519375 /* MJRefreshAutoNormalFooter.h */,
				777C96811BF89DCF00519375 /* MJRefreshAutoNormalFooter.m */,
				777C96821BF89DCF00519375 /* MJRefreshAutoStateFooter.h */,
				777C96831BF89DCF00519375 /* MJRefreshAutoStateFooter.m */,
			);
			path = Auto;
			sourceTree = "<group>";
		};
		777C96841BF89DCF00519375 /* Back */ = {
			isa = PBXGroup;
			children = (
				777C96851BF89DCF00519375 /* MJRefreshBackGifFooter.h */,
				777C96861BF89DCF00519375 /* MJRefreshBackGifFooter.m */,
				777C96871BF89DCF00519375 /* MJRefreshBackNormalFooter.h */,
				777C96881BF89DCF00519375 /* MJRefreshBackNormalFooter.m */,
				777C96891BF89DCF00519375 /* MJRefreshBackStateFooter.h */,
				777C968A1BF89DCF00519375 /* MJRefreshBackStateFooter.m */,
			);
			path = Back;
			sourceTree = "<group>";
		};
		777C968B1BF89DCF00519375 /* Header */ = {
			isa = PBXGroup;
			children = (
				777C968C1BF89DCF00519375 /* MJRefreshGifHeader.h */,
				777C968D1BF89DCF00519375 /* MJRefreshGifHeader.m */,
				777C968E1BF89DCF00519375 /* MJRefreshNormalHeader.h */,
				777C968F1BF89DCF00519375 /* MJRefreshNormalHeader.m */,
				777C96901BF89DCF00519375 /* MJRefreshStateHeader.h */,
				777C96911BF89DCF00519375 /* MJRefreshStateHeader.m */,
			);
			path = Header;
			sourceTree = "<group>";
		};
		77B02BCC1C2F90A700E31517 /* View */ = {
			isa = PBXGroup;
			children = (
				77256FF11C30D0580052AD7F /* Cell */,
				77B02BCD1C2F90C300E31517 /* ReadHeadView.swift */,
				77B02BCF1C2F90F700E31517 /* ReadHeadView.xib */,
			);
			path = View;
			sourceTree = "<group>";
		};
		77CAD3CE1C3005560089DAB5 /* Model */ = {
			isa = PBXGroup;
			children = (
				77CAD3CF1C30059A0089DAB5 /* ReadModel.swift */,
			);
			path = Model;
			sourceTree = "<group>";
		};
		77DA000B1C06DC2100741E6A /* NewsChannel(频道与列表) */ = {
			isa = PBXGroup;
			children = (
				77DA000C1C06DC2100741E6A /* Controller */,
				77DA000F1C06DC2100741E6A /* Model */,
				77DA00111C06DC2100741E6A /* Other */,
				77DA00131C06DC2100741E6A /* View */,
			);
			path = "NewsChannel(频道与列表)";
			sourceTree = "<group>";
		};
		77DA000C1C06DC2100741E6A /* Controller */ = {
			isa = PBXGroup;
			children = (
				77DA000D1C06DC2100741E6A /* NewsController.swift */,
				77DA000E1C06DC2100741E6A /* NewsListContorller.swift */,
			);
			path = Controller;
			sourceTree = "<group>";
		};
		77DA000F1C06DC2100741E6A /* Model */ = {
			isa = PBXGroup;
			children = (
				77DA00101C06DC2100741E6A /* NewsModels.swift */,
			);
			path = Model;
			sourceTree = "<group>";
		};
		77DA00111C06DC2100741E6A /* Other */ = {
			isa = PBXGroup;
			children = (
				77DA00121C06DC2100741E6A /* CellProvider.swift */,
			);
			path = Other;
			sourceTree = "<group>";
		};
		77DA00131C06DC2100741E6A /* View */ = {
			isa = PBXGroup;
			children = (
				77DA00141C06DC2100741E6A /* Cell */,
				77DA001B1C06DC2100741E6A /* ChannelLabel.swift */,
				77DA001C1C06DC2100741E6A /* CyclePictureView */,
				77DA00201C06DC2100741E6A /* NewsContainerView.swift */,
				77DA00211C06DC2100741E6A /* SecondLaunchView.swift */,
				77DA00221C06DC2100741E6A /* SecondLaunchView.xib */,
			);
			path = View;
			sourceTree = "<group>";
		};
		77DA00141C06DC2100741E6A /* Cell */ = {
			isa = PBXGroup;
			children = (
				77DA00151C06DC2100741E6A /* BigPictureCell.swift */,
				77DA00161C06DC2100741E6A /* NewsCell.swift */,
				77DA00171C06DC2100741E6A /* NormalNewsCell.swift */,
				77DA00181C06DC2100741E6A /* ScrollPictureCell.swift */,
				77DA00191C06DC2100741E6A /* ThreePictureCell.swift */,
				77DA001A1C06DC2100741E6A /* TopBigPictureCell.swift */,
			);
			path = Cell;
			sourceTree = "<group>";
		};
		77DA001C1C06DC2100741E6A /* CyclePictureView */ = {
			isa = PBXGroup;
			children = (
				77DA001D1C06DC2100741E6A /* AuxiliaryModels.swift */,
				77DA001E1C06DC2100741E6A /* CyclePictureCell.swift */,
				77DA001F1C06DC2100741E6A /* CyclePictureView.swift */,
			);
			path = CyclePictureView;
			sourceTree = "<group>";
		};
		77DA00231C06DC2100741E6A /* NewsDetail(新闻详情相关) */ = {
			isa = PBXGroup;
			children = (
				77DA00241C06DC2100741E6A /* Controller */,
				77DA00291C06DC2100741E6A /* Model */,
				77DA002B1C06DC2100741E6A /* View */,
			);
			path = "NewsDetail(新闻详情相关)";
			sourceTree = "<group>";
		};
		77DA00241C06DC2100741E6A /* Controller */ = {
			isa = PBXGroup;
			children = (
				77DA00251C06DC2100741E6A /* DetaillNewsController.swift */,
				77DA00261C06DC2100741E6A /* ImportantNewsController.swift */,
				77DA00271C06DC2100741E6A /* PictureNewsController.swift */,
				77DA00281C06DC2100741E6A /* SpecialNewsController.swift */,
				772A3CBD1C12CED80048E4C6 /* ReplyController.swift */,
			);
			path = Controller;
			sourceTree = "<group>";
		};
		77DA00291C06DC2100741E6A /* Model */ = {
			isa = PBXGroup;
			children = (
				77DA002A1C06DC2100741E6A /* NewsDetailModels.swift */,
			);
			path = Model;
			sourceTree = "<group>";
		};
		77DA002B1C06DC2100741E6A /* View */ = {
			isa = PBXGroup;
			children = (
				77DA002C1C06DC2100741E6A /* DetailPictureView.swift */,
				77DA002D1C06DC2100741E6A /* DetailPictureView.xib */,
				77DA002E1C06DC2100741E6A /* SpecialNewsHeardView.swift */,
				7717E32F1C186573002FE7CE /* ReplyCell.swift */,
				77FDB3141C1A58FE00EC67BE /* ReplyHeardView.swift */,
				77E186E91C23E84E0048132E /* SubReplyCell.swift */,
				77FDB3161C1A590E00EC67BE /* ReplyHeardView.xib */,
				7729B0871C8C205A00F86544 /* SubReplyCell.xib */,
				7729B0891C8C221E00F86544 /* ReplyCell.xib */,
			);
			path = View;
			sourceTree = "<group>";
		};
		77DA002F1C06DC2100741E6A /* Weather(天气相关) */ = {
			isa = PBXGroup;
			children = (
				77DA00301C06DC2100741E6A /* Controller */,
				77DA00331C06DC2100741E6A /* Model */,
				77DA00351C06DC2100741E6A /* View */,
				77DA00381C06DC2100741E6A /* Weather.storyboard */,
			);
			path = "Weather(天气相关)";
			sourceTree = "<group>";
		};
		77DA00301C06DC2100741E6A /* Controller */ = {
			isa = PBXGroup;
			children = (
				77DA00311C06DC2100741E6A /* CitySelectController.swift */,
				77DA00321C06DC2100741E6A /* WeatherDetailController.swift */,
			);
			path = Controller;
			sourceTree = "<group>";
		};
		77DA00331C06DC2100741E6A /* Model */ = {
			isa = PBXGroup;
			children = (
				77DA00341C06DC2100741E6A /* WeatherInfoModel.swift */,
			);
			path = Model;
			sourceTree = "<group>";
		};
		77DA00351C06DC2100741E6A /* View */ = {
			isa = PBXGroup;
			children = (
				77DA00361C06DC2100741E6A /* WeatherView.swift */,
				77DA00371C06DC2100741E6A /* WeatherView.xib */,
			);
			path = View;
			sourceTree = "<group>";
		};
		77DA005B1C072F2F00741E6A /* Lib */ = {
			isa = PBXGroup;
			children = (
				77DA005C1C072F4600741E6A /* fmdb */,
				770ECE641C19271900771232 /* UITableView+FDTemplateLayoutCell */,
				777C966F1BF89DCF00519375 /* MJRefresh */,
			);
			name = Lib;
			sourceTree = "<group>";
		};
		77DA005C1C072F4600741E6A /* fmdb */ = {
			isa = PBXGroup;
			children = (
				77DA005D1C072F4600741E6A /* FMDatabase.h */,
				77DA005E1C072F4600741E6A /* FMDatabase.m */,
				77DA005F1C072F4600741E6A /* FMDatabaseAdditions.h */,
				77DA00601C072F4600741E6A /* FMDatabaseAdditions.m */,
				77DA00611C072F4600741E6A /* FMDatabasePool.h */,
				77DA00621C072F4600741E6A /* FMDatabasePool.m */,
				77DA00631C072F4600741E6A /* FMDatabaseQueue.h */,
				77DA00641C072F4600741E6A /* FMDatabaseQueue.m */,
				77DA00651C072F4600741E6A /* FMDB.h */,
				77DA00661C072F4600741E6A /* FMResultSet.h */,
				77DA00671C072F4600741E6A /* FMResultSet.m */,
			);
			path = fmdb;
			sourceTree = "<group>";
		};
		77E37A0C1BF35A04003E2F44 = {
			isa = PBXGroup;
			children = (
				77E37A171BF35A04003E2F44 /* 网易新闻 */,
				77E37A2C1BF35A04003E2F44 /* 网易新闻Tests */,
				77E37A371BF35A04003E2F44 /* 网易新闻UITests */,
				77E37A161BF35A04003E2F44 /* Products */,
				47756820B2776B99B38719CC /* Pods */,
				FB9253A4C570FF3F73B37B20 /* Frameworks */,
			);
			sourceTree = "<group>";
		};
		77E37A161BF35A04003E2F44 /* Products */ = {
			isa = PBXGroup;
			children = (
				77E37A151BF35A04003E2F44 /* 网易新闻.app */,
				77E37A291BF35A04003E2F44 /* 网易新闻Tests.xctest */,
				77E37A341BF35A04003E2F44 /* 网易新闻UITests.xctest */,
			);
			name = Products;
			sourceTree = "<group>";
		};
		77E37A171BF35A04003E2F44 /* 网易新闻 */ = {
			isa = PBXGroup;
			children = (
				77E37A581BF361DB003E2F44 /* Classes */,
				77E37A1F1BF35A04003E2F44 /* Assets.xcassets */,
				77E37A211BF35A04003E2F44 /* LaunchScreen.storyboard */,
				775DAE111C0558B60082BDB8 /* city.plist */,
				77E37A241BF35A04003E2F44 /* Info.plist */,
				77F2C3E41BF482FA000BB753 /* channels.plist */,
				77501B3B1BFA1968001B8F28 /* Details.css */,
			);
			path = "网易新闻";
			sourceTree = "<group>";
		};
		77E37A2C1BF35A04003E2F44 /* 网易新闻Tests */ = {
			isa = PBXGroup;
			children = (
				77E37A2D1BF35A04003E2F44 /* ____Tests.swift */,
				77E37A2F1BF35A04003E2F44 /* Info.plist */,
			);
			path = "网易新闻Tests";
			sourceTree = "<group>";
		};
		77E37A371BF35A04003E2F44 /* 网易新闻UITests */ = {
			isa = PBXGroup;
			children = (
				77E37A381BF35A04003E2F44 /* ____UITests.swift */,
				77E37A3A1BF35A04003E2F44 /* Info.plist */,
			);
			path = "网易新闻UITests";
			sourceTree = "<group>";
		};
		77E37A581BF361DB003E2F44 /* Classes */ = {
			isa = PBXGroup;
			children = (
				77E37A591BF361DB003E2F44 /* Common */,
				77E37A5D1BF361DB003E2F44 /* Discover */,
				77E37A5F1BF361DB003E2F44 /* Me */,
				77E37A611BF361DB003E2F44 /* Media */,
				77E37A631BF361DB003E2F44 /* News */,
				77E37A651BF361DB003E2F44 /* Read */,
			);
			path = Classes;
			sourceTree = "<group>";
		};
		77E37A591BF361DB003E2F44 /* Common */ = {
			isa = PBXGroup;
			children = (
				77DA005B1C072F2F00741E6A /* Lib */,
				77E37A1C1BF35A04003E2F44 /* Main.storyboard */,
				77E37A841BF38329003E2F44 /* Tool */,
				77E37A5A1BF361DB003E2F44 /* Controller */,
				77E37A5B1BF361DB003E2F44 /* Other */,
			);
			path = Common;
			sourceTree = "<group>";
		};
		77E37A5A1BF361DB003E2F44 /* Controller */ = {
			isa = PBXGroup;
			children = (
				77E37A681BF3650C003E2F44 /* TabBarExtension.swift */,
				77E37A6A1BF36B38003E2F44 /* NavgationBarExtension.swift */,
			);
			path = Controller;
			sourceTree = "<group>";
		};
		77E37A5B1BF361DB003E2F44 /* Other */ = {
			isa = PBXGroup;
			children = (
				77E37A5C1BF361DB003E2F44 /* AppDelegate.swift */,
				777C963C1BF86EFF00519375 /* 网易新闻-Bridging-Header.h */,
			);
			path = Other;
			sourceTree = "<group>";
		};
		77E37A5D1BF361DB003E2F44 /* Discover */ = {
			isa = PBXGroup;
			children = (
				77E37A521BF35DFC003E2F44 /* Discover.storyboard */,
				77E37A5E1BF361DB003E2F44 /* Controller */,
			);
			path = Discover;
			sourceTree = "<group>";
		};
		77E37A5E1BF361DB003E2F44 /* Controller */ = {
			isa = PBXGroup;
			children = (
			);
			path = Controller;
			sourceTree = "<group>";
		};
		77E37A5F1BF361DB003E2F44 /* Me */ = {
			isa = PBXGroup;
			children = (
				77E37A551BF35E2C003E2F44 /* Me.storyboard */,
				77E37A601BF361DB003E2F44 /* Controller */,
			);
			path = Me;
			sourceTree = "<group>";
		};
		77E37A601BF361DB003E2F44 /* Controller */ = {
			isa = PBXGroup;
			children = (
			);
			path = Controller;
			sourceTree = "<group>";
		};
		77E37A611BF361DB003E2F44 /* Media */ = {
			isa = PBXGroup;
			children = (
				77E37A4F1BF35DC5003E2F44 /* Media.storyboard */,
				7729B08D1C8C587000F86544 /* Other */,
				774ADCB11C4B8B09002AF79B /* View */,
				774ADCAE1C4B7E67002AF79B /* Model */,
				77E37A621BF361DB003E2F44 /* Controller */,
			);
			path = Media;
			sourceTree = "<group>";
		};
		77E37A621BF361DB003E2F44 /* Controller */ = {
			isa = PBXGroup;
			children = (
				774ADCAC1C4B7D5C002AF79B /* MediaController.swift */,
				7729B08B1C8C4FD100F86544 /* MediaDetailController.swift */,
			);
			path = Controller;
			sourceTree = "<group>";
		};
		77E37A631BF361DB003E2F44 /* News */ = {
			isa = PBXGroup;
			children = (
				77E37A491BF35CC4003E2F44 /* News.storyboard */,
				77B78C231BFC230300FA7F69 /* NewsList.storyboard */,
				77DA000B1C06DC2100741E6A /* NewsChannel(频道与列表) */,
				77DA00231C06DC2100741E6A /* NewsDetail(新闻详情相关) */,
				77DA002F1C06DC2100741E6A /* Weather(天气相关) */,
			);
			path = News;
			sourceTree = "<group>";
		};
		77E37A651BF361DB003E2F44 /* Read */ = {
			isa = PBXGroup;
			children = (
				77E37A4C1BF35D50003E2F44 /* Read.storyboard */,
				77CAD3CE1C3005560089DAB5 /* Model */,
				77B02BCC1C2F90A700E31517 /* View */,
				77E37A661BF361DB003E2F44 /* Controller */,
			);
			path = Read;
			sourceTree = "<group>";
		};
		77E37A661BF361DB003E2F44 /* Controller */ = {
			isa = PBXGroup;
			children = (
				77B02BCA1C2F847900E31517 /* ReadController.swift */,
			);
			path = Controller;
			sourceTree = "<group>";
		};
		77E37A841BF38329003E2F44 /* Tool */ = {
			isa = PBXGroup;
			children = (
				77E37A851BF3835F003E2F44 /* DataTool.swift */,
				77DA006F1C072F9200741E6A /* LocalDataTool.swift */,
			);
			path = Tool;
			sourceTree = "<group>";
		};
		FB9253A4C570FF3F73B37B20 /* Frameworks */ = {
			isa = PBXGroup;
			children = (
				77DA006D1C072F7400741E6A /* libsqlite3.0.tbd */,
				46874A2F9A228B6B0ECF1983 /* Pods.framework */,
			);
			name = Frameworks;
			sourceTree = "<group>";
		};
/* End PBXGroup section */

/* Begin PBXNativeTarget section */
		77E37A141BF35A04003E2F44 /* 网易新闻 */ = {
			isa = PBXNativeTarget;
			buildConfigurationList = 77E37A3D1BF35A04003E2F44 /* Build configuration list for PBXNativeTarget "网易新闻" */;
			buildPhases = (
				A188EE20785D2B82F2AC9960 /* Check Pods Manifest.lock */,
				77E37A111BF35A04003E2F44 /* Sources */,
				77E37A121BF35A04003E2F44 /* Frameworks */,
				77E37A131BF35A04003E2F44 /* Resources */,
				35D4C576FC2832EBE0A259E4 /* Embed Pods Frameworks */,
				756BF005D7C13A85E525C6C0 /* Copy Pods Resources */,
			);
			buildRules = (
			);
			dependencies = (
			);
			name = "网易新闻";
			productName = "网易新闻";
			productReference = 77E37A151BF35A04003E2F44 /* 网易新闻.app */;
			productType = "com.apple.product-type.application";
		};
		77E37A281BF35A04003E2F44 /* 网易新闻Tests */ = {
			isa = PBXNativeTarget;
			buildConfigurationList = 77E37A401BF35A04003E2F44 /* Build configuration list for PBXNativeTarget "网易新闻Tests" */;
			buildPhases = (
				77E37A251BF35A04003E2F44 /* Sources */,
				77E37A261BF35A04003E2F44 /* Frameworks */,
				77E37A271BF35A04003E2F44 /* Resources */,
			);
			buildRules = (
			);
			dependencies = (
				77E37A2B1BF35A04003E2F44 /* PBXTargetDependency */,
			);
			name = "网易新闻Tests";
			productName = "网易新闻Tests";
			productReference = 77E37A291BF35A04003E2F44 /* 网易新闻Tests.xctest */;
			productType = "com.apple.product-type.bundle.unit-test";
		};
		77E37A331BF35A04003E2F44 /* 网易新闻UITests */ = {
			isa = PBXNativeTarget;
			buildConfigurationList = 77E37A431BF35A04003E2F44 /* Build configuration list for PBXNativeTarget "网易新闻UITests" */;
			buildPhases = (
				77E37A301BF35A04003E2F44 /* Sources */,
				77E37A311BF35A04003E2F44 /* Frameworks */,
				77E37A321BF35A04003E2F44 /* Resources */,
			);
			buildRules = (
			);
			dependencies = (
				77E37A361BF35A04003E2F44 /* PBXTargetDependency */,
			);
			name = "网易新闻UITests";
			productName = "网易新闻UITests";
			productReference = 77E37A341BF35A04003E2F44 /* 网易新闻UITests.xctest */;
			productType = "com.apple.product-type.bundle.ui-testing";
		};
/* End PBXNativeTarget section */

/* Begin PBXProject section */
		77E37A0D1BF35A04003E2F44 /* Project object */ = {
			isa = PBXProject;
			attributes = {
				LastSwiftUpdateCheck = 0700;
				LastUpgradeCheck = 0700;
				ORGANIZATIONNAME = wl;
				TargetAttributes = {
					77E37A141BF35A04003E2F44 = {
						CreatedOnToolsVersion = 7.0.1;
						DevelopmentTeam = NLUGDBP35M;
					};
					77E37A281BF35A04003E2F44 = {
						CreatedOnToolsVersion = 7.0.1;
						DevelopmentTeam = NLUGDBP35M;
						TestTargetID = 77E37A141BF35A04003E2F44;
					};
					77E37A331BF35A04003E2F44 = {
						CreatedOnToolsVersion = 7.0.1;
						DevelopmentTeam = NLUGDBP35M;
						TestTargetID = 77E37A141BF35A04003E2F44;
					};
				};
			};
			buildConfigurationList = 77E37A101BF35A04003E2F44 /* Build configuration list for PBXProject "网易新闻" */;
			compatibilityVersion = "Xcode 3.2";
			developmentRegion = English;
			hasScannedForEncodings = 0;
			knownRegions = (
				en,
				Base,
			);
			mainGroup = 77E37A0C1BF35A04003E2F44;
			productRefGroup = 77E37A161BF35A04003E2F44 /* Products */;
			projectDirPath = "";
			projectRoot = "";
			targets = (
				77E37A141BF35A04003E2F44 /* 网易新闻 */,
				77E37A281BF35A04003E2F44 /* 网易新闻Tests */,
				77E37A331BF35A04003E2F44 /* 网易新闻UITests */,
			);
		};
/* End PBXProject section */

/* Begin PBXResourcesBuildPhase section */
		77E37A131BF35A04003E2F44 /* Resources */ = {
			isa = PBXResourcesBuildPhase;
			buildActionMask = 2147483647;
			files = (
				77E37A231BF35A04003E2F44 /* LaunchScreen.storyboard in Resources */,
				77DA00571C06DC2100741E6A /* Weather.storyboard in Resources */,
				77E37A201BF35A04003E2F44 /* Assets.xcassets in Resources */,
				7729B0881C8C205A00F86544 /* SubReplyCell.xib in Resources */,
				77B78C251BFC230300FA7F69 /* NewsList.storyboard in Resources */,
				77DA00501C06DC2100741E6A /* DetailPictureView.xib in Resources */,
				77B02BD01C2F90F700E31517 /* ReadHeadView.xib in Resources */,
				77E37A511BF35DC5003E2F44 /* Media.storyboard in Resources */,
				77F2C3E51BF482FA000BB753 /* channels.plist in Resources */,
				7729B08A1C8C221E00F86544 /* ReplyCell.xib in Resources */,
				77E37A1E1BF35A04003E2F44 /* Main.storyboard in Resources */,
				774ADCB71C4B8C26002AF79B /* VideoListHeardView.xib in Resources */,
				7729B0911C8C5E5B00F86544 /* RecommendCell.xib in Resources */,
				77E37A4E1BF35D50003E2F44 /* Read.storyboard in Resources */,
				777C96AA1BF89DCF00519375 /* MJRefresh.bundle in Resources */,
				77E37A541BF35DFC003E2F44 /* Discover.storyboard in Resources */,
				77501B3C1BFA1968001B8F28 /* Details.css in Resources */,
				77DA00561C06DC2100741E6A /* WeatherView.xib in Resources */,
				774BFEB41C897BA900EC59F1 /* PlayerControlView.xib in Resources */,
				775DAE121C0558B60082BDB8 /* city.plist in Resources */,
				77FDB3171C1A590E00EC67BE /* ReplyHeardView.xib in Resources */,
				77DA00491C06DC2100741E6A /* SecondLaunchView.xib in Resources */,
				77E37A571BF35E2C003E2F44 /* Me.storyboard in Resources */,
				77E37A4B1BF35CC4003E2F44 /* News.storyboard in Resources */,
			);
			runOnlyForDeploymentPostprocessing = 0;
		};
		77E37A271BF35A04003E2F44 /* Resources */ = {
			isa = PBXResourcesBuildPhase;
			buildActionMask = 2147483647;
			files = (
			);
			runOnlyForDeploymentPostprocessing = 0;
		};
		77E37A321BF35A04003E2F44 /* Resources */ = {
			isa = PBXResourcesBuildPhase;
			buildActionMask = 2147483647;
			files = (
			);
			runOnlyForDeploymentPostprocessing = 0;
		};
/* End PBXResourcesBuildPhase section */

/* Begin PBXShellScriptBuildPhase section */
		35D4C576FC2832EBE0A259E4 /* Embed Pods Frameworks */ = {
			isa = PBXShellScriptBuildPhase;
			buildActionMask = 2147483647;
			files = (
			);
			inputPaths = (
			);
			name = "Embed Pods Frameworks";
			outputPaths = (
			);
			runOnlyForDeploymentPostprocessing = 0;
			shellPath = /bin/sh;
			shellScript = "\"${SRCROOT}/Pods/Target Support Files/Pods/Pods-frameworks.sh\"\n";
			showEnvVarsInLog = 0;
		};
		756BF005D7C13A85E525C6C0 /* Copy Pods Resources */ = {
			isa = PBXShellScriptBuildPhase;
			buildActionMask = 2147483647;
			files = (
			);
			inputPaths = (
			);
			name = "Copy Pods Resources";
			outputPaths = (
			);
			runOnlyForDeploymentPostprocessing = 0;
			shellPath = /bin/sh;
			shellScript = "\"${SRCROOT}/Pods/Target Support Files/Pods/Pods-resources.sh\"\n";
			showEnvVarsInLog = 0;
		};
		A188EE20785D2B82F2AC9960 /* Check Pods Manifest.lock */ = {
			isa = PBXShellScriptBuildPhase;
			buildActionMask = 2147483647;
			files = (
			);
			inputPaths = (
			);
			name = "Check Pods Manifest.lock";
			outputPaths = (
			);
			runOnlyForDeploymentPostprocessing = 0;
			shellPath = /bin/sh;
			shellScript = "diff \"${PODS_ROOT}/../Podfile.lock\" \"${PODS_ROOT}/Manifest.lock\" > /dev/null\nif [[ $? != 0 ]] ; then\n    cat << EOM\nerror: The sandbox is not in sync with the Podfile.lock. Run 'pod install' or update your CocoaPods installation.\nEOM\n    exit 1\nfi\n";
			showEnvVarsInLog = 0;
		};
/* End PBXShellScriptBuildPhase section */

/* Begin PBXSourcesBuildPhase section */
		77E37A111BF35A04003E2F44 /* Sources */ = {
			isa = PBXSourcesBuildPhase;
			buildActionMask = 2147483647;
			files = (
				77DA00531C06DC2100741E6A /* WeatherDetailController.swift in Sources */,
				77DA004F1C06DC2100741E6A /* DetailPictureView.swift in Sources */,
				77DA003A1C06DC2100741E6A /* NewsListContorller.swift in Sources */,
				774BFEB71C897BA900EC59F1 /* WLBasePlayerControlView.swift in Sources */,
				774BFEB91C897BA900EC59F1 /* WLVideoPlayerView.swift in Sources */,
				77E186EA1C23E84E0048132E /* SubReplyCell.swift in Sources */,
				77DA00511C06DC2100741E6A /* SpecialNewsHeardView.swift in Sources */,
				77256FF51C30D0C90052AD7F /* ReadThreePictureCell.swift in Sources */,
				777C969D1BF89DCF00519375 /* MJRefreshBackFooter.m in Sources */,
				777C969F1BF89DCF00519375 /* MJRefreshFooter.m in Sources */,
				774BFEB51C897BA900EC59F1 /* PlayerControlViewAuxiliary.swift in Sources */,
				77E37A671BF361DB003E2F44 /* AppDelegate.swift in Sources */,
				77DA00431C06DC2100741E6A /* ChannelLabel.swift in Sources */,
				777C96AB1BF89DCF00519375 /* MJRefreshConst.m in Sources */,
				77B02BCE1C2F90C300E31517 /* ReadHeadView.swift in Sources */,
				77DA004C1C06DC2100741E6A /* PictureNewsController.swift in Sources */,
				77DA003B1C06DC2100741E6A /* NewsModels.swift in Sources */,
				77DA003F1C06DC2100741E6A /* NormalNewsCell.swift in Sources */,
				770ECE6D1C19271900771232 /* UITableView+FDIndexPathHeightCache.m in Sources */,
				7729B08C1C8C4FD100F86544 /* MediaDetailController.swift in Sources */,
				777C96A71BF89DCF00519375 /* MJRefreshGifHeader.m in Sources */,
				77B02BCB1C2F847900E31517 /* ReadController.swift in Sources */,
				77256FF31C30D0B70052AD7F /* ReadNormalNewsCell.swift in Sources */,
				77DA00681C072F4600741E6A /* FMDatabase.m in Sources */,
				77DA004D1C06DC2100741E6A /* SpecialNewsController.swift in Sources */,
				77DA004A1C06DC2100741E6A /* DetaillNewsController.swift in Sources */,
				77DA00481C06DC2100741E6A /* SecondLaunchView.swift in Sources */,
				777C96AC1BF89DCF00519375 /* UIScrollView+MJExtension.m in Sources */,
				774ADCB01C4B7EBF002AF79B /* MediaModel.swift in Sources */,
				777C96A41BF89DCF00519375 /* MJRefreshBackGifFooter.m in Sources */,
				77DA00391C06DC2100741E6A /* NewsController.swift in Sources */,
				77DA00461C06DC2100741E6A /* CyclePictureView.swift in Sources */,
				77DA003E1C06DC2100741E6A /* NewsCell.swift in Sources */,
				770ECE6E1C19271900771232 /* UITableView+FDKeyedHeightCache.m in Sources */,
				777C96A11BF89DCF00519375 /* MJRefreshAutoGifFooter.m in Sources */,
				777C96A81BF89DCF00519375 /* MJRefreshNormalHeader.m in Sources */,
				77FDB3151C1A58FE00EC67BE /* ReplyHeardView.swift in Sources */,
				77DA003C1C06DC2100741E6A /* CellProvider.swift in Sources */,
				77CAD3D01C30059A0089DAB5 /* ReadModel.swift in Sources */,
				777C969E1BF89DCF00519375 /* MJRefreshComponent.m in Sources */,
				777C96AE1BF89DCF00519375 /* UIView+MJExtension.m in Sources */,
				77DA00471C06DC2100741E6A /* NewsContainerView.swift in Sources */,
				77DA00441C06DC2100741E6A /* AuxiliaryModels.swift in Sources */,
				77E37A691BF3650C003E2F44 /* TabBarExtension.swift in Sources */,
				777C969C1BF89DCF00519375 /* MJRefreshAutoFooter.m in Sources */,
				77DA00541C06DC2100741E6A /* WeatherInfoModel.swift in Sources */,
				77DA00421C06DC2100741E6A /* TopBigPictureCell.swift in Sources */,
				77DA00521C06DC2100741E6A /* CitySelectController.swift in Sources */,
				777C96A51BF89DCF00519375 /* MJRefreshBackNormalFooter.m in Sources */,
				77DA003D1C06DC2100741E6A /* BigPictureCell.swift in Sources */,
				77DA00401C06DC2100741E6A /* ScrollPictureCell.swift in Sources */,
				777C96A31BF89DCF00519375 /* MJRefreshAutoStateFooter.m in Sources */,
				7729B0931C8C5E7400F86544 /* RecommendCell.swift in Sources */,
				77DA00691C072F4600741E6A /* FMDatabaseAdditions.m in Sources */,
				777C96A91BF89DCF00519375 /* MJRefreshStateHeader.m in Sources */,
				77DA004B1C06DC2100741E6A /* ImportantNewsController.swift in Sources */,
				77256FF71C30D0D60052AD7F /* ReadBigPictureCell.swift in Sources */,
				77DA006A1C072F4600741E6A /* FMDatabasePool.m in Sources */,
				7729B08F1C8C58F900F86544 /* ReplyCellProvider.swift in Sources */,
				77DA006C1C072F4600741E6A /* FMResultSet.m in Sources */,
				777C96A21BF89DCF00519375 /* MJRefreshAutoNormalFooter.m in Sources */,
				774BFEB31C897BA900EC59F1 /* PlayerControlView.swift in Sources */,
				774ADCAD1C4B7D5C002AF79B /* MediaController.swift in Sources */,
				77DA00551C06DC2100741E6A /* WeatherView.swift in Sources */,
				77DA00411C06DC2100741E6A /* ThreePictureCell.swift in Sources */,
				770ECE6F1C19271900771232 /* UITableView+FDTemplateLayoutCell.m in Sources */,
				77DA00701C072F9200741E6A /* LocalDataTool.swift in Sources */,
				77DA004E1C06DC2100741E6A /* NewsDetailModels.swift in Sources */,
				772A3CBE1C12CED80048E4C6 /* ReplyController.swift in Sources */,
				77DA006B1C072F4600741E6A /* FMDatabaseQueue.m in Sources */,
				777C96A01BF89DCF00519375 /* MJRefreshHeader.m in Sources */,
				77E37A861BF3835F003E2F44 /* DataTool.swift in Sources */,
				774ADCB31C4B8B1D002AF79B /* VideoCell.swift in Sources */,
				774BFEB81C897BA900EC59F1 /* WLPlayerHandler.swift in Sources */,
				77DA00451C06DC2100741E6A /* CyclePictureCell.swift in Sources */,
				7717E3301C186573002FE7CE /* ReplyCell.swift in Sources */,
				777C96A61BF89DCF00519375 /* MJRefreshBackStateFooter.m in Sources */,
				777C96AD1BF89DCF00519375 /* UIScrollView+MJRefresh.m in Sources */,
				774ADCB51C4B8C1C002AF79B /* VideoListHeardView.swift in Sources */,
				77E37A6B1BF36B38003E2F44 /* NavgationBarExtension.swift in Sources */,
				770ECE701C19271900771232 /* UITableView+FDTemplateLayoutCellDebug.m in Sources */,
			);
			runOnlyForDeploymentPostprocessing = 0;
		};
		77E37A251BF35A04003E2F44 /* Sources */ = {
			isa = PBXSourcesBuildPhase;
			buildActionMask = 2147483647;
			files = (
				77E37A2E1BF35A04003E2F44 /* ____Tests.swift in Sources */,
			);
			runOnlyForDeploymentPostprocessing = 0;
		};
		77E37A301BF35A04003E2F44 /* Sources */ = {
			isa = PBXSourcesBuildPhase;
			buildActionMask = 2147483647;
			files = (
				77E37A391BF35A04003E2F44 /* ____UITests.swift in Sources */,
			);
			runOnlyForDeploymentPostprocessing = 0;
		};
/* End PBXSourcesBuildPhase section */

/* Begin PBXTargetDependency section */
		77E37A2B1BF35A04003E2F44 /* PBXTargetDependency */ = {
			isa = PBXTargetDependency;
			target = 77E37A141BF35A04003E2F44 /* 网易新闻 */;
			targetProxy = 77E37A2A1BF35A04003E2F44 /* PBXContainerItemProxy */;
		};
		77E37A361BF35A04003E2F44 /* PBXTargetDependency */ = {
			isa = PBXTargetDependency;
			target = 77E37A141BF35A04003E2F44 /* 网易新闻 */;
			targetProxy = 77E37A351BF35A04003E2F44 /* PBXContainerItemProxy */;
		};
/* End PBXTargetDependency section */

/* Begin PBXVariantGroup section */
		77B78C231BFC230300FA7F69 /* NewsList.storyboard */ = {
			isa = PBXVariantGroup;
			children = (
				77B78C241BFC230300FA7F69 /* Base */,
			);
			name = NewsList.storyboard;
			sourceTree = "<group>";
		};
		77E37A1C1BF35A04003E2F44 /* Main.storyboard */ = {
			isa = PBXVariantGroup;
			children = (
				77E37A1D1BF35A04003E2F44 /* Base */,
			);
			name = Main.storyboard;
			path = ../..;
			sourceTree = "<group>";
		};
		77E37A211BF35A04003E2F44 /* LaunchScreen.storyboard */ = {
			isa = PBXVariantGroup;
			children = (
				77E37A221BF35A04003E2F44 /* Base */,
			);
			name = LaunchScreen.storyboard;
			sourceTree = "<group>";
		};
		77E37A491BF35CC4003E2F44 /* News.storyboard */ = {
			isa = PBXVariantGroup;
			children = (
				77E37A4A1BF35CC4003E2F44 /* Base */,
			);
			name = News.storyboard;
			path = ../..;
			sourceTree = "<group>";
		};
		77E37A4C1BF35D50003E2F44 /* Read.storyboard */ = {
			isa = PBXVariantGroup;
			children = (
				77E37A4D1BF35D50003E2F44 /* Base */,
			);
			name = Read.storyboard;
			path = ../..;
			sourceTree = "<group>";
		};
		77E37A4F1BF35DC5003E2F44 /* Media.storyboard */ = {
			isa = PBXVariantGroup;
			children = (
				77E37A501BF35DC5003E2F44 /* Base */,
			);
			name = Media.storyboard;
			path = ../..;
			sourceTree = "<group>";
		};
		77E37A521BF35DFC003E2F44 /* Discover.storyboard */ = {
			isa = PBXVariantGroup;
			children = (
				77E37A531BF35DFC003E2F44 /* Base */,
			);
			name = Discover.storyboard;
			path = ../..;
			sourceTree = "<group>";
		};
		77E37A551BF35E2C003E2F44 /* Me.storyboard */ = {
			isa = PBXVariantGroup;
			children = (
				77E37A561BF35E2C003E2F44 /* Base */,
			);
			name = Me.storyboard;
			path = ../..;
			sourceTree = "<group>";
		};
/* End PBXVariantGroup section */

/* Begin XCBuildConfiguration section */
		77E37A3B1BF35A04003E2F44 /* Debug */ = {
			isa = XCBuildConfiguration;
			buildSettings = {
				ALWAYS_SEARCH_USER_PATHS = NO;
				CLANG_CXX_LANGUAGE_STANDARD = "gnu++0x";
				CLANG_CXX_LIBRARY = "libc++";
				CLANG_ENABLE_MODULES = YES;
				CLANG_ENABLE_OBJC_ARC = YES;
				CLANG_WARN_BOOL_CONVERSION = YES;
				CLANG_WARN_CONSTANT_CONVERSION = YES;
				CLANG_WARN_DIRECT_OBJC_ISA_USAGE = YES_ERROR;
				CLANG_WARN_EMPTY_BODY = YES;
				CLANG_WARN_ENUM_CONVERSION = YES;
				CLANG_WARN_INT_CONVERSION = YES;
				CLANG_WARN_OBJC_ROOT_CLASS = YES_ERROR;
				CLANG_WARN_UNREACHABLE_CODE = YES;
				CLANG_WARN__DUPLICATE_METHOD_MATCH = YES;
				"CODE_SIGN_IDENTITY[sdk=iphoneos*]" = "iPhone Developer";
				COPY_PHASE_STRIP = NO;
				DEBUG_INFORMATION_FORMAT = dwarf;
				ENABLE_STRICT_OBJC_MSGSEND = YES;
				ENABLE_TESTABILITY = YES;
				GCC_C_LANGUAGE_STANDARD = gnu99;
				GCC_DYNAMIC_NO_PIC = NO;
				GCC_NO_COMMON_BLOCKS = YES;
				GCC_OPTIMIZATION_LEVEL = 0;
				GCC_PREPROCESSOR_DEFINITIONS = (
					"DEBUG=1",
					"$(inherited)",
				);
				GCC_WARN_64_TO_32_BIT_CONVERSION = YES;
				GCC_WARN_ABOUT_RETURN_TYPE = YES_ERROR;
				GCC_WARN_UNDECLARED_SELECTOR = YES;
				GCC_WARN_UNINITIALIZED_AUTOS = YES_AGGRESSIVE;
				GCC_WARN_UNUSED_FUNCTION = YES;
				GCC_WARN_UNUSED_VARIABLE = YES;
				IPHONEOS_DEPLOYMENT_TARGET = 9.0;
				MTL_ENABLE_DEBUG_INFO = YES;
				ONLY_ACTIVE_ARCH = YES;
				SDKROOT = iphoneos;
				SWIFT_OPTIMIZATION_LEVEL = "-Onone";
			};
			name = Debug;
		};
		77E37A3C1BF35A04003E2F44 /* Release */ = {
			isa = XCBuildConfiguration;
			buildSettings = {
				ALWAYS_SEARCH_USER_PATHS = NO;
				CLANG_CXX_LANGUAGE_STANDARD = "gnu++0x";
				CLANG_CXX_LIBRARY = "libc++";
				CLANG_ENABLE_MODULES = YES;
				CLANG_ENABLE_OBJC_ARC = YES;
				CLANG_WARN_BOOL_CONVERSION = YES;
				CLANG_WARN_CONSTANT_CONVERSION = YES;
				CLANG_WARN_DIRECT_OBJC_ISA_USAGE = YES_ERROR;
				CLANG_WARN_EMPTY_BODY = YES;
				CLANG_WARN_ENUM_CONVERSION = YES;
				CLANG_WARN_INT_CONVERSION = YES;
				CLANG_WARN_OBJC_ROOT_CLASS = YES_ERROR;
				CLANG_WARN_UNREACHABLE_CODE = YES;
				CLANG_WARN__DUPLICATE_METHOD_MATCH = YES;
				"CODE_SIGN_IDENTITY[sdk=iphoneos*]" = "iPhone Developer";
				COPY_PHASE_STRIP = NO;
				DEBUG_INFORMATION_FORMAT = "dwarf-with-dsym";
				ENABLE_NS_ASSERTIONS = NO;
				ENABLE_STRICT_OBJC_MSGSEND = YES;
				GCC_C_LANGUAGE_STANDARD = gnu99;
				GCC_NO_COMMON_BLOCKS = YES;
				GCC_WARN_64_TO_32_BIT_CONVERSION = YES;
				GCC_WARN_ABOUT_RETURN_TYPE = YES_ERROR;
				GCC_WARN_UNDECLARED_SELECTOR = YES;
				GCC_WARN_UNINITIALIZED_AUTOS = YES_AGGRESSIVE;
				GCC_WARN_UNUSED_FUNCTION = YES;
				GCC_WARN_UNUSED_VARIABLE = YES;
				IPHONEOS_DEPLOYMENT_TARGET = 9.0;
				MTL_ENABLE_DEBUG_INFO = NO;
				SDKROOT = iphoneos;
				VALIDATE_PRODUCT = YES;
			};
			name = Release;
		};
		77E37A3E1BF35A04003E2F44 /* Debug */ = {
			isa = XCBuildConfiguration;
			baseConfigurationReference = 775C216BA8EC4AA967E13C66 /* Pods.debug.xcconfig */;
			buildSettings = {
				ASSETCATALOG_COMPILER_APPICON_NAME = AppIcon;
				CLANG_ENABLE_MODULES = YES;
				INFOPLIST_FILE = "网易新闻/Info.plist";
				LD_RUNPATH_SEARCH_PATHS = "$(inherited) @executable_path/Frameworks";
				PRODUCT_BUNDLE_IDENTIFIER = "lyedu.cn.----";
				PRODUCT_NAME = "$(TARGET_NAME)";
				SWIFT_OBJC_BRIDGING_HEADER = "网易新闻/Classes/Common/Other/网易新闻-Bridging-Header.h";
				SWIFT_OPTIMIZATION_LEVEL = "-Onone";
			};
			name = Debug;
		};
		77E37A3F1BF35A04003E2F44 /* Release */ = {
			isa = XCBuildConfiguration;
			baseConfigurationReference = 9CE2551E5C85473B88B38E76 /* Pods.release.xcconfig */;
			buildSettings = {
				ASSETCATALOG_COMPILER_APPICON_NAME = AppIcon;
				CLANG_ENABLE_MODULES = YES;
				INFOPLIST_FILE = "网易新闻/Info.plist";
				LD_RUNPATH_SEARCH_PATHS = "$(inherited) @executable_path/Frameworks";
				PRODUCT_BUNDLE_IDENTIFIER = "lyedu.cn.----";
				PRODUCT_NAME = "$(TARGET_NAME)";
				SWIFT_OBJC_BRIDGING_HEADER = "网易新闻/Classes/Common/Other/网易新闻-Bridging-Header.h";
			};
			name = Release;
		};
		77E37A411BF35A04003E2F44 /* Debug */ = {
			isa = XCBuildConfiguration;
			buildSettings = {
				BUNDLE_LOADER = "$(TEST_HOST)";
				INFOPLIST_FILE = "网易新闻Tests/Info.plist";
				LD_RUNPATH_SEARCH_PATHS = "$(inherited) @executable_path/Frameworks @loader_path/Frameworks";
				PRODUCT_BUNDLE_IDENTIFIER = "lyedu.cn.----Tests";
				PRODUCT_NAME = "$(TARGET_NAME)";
				TEST_HOST = "$(BUILT_PRODUCTS_DIR)/网易新闻.app/网易新闻";
			};
			name = Debug;
		};
		77E37A421BF35A04003E2F44 /* Release */ = {
			isa = XCBuildConfiguration;
			buildSettings = {
				BUNDLE_LOADER = "$(TEST_HOST)";
				INFOPLIST_FILE = "网易新闻Tests/Info.plist";
				LD_RUNPATH_SEARCH_PATHS = "$(inherited) @executable_path/Frameworks @loader_path/Frameworks";
				PRODUCT_BUNDLE_IDENTIFIER = "lyedu.cn.----Tests";
				PRODUCT_NAME = "$(TARGET_NAME)";
				TEST_HOST = "$(BUILT_PRODUCTS_DIR)/网易新闻.app/网易新闻";
			};
			name = Release;
		};
		77E37A441BF35A04003E2F44 /* Debug */ = {
			isa = XCBuildConfiguration;
			buildSettings = {
				INFOPLIST_FILE = "网易新闻UITests/Info.plist";
				LD_RUNPATH_SEARCH_PATHS = "$(inherited) @executable_path/Frameworks @loader_path/Frameworks";
				PRODUCT_BUNDLE_IDENTIFIER = "lyedu.cn.----UITests";
				PRODUCT_NAME = "$(TARGET_NAME)";
				TEST_TARGET_NAME = "网易新闻";
				USES_XCTRUNNER = YES;
			};
			name = Debug;
		};
		77E37A451BF35A04003E2F44 /* Release */ = {
			isa = XCBuildConfiguration;
			buildSettings = {
				INFOPLIST_FILE = "网易新闻UITests/Info.plist";
				LD_RUNPATH_SEARCH_PATHS = "$(inherited) @executable_path/Frameworks @loader_path/Frameworks";
				PRODUCT_BUNDLE_IDENTIFIER = "lyedu.cn.----UITests";
				PRODUCT_NAME = "$(TARGET_NAME)";
				TEST_TARGET_NAME = "网易新闻";
				USES_XCTRUNNER = YES;
			};
			name = Release;
		};
/* End XCBuildConfiguration section */

/* Begin XCConfigurationList section */
		77E37A101BF35A04003E2F44 /* Build configuration list for PBXProject "网易新闻" */ = {
			isa = XCConfigurationList;
			buildConfigurations = (
				77E37A3B1BF35A04003E2F44 /* Debug */,
				77E37A3C1BF35A04003E2F44 /* Release */,
			);
			defaultConfigurationIsVisible = 0;
			defaultConfigurationName = Release;
		};
		77E37A3D1BF35A04003E2F44 /* Build configuration list for PBXNativeTarget "网易新闻" */ = {
			isa = XCConfigurationList;
			buildConfigurations = (
				77E37A3E1BF35A04003E2F44 /* Debug */,
				77E37A3F1BF35A04003E2F44 /* Release */,
			);
			defaultConfigurationIsVisible = 0;
			defaultConfigurationName = Release;
		};
		77E37A401BF35A04003E2F44 /* Build configuration list for PBXNativeTarget "网易新闻Tests" */ = {
			isa = XCConfigurationList;
			buildConfigurations = (
				77E37A411BF35A04003E2F44 /* Debug */,
				77E37A421BF35A04003E2F44 /* Release */,
			);
			defaultConfigurationIsVisible = 0;
			defaultConfigurationName = Release;
		};
		77E37A431BF35A04003E2F44 /* Build configuration list for PBXNativeTarget "网易新闻UITests" */ = {
			isa = XCConfigurationList;
			buildConfigurations = (
				77E37A441BF35A04003E2F44 /* Debug */,
				77E37A451BF35A04003E2F44 /* Release */,
			);
			defaultConfigurationIsVisible = 0;
			defaultConfigurationName = Release;
		};
/* End XCConfigurationList section */
	};
	rootObject = 77E37A0D1BF35A04003E2F44 /* Project object */;
}
